{
  "version": 4,
  "terraform_version": "1.9.8",
  "serial": 281,
  "lineage": "e9f0c206-42b2-59e5-36eb-deed069b61c5",
  "outputs": {},
  "resources": [
    {
      "mode": "data",
      "type": "aws_caller_identity",
      "name": "current",
      "provider": "provider[\"registry.terraform.io/hashicorp/aws\"]",
      "instances": [
        {
          "schema_version": 0,
          "attributes": {
            "account_id": "830921269517",
            "arn": "arn:aws:iam::830921269517:user/admin",
            "id": "830921269517",
            "user_id": "AIDA4C5WEMEGR3VXGTKHV"
          },
          "sensitive_attributes": []
        }
      ]
    },
    {
      "module": "module.s3_bucket[\"mlflow-artifact-store-830921269517\"]",
      "mode": "data",
      "type": "aws_caller_identity",
      "name": "current",
      "provider": "provider[\"registry.terraform.io/hashicorp/aws\"]",
      "instances": [
        {
          "schema_version": 0,
          "attributes": {
            "account_id": "830921269517",
            "arn": "arn:aws:iam::830921269517:user/admin",
            "id": "830921269517",
            "user_id": "AIDA4C5WEMEGR3VXGTKHV"
          },
          "sensitive_attributes": []
        }
      ]
    },
    {
      "module": "module.s3_bucket[\"mlflow-artifact-store-830921269517\"]",
      "mode": "data",
      "type": "aws_canonical_user_id",
      "name": "this",
      "provider": "provider[\"registry.terraform.io/hashicorp/aws\"]",
      "instances": [
        {
          "index_key": 0,
          "schema_version": 0,
          "attributes": {
            "display_name": "nestor.sag",
            "id": "787afcea2d26c65caa9c5b7d8ce01a5f8c41489721d08f93b79645270735568e"
          },
          "sensitive_attributes": []
        }
      ]
    },
    {
      "module": "module.s3_bucket[\"mlflow-artifact-store-830921269517\"]",
      "mode": "data",
      "type": "aws_partition",
      "name": "current",
      "provider": "provider[\"registry.terraform.io/hashicorp/aws\"]",
      "instances": [
        {
          "schema_version": 0,
          "attributes": {
            "dns_suffix": "amazonaws.com",
            "id": "aws",
            "partition": "aws",
            "reverse_dns_prefix": "com.amazonaws"
          },
          "sensitive_attributes": []
        }
      ]
    },
    {
      "module": "module.s3_bucket[\"mlflow-artifact-store-830921269517\"]",
      "mode": "data",
      "type": "aws_region",
      "name": "current",
      "provider": "provider[\"registry.terraform.io/hashicorp/aws\"]",
      "instances": [
        {
          "schema_version": 0,
          "attributes": {
            "description": "US East (N. Virginia)",
            "endpoint": "ec2.us-east-1.amazonaws.com",
            "id": "us-east-1",
            "name": "us-east-1"
          },
          "sensitive_attributes": []
        }
      ]
    },
    {
      "module": "module.s3_bucket[\"mlflow-artifact-store-830921269517\"]",
      "mode": "managed",
      "type": "aws_s3_bucket",
      "name": "this",
      "provider": "provider[\"registry.terraform.io/hashicorp/aws\"]",
      "instances": [
        {
          "index_key": 0,
          "schema_version": 0,
          "attributes": {
            "acceleration_status": "",
            "acl": null,
            "arn": "arn:aws:s3:::mlflow-artifact-store-830921269517",
            "bucket": "mlflow-artifact-store-830921269517",
            "bucket_domain_name": "mlflow-artifact-store-830921269517.s3.amazonaws.com",
            "bucket_prefix": "",
            "bucket_regional_domain_name": "mlflow-artifact-store-830921269517.s3.us-east-1.amazonaws.com",
            "cors_rule": [],
            "force_destroy": false,
            "grant": [
              {
                "id": "787afcea2d26c65caa9c5b7d8ce01a5f8c41489721d08f93b79645270735568e",
                "permissions": [
                  "FULL_CONTROL"
                ],
                "type": "CanonicalUser",
                "uri": ""
              }
            ],
            "hosted_zone_id": "Z3AQBSTGFYJSTF",
            "id": "mlflow-artifact-store-830921269517",
            "lifecycle_rule": [],
            "logging": [],
            "object_lock_configuration": [],
            "object_lock_enabled": false,
            "policy": "",
            "region": "us-east-1",
            "replication_configuration": [],
            "request_payer": "BucketOwner",
            "server_side_encryption_configuration": [
              {
                "rule": [
                  {
                    "apply_server_side_encryption_by_default": [
                      {
                        "kms_master_key_id": "",
                        "sse_algorithm": "AES256"
                      }
                    ],
                    "bucket_key_enabled": false
                  }
                ]
              }
            ],
            "tags": null,
            "tags_all": {
              "Environment": "prod",
              "Project": "mlops-platform"
            },
            "timeouts": null,
            "versioning": [
              {
                "enabled": false,
                "mfa_delete": false
              }
            ],
            "website": [],
            "website_domain": null,
            "website_endpoint": null
          },
          "sensitive_attributes": [],
          "private": "eyJlMmJmYjczMC1lY2FhLTExZTYtOGY4OC0zNDM2M2JjN2M0YzAiOnsiY3JlYXRlIjoxMjAwMDAwMDAwMDAwLCJkZWxldGUiOjM2MDAwMDAwMDAwMDAsInJlYWQiOjEyMDAwMDAwMDAwMDAsInVwZGF0ZSI6MTIwMDAwMDAwMDAwMH19",
          "dependencies": [
            "data.aws_caller_identity.current"
          ]
        }
      ]
    },
    {
      "module": "module.s3_bucket[\"mlflow-artifact-store-830921269517\"]",
      "mode": "managed",
      "type": "aws_s3_bucket_acl",
      "name": "this",
      "provider": "provider[\"registry.terraform.io/hashicorp/aws\"]",
      "instances": [
        {
          "index_key": 0,
          "schema_version": 0,
          "attributes": {
            "access_control_policy": [
              {
                "grant": [
                  {
                    "grantee": [
                      {
                        "display_name": "nestor.sag",
                        "email_address": "",
                        "id": "787afcea2d26c65caa9c5b7d8ce01a5f8c41489721d08f93b79645270735568e",
                        "type": "CanonicalUser",
                        "uri": ""
                      }
                    ],
                    "permission": "FULL_CONTROL"
                  }
                ],
                "owner": [
                  {
                    "display_name": "nestor.sag",
                    "id": "787afcea2d26c65caa9c5b7d8ce01a5f8c41489721d08f93b79645270735568e"
                  }
                ]
              }
            ],
            "acl": "private",
            "bucket": "mlflow-artifact-store-830921269517",
            "expected_bucket_owner": "",
            "id": "mlflow-artifact-store-830921269517,private"
          },
          "sensitive_attributes": [],
          "private": "bnVsbA==",
          "dependencies": [
            "data.aws_caller_identity.current",
            "module.s3_bucket.aws_s3_bucket.this",
            "module.s3_bucket.aws_s3_bucket_ownership_controls.this",
            "module.s3_bucket.aws_s3_bucket_policy.this",
            "module.s3_bucket.aws_s3_bucket_public_access_block.this",
            "module.s3_bucket.data.aws_caller_identity.current",
            "module.s3_bucket.data.aws_canonical_user_id.this",
            "module.s3_bucket.data.aws_iam_policy_document.access_log_delivery",
            "module.s3_bucket.data.aws_iam_policy_document.combined",
            "module.s3_bucket.data.aws_iam_policy_document.deny_incorrect_encryption_headers",
            "module.s3_bucket.data.aws_iam_policy_document.deny_incorrect_kms_key_sse",
            "module.s3_bucket.data.aws_iam_policy_document.deny_insecure_transport",
            "module.s3_bucket.data.aws_iam_policy_document.deny_unencrypted_object_uploads",
            "module.s3_bucket.data.aws_iam_policy_document.elb_log_delivery",
            "module.s3_bucket.data.aws_iam_policy_document.inventory_and_analytics_destination_policy",
            "module.s3_bucket.data.aws_iam_policy_document.lb_log_delivery",
            "module.s3_bucket.data.aws_iam_policy_document.require_latest_tls",
            "module.s3_bucket.data.aws_partition.current",
            "module.s3_bucket.data.aws_region.current"
          ]
        }
      ]
    },
    {
      "module": "module.s3_bucket[\"mlflow-artifact-store-830921269517\"]",
      "mode": "managed",
      "type": "aws_s3_bucket_ownership_controls",
      "name": "this",
      "provider": "provider[\"registry.terraform.io/hashicorp/aws\"]",
      "instances": [
        {
          "index_key": 0,
          "schema_version": 0,
          "attributes": {
            "bucket": "mlflow-artifact-store-830921269517",
            "id": "mlflow-artifact-store-830921269517",
            "rule": [
              {
                "object_ownership": "ObjectWriter"
              }
            ]
          },
          "sensitive_attributes": [],
          "private": "bnVsbA==",
          "dependencies": [
            "data.aws_caller_identity.current",
            "module.s3_bucket.aws_s3_bucket.this",
            "module.s3_bucket.aws_s3_bucket_policy.this",
            "module.s3_bucket.aws_s3_bucket_public_access_block.this",
            "module.s3_bucket.data.aws_caller_identity.current",
            "module.s3_bucket.data.aws_iam_policy_document.access_log_delivery",
            "module.s3_bucket.data.aws_iam_policy_document.combined",
            "module.s3_bucket.data.aws_iam_policy_document.deny_incorrect_encryption_headers",
            "module.s3_bucket.data.aws_iam_policy_document.deny_incorrect_kms_key_sse",
            "module.s3_bucket.data.aws_iam_policy_document.deny_insecure_transport",
            "module.s3_bucket.data.aws_iam_policy_document.deny_unencrypted_object_uploads",
            "module.s3_bucket.data.aws_iam_policy_document.elb_log_delivery",
            "module.s3_bucket.data.aws_iam_policy_document.inventory_and_analytics_destination_policy",
            "module.s3_bucket.data.aws_iam_policy_document.lb_log_delivery",
            "module.s3_bucket.data.aws_iam_policy_document.require_latest_tls",
            "module.s3_bucket.data.aws_partition.current",
            "module.s3_bucket.data.aws_region.current"
          ]
        }
      ]
    },
    {
      "module": "module.s3_bucket[\"mlflow-artifact-store-830921269517\"]",
      "mode": "managed",
      "type": "aws_s3_bucket_public_access_block",
      "name": "this",
      "provider": "provider[\"registry.terraform.io/hashicorp/aws\"]",
      "instances": [
        {
          "index_key": 0,
          "schema_version": 0,
          "attributes": {
            "block_public_acls": true,
            "block_public_policy": true,
            "bucket": "mlflow-artifact-store-830921269517",
            "id": "mlflow-artifact-store-830921269517",
            "ignore_public_acls": true,
            "restrict_public_buckets": true
          },
          "sensitive_attributes": [],
          "private": "bnVsbA==",
          "dependencies": [
            "data.aws_caller_identity.current",
            "module.s3_bucket.aws_s3_bucket.this"
          ]
        }
      ]
    },
    {
      "module": "module.s3_bucket[\"mlflow-artifact-store-830921269517\"]",
      "mode": "managed",
      "type": "aws_s3_bucket_versioning",
      "name": "this",
      "provider": "provider[\"registry.terraform.io/hashicorp/aws\"]",
      "instances": [
        {
          "index_key": 0,
          "schema_version": 0,
          "attributes": {
            "bucket": "mlflow-artifact-store-830921269517",
            "expected_bucket_owner": "",
            "id": "mlflow-artifact-store-830921269517",
            "mfa": null,
            "versioning_configuration": [
              {
                "mfa_delete": "",
                "status": "Suspended"
              }
            ]
          },
          "sensitive_attributes": [],
          "private": "bnVsbA==",
          "dependencies": [
            "data.aws_caller_identity.current",
            "module.s3_bucket.aws_s3_bucket.this"
          ]
        }
      ]
    },
    {
      "module": "module.s3_bucket[\"sagemaker-endpoints-store-830921269517\"]",
      "mode": "data",
      "type": "aws_caller_identity",
      "name": "current",
      "provider": "provider[\"registry.terraform.io/hashicorp/aws\"]",
      "instances": [
        {
          "schema_version": 0,
          "attributes": {
            "account_id": "830921269517",
            "arn": "arn:aws:iam::830921269517:user/admin",
            "id": "830921269517",
            "user_id": "AIDA4C5WEMEGR3VXGTKHV"
          },
          "sensitive_attributes": []
        }
      ]
    },
    {
      "module": "module.s3_bucket[\"sagemaker-endpoints-store-830921269517\"]",
      "mode": "data",
      "type": "aws_canonical_user_id",
      "name": "this",
      "provider": "provider[\"registry.terraform.io/hashicorp/aws\"]",
      "instances": [
        {
          "index_key": 0,
          "schema_version": 0,
          "attributes": {
            "display_name": "nestor.sag",
            "id": "787afcea2d26c65caa9c5b7d8ce01a5f8c41489721d08f93b79645270735568e"
          },
          "sensitive_attributes": []
        }
      ]
    },
    {
      "module": "module.s3_bucket[\"sagemaker-endpoints-store-830921269517\"]",
      "mode": "data",
      "type": "aws_partition",
      "name": "current",
      "provider": "provider[\"registry.terraform.io/hashicorp/aws\"]",
      "instances": [
        {
          "schema_version": 0,
          "attributes": {
            "dns_suffix": "amazonaws.com",
            "id": "aws",
            "partition": "aws",
            "reverse_dns_prefix": "com.amazonaws"
          },
          "sensitive_attributes": []
        }
      ]
    },
    {
      "module": "module.s3_bucket[\"sagemaker-endpoints-store-830921269517\"]",
      "mode": "data",
      "type": "aws_region",
      "name": "current",
      "provider": "provider[\"registry.terraform.io/hashicorp/aws\"]",
      "instances": [
        {
          "schema_version": 0,
          "attributes": {
            "description": "US East (N. Virginia)",
            "endpoint": "ec2.us-east-1.amazonaws.com",
            "id": "us-east-1",
            "name": "us-east-1"
          },
          "sensitive_attributes": []
        }
      ]
    },
    {
      "module": "module.s3_bucket[\"sagemaker-endpoints-store-830921269517\"]",
      "mode": "managed",
      "type": "aws_s3_bucket",
      "name": "this",
      "provider": "provider[\"registry.terraform.io/hashicorp/aws\"]",
      "instances": [
        {
          "index_key": 0,
          "schema_version": 0,
          "attributes": {
            "acceleration_status": "",
            "acl": null,
            "arn": "arn:aws:s3:::sagemaker-endpoints-store-830921269517",
            "bucket": "sagemaker-endpoints-store-830921269517",
            "bucket_domain_name": "sagemaker-endpoints-store-830921269517.s3.amazonaws.com",
            "bucket_prefix": "",
            "bucket_regional_domain_name": "sagemaker-endpoints-store-830921269517.s3.us-east-1.amazonaws.com",
            "cors_rule": [],
            "force_destroy": false,
            "grant": [
              {
                "id": "787afcea2d26c65caa9c5b7d8ce01a5f8c41489721d08f93b79645270735568e",
                "permissions": [
                  "FULL_CONTROL"
                ],
                "type": "CanonicalUser",
                "uri": ""
              }
            ],
            "hosted_zone_id": "Z3AQBSTGFYJSTF",
            "id": "sagemaker-endpoints-store-830921269517",
            "lifecycle_rule": [],
            "logging": [],
            "object_lock_configuration": [],
            "object_lock_enabled": false,
            "policy": "",
            "region": "us-east-1",
            "replication_configuration": [],
            "request_payer": "BucketOwner",
            "server_side_encryption_configuration": [
              {
                "rule": [
                  {
                    "apply_server_side_encryption_by_default": [
                      {
                        "kms_master_key_id": "",
                        "sse_algorithm": "AES256"
                      }
                    ],
                    "bucket_key_enabled": false
                  }
                ]
              }
            ],
            "tags": null,
            "tags_all": {
              "Environment": "prod",
              "Project": "mlops-platform"
            },
            "timeouts": null,
            "versioning": [
              {
                "enabled": false,
                "mfa_delete": false
              }
            ],
            "website": [],
            "website_domain": null,
            "website_endpoint": null
          },
          "sensitive_attributes": [],
          "private": "eyJlMmJmYjczMC1lY2FhLTExZTYtOGY4OC0zNDM2M2JjN2M0YzAiOnsiY3JlYXRlIjoxMjAwMDAwMDAwMDAwLCJkZWxldGUiOjM2MDAwMDAwMDAwMDAsInJlYWQiOjEyMDAwMDAwMDAwMDAsInVwZGF0ZSI6MTIwMDAwMDAwMDAwMH19",
          "dependencies": [
            "data.aws_caller_identity.current"
          ]
        }
      ]
    },
    {
      "module": "module.s3_bucket[\"sagemaker-endpoints-store-830921269517\"]",
      "mode": "managed",
      "type": "aws_s3_bucket_acl",
      "name": "this",
      "provider": "provider[\"registry.terraform.io/hashicorp/aws\"]",
      "instances": [
        {
          "index_key": 0,
          "schema_version": 0,
          "attributes": {
            "access_control_policy": [
              {
                "grant": [
                  {
                    "grantee": [
                      {
                        "display_name": "nestor.sag",
                        "email_address": "",
                        "id": "787afcea2d26c65caa9c5b7d8ce01a5f8c41489721d08f93b79645270735568e",
                        "type": "CanonicalUser",
                        "uri": ""
                      }
                    ],
                    "permission": "FULL_CONTROL"
                  }
                ],
                "owner": [
                  {
                    "display_name": "nestor.sag",
                    "id": "787afcea2d26c65caa9c5b7d8ce01a5f8c41489721d08f93b79645270735568e"
                  }
                ]
              }
            ],
            "acl": "private",
            "bucket": "sagemaker-endpoints-store-830921269517",
            "expected_bucket_owner": "",
            "id": "sagemaker-endpoints-store-830921269517,private"
          },
          "sensitive_attributes": [],
          "private": "bnVsbA==",
          "dependencies": [
            "data.aws_caller_identity.current",
            "module.s3_bucket.aws_s3_bucket.this",
            "module.s3_bucket.aws_s3_bucket_ownership_controls.this",
            "module.s3_bucket.aws_s3_bucket_policy.this",
            "module.s3_bucket.aws_s3_bucket_public_access_block.this",
            "module.s3_bucket.data.aws_caller_identity.current",
            "module.s3_bucket.data.aws_canonical_user_id.this",
            "module.s3_bucket.data.aws_iam_policy_document.access_log_delivery",
            "module.s3_bucket.data.aws_iam_policy_document.combined",
            "module.s3_bucket.data.aws_iam_policy_document.deny_incorrect_encryption_headers",
            "module.s3_bucket.data.aws_iam_policy_document.deny_incorrect_kms_key_sse",
            "module.s3_bucket.data.aws_iam_policy_document.deny_insecure_transport",
            "module.s3_bucket.data.aws_iam_policy_document.deny_unencrypted_object_uploads",
            "module.s3_bucket.data.aws_iam_policy_document.elb_log_delivery",
            "module.s3_bucket.data.aws_iam_policy_document.inventory_and_analytics_destination_policy",
            "module.s3_bucket.data.aws_iam_policy_document.lb_log_delivery",
            "module.s3_bucket.data.aws_iam_policy_document.require_latest_tls",
            "module.s3_bucket.data.aws_partition.current",
            "module.s3_bucket.data.aws_region.current"
          ]
        }
      ]
    },
    {
      "module": "module.s3_bucket[\"sagemaker-endpoints-store-830921269517\"]",
      "mode": "managed",
      "type": "aws_s3_bucket_ownership_controls",
      "name": "this",
      "provider": "provider[\"registry.terraform.io/hashicorp/aws\"]",
      "instances": [
        {
          "index_key": 0,
          "schema_version": 0,
          "attributes": {
            "bucket": "sagemaker-endpoints-store-830921269517",
            "id": "sagemaker-endpoints-store-830921269517",
            "rule": [
              {
                "object_ownership": "ObjectWriter"
              }
            ]
          },
          "sensitive_attributes": [],
          "private": "bnVsbA==",
          "dependencies": [
            "data.aws_caller_identity.current",
            "module.s3_bucket.aws_s3_bucket.this",
            "module.s3_bucket.aws_s3_bucket_policy.this",
            "module.s3_bucket.aws_s3_bucket_public_access_block.this",
            "module.s3_bucket.data.aws_caller_identity.current",
            "module.s3_bucket.data.aws_iam_policy_document.access_log_delivery",
            "module.s3_bucket.data.aws_iam_policy_document.combined",
            "module.s3_bucket.data.aws_iam_policy_document.deny_incorrect_encryption_headers",
            "module.s3_bucket.data.aws_iam_policy_document.deny_incorrect_kms_key_sse",
            "module.s3_bucket.data.aws_iam_policy_document.deny_insecure_transport",
            "module.s3_bucket.data.aws_iam_policy_document.deny_unencrypted_object_uploads",
            "module.s3_bucket.data.aws_iam_policy_document.elb_log_delivery",
            "module.s3_bucket.data.aws_iam_policy_document.inventory_and_analytics_destination_policy",
            "module.s3_bucket.data.aws_iam_policy_document.lb_log_delivery",
            "module.s3_bucket.data.aws_iam_policy_document.require_latest_tls",
            "module.s3_bucket.data.aws_partition.current",
            "module.s3_bucket.data.aws_region.current"
          ]
        }
      ]
    },
    {
      "module": "module.s3_bucket[\"sagemaker-endpoints-store-830921269517\"]",
      "mode": "managed",
      "type": "aws_s3_bucket_public_access_block",
      "name": "this",
      "provider": "provider[\"registry.terraform.io/hashicorp/aws\"]",
      "instances": [
        {
          "index_key": 0,
          "schema_version": 0,
          "attributes": {
            "block_public_acls": true,
            "block_public_policy": true,
            "bucket": "sagemaker-endpoints-store-830921269517",
            "id": "sagemaker-endpoints-store-830921269517",
            "ignore_public_acls": true,
            "restrict_public_buckets": true
          },
          "sensitive_attributes": [],
          "private": "bnVsbA==",
          "dependencies": [
            "data.aws_caller_identity.current",
            "module.s3_bucket.aws_s3_bucket.this"
          ]
        }
      ]
    },
    {
      "module": "module.s3_bucket[\"sagemaker-endpoints-store-830921269517\"]",
      "mode": "managed",
      "type": "aws_s3_bucket_versioning",
      "name": "this",
      "provider": "provider[\"registry.terraform.io/hashicorp/aws\"]",
      "instances": [
        {
          "index_key": 0,
          "schema_version": 0,
          "attributes": {
            "bucket": "sagemaker-endpoints-store-830921269517",
            "expected_bucket_owner": "",
            "id": "sagemaker-endpoints-store-830921269517",
            "mfa": null,
            "versioning_configuration": [
              {
                "mfa_delete": "",
                "status": "Suspended"
              }
            ]
          },
          "sensitive_attributes": [],
          "private": "bnVsbA==",
          "dependencies": [
            "data.aws_caller_identity.current",
            "module.s3_bucket.aws_s3_bucket.this"
          ]
        }
      ]
    },
    {
      "module": "module.vpc",
      "mode": "managed",
      "type": "aws_db_subnet_group",
      "name": "database",
      "provider": "provider[\"registry.terraform.io/hashicorp/aws\"]",
      "instances": [
        {
          "index_key": 0,
          "schema_version": 0,
          "attributes": {
            "arn": "arn:aws:rds:us-east-1:830921269517:subgrp:my-vpc",
            "description": "Database subnet group for my-vpc",
            "id": "my-vpc",
            "name": "my-vpc",
            "name_prefix": "",
            "subnet_ids": [
              "subnet-046cedae3f7385300",
              "subnet-0c7c2fdcb30946bd2"
            ],
            "supported_network_types": [
              "IPV4"
            ],
            "tags": {
              "Environment": "prod",
              "Name": "my-vpc",
              "Terraform": "true"
            },
            "tags_all": {
              "Environment": "prod",
              "Name": "my-vpc",
              "Project": "mlops-platform",
              "Terraform": "true"
            },
            "vpc_id": "vpc-0d4fbc26abf479652"
          },
          "sensitive_attributes": [],
          "private": "bnVsbA==",
          "dependencies": [
            "module.vpc.aws_subnet.database",
            "module.vpc.aws_vpc.this",
            "module.vpc.aws_vpc_ipv4_cidr_block_association.this"
          ]
        }
      ]
    },
    {
      "module": "module.vpc",
      "mode": "managed",
      "type": "aws_default_network_acl",
      "name": "this",
      "provider": "provider[\"registry.terraform.io/hashicorp/aws\"]",
      "instances": [
        {
          "index_key": 0,
          "schema_version": 0,
          "attributes": {
            "arn": "arn:aws:ec2:us-east-1:830921269517:network-acl/acl-0770f9de3c10136fa",
            "default_network_acl_id": "acl-0770f9de3c10136fa",
            "egress": [
              {
                "action": "allow",
                "cidr_block": "",
                "from_port": 0,
                "icmp_code": 0,
                "icmp_type": 0,
                "ipv6_cidr_block": "::/0",
                "protocol": "-1",
                "rule_no": 101,
                "to_port": 0
              },
              {
                "action": "allow",
                "cidr_block": "0.0.0.0/0",
                "from_port": 0,
                "icmp_code": 0,
                "icmp_type": 0,
                "ipv6_cidr_block": "",
                "protocol": "-1",
                "rule_no": 100,
                "to_port": 0
              }
            ],
            "id": "acl-0770f9de3c10136fa",
            "ingress": [
              {
                "action": "allow",
                "cidr_block": "",
                "from_port": 0,
                "icmp_code": 0,
                "icmp_type": 0,
                "ipv6_cidr_block": "::/0",
                "protocol": "-1",
                "rule_no": 101,
                "to_port": 0
              },
              {
                "action": "allow",
                "cidr_block": "0.0.0.0/0",
                "from_port": 0,
                "icmp_code": 0,
                "icmp_type": 0,
                "ipv6_cidr_block": "",
                "protocol": "-1",
                "rule_no": 100,
                "to_port": 0
              }
            ],
            "owner_id": "830921269517",
            "subnet_ids": [
              "subnet-0026b381450fc32c7",
              "subnet-046cedae3f7385300",
              "subnet-07462451466c1db1c",
              "subnet-0ac52466a529485e8",
              "subnet-0c7c2fdcb30946bd2",
              "subnet-0d4e688e416f9495a"
            ],
            "tags": {
              "Environment": "prod",
              "Name": "my-vpc-default",
              "Terraform": "true"
            },
            "tags_all": {
              "Environment": "prod",
              "Name": "my-vpc-default",
              "Project": "mlops-platform",
              "Terraform": "true"
            },
            "vpc_id": "vpc-0d4fbc26abf479652"
          },
          "sensitive_attributes": [],
          "private": "bnVsbA==",
          "dependencies": [
            "module.vpc.aws_vpc.this"
          ]
        }
      ]
    },
    {
      "module": "module.vpc",
      "mode": "managed",
      "type": "aws_default_route_table",
      "name": "default",
      "provider": "provider[\"registry.terraform.io/hashicorp/aws\"]",
      "instances": [
        {
          "index_key": 0,
          "schema_version": 0,
          "attributes": {
            "arn": "arn:aws:ec2:us-east-1:830921269517:route-table/rtb-0cc6b62edd73977f7",
            "default_route_table_id": "rtb-0cc6b62edd73977f7",
            "id": "rtb-0cc6b62edd73977f7",
            "owner_id": "830921269517",
            "propagating_vgws": [],
            "route": [],
            "tags": {
              "Environment": "prod",
              "Name": "my-vpc-default",
              "Terraform": "true"
            },
            "tags_all": {
              "Environment": "prod",
              "Name": "my-vpc-default",
              "Project": "mlops-platform",
              "Terraform": "true"
            },
            "timeouts": {
              "create": "5m",
              "update": "5m"
            },
            "vpc_id": "vpc-0d4fbc26abf479652"
          },
          "sensitive_attributes": [],
          "private": "eyJlMmJmYjczMC1lY2FhLTExZTYtOGY4OC0zNDM2M2JjN2M0YzAiOnsiY3JlYXRlIjozMDAwMDAwMDAwMDAsInVwZGF0ZSI6MzAwMDAwMDAwMDAwfX0=",
          "dependencies": [
            "module.vpc.aws_vpc.this"
          ]
        }
      ]
    },
    {
      "module": "module.vpc",
      "mode": "managed",
      "type": "aws_default_security_group",
      "name": "this",
      "provider": "provider[\"registry.terraform.io/hashicorp/aws\"]",
      "instances": [
        {
          "index_key": 0,
          "schema_version": 1,
          "attributes": {
            "arn": "arn:aws:ec2:us-east-1:830921269517:security-group/sg-0b656afab38811b20",
            "description": "default VPC security group",
            "egress": [],
            "id": "sg-0b656afab38811b20",
            "ingress": [],
            "name": "default",
            "name_prefix": "",
            "owner_id": "830921269517",
            "revoke_rules_on_delete": false,
            "tags": {
              "Environment": "prod",
              "Name": "my-vpc-default",
              "Terraform": "true"
            },
            "tags_all": {
              "Environment": "prod",
              "Name": "my-vpc-default",
              "Project": "mlops-platform",
              "Terraform": "true"
            },
            "vpc_id": "vpc-0d4fbc26abf479652"
          },
          "sensitive_attributes": [],
          "private": "eyJzY2hlbWFfdmVyc2lvbiI6IjEifQ==",
          "dependencies": [
            "module.vpc.aws_vpc.this"
          ]
        }
      ]
    },
    {
      "module": "module.vpc",
      "mode": "managed",
      "type": "aws_eip",
      "name": "nat",
      "provider": "provider[\"registry.terraform.io/hashicorp/aws\"]",
      "instances": [
        {
          "index_key": 0,
          "schema_version": 0,
          "attributes": {
            "address": null,
            "allocation_id": "eipalloc-0bc45cb2412a264c2",
            "arn": "arn:aws:ec2:us-east-1:830921269517:elastic-ip/eipalloc-0bc45cb2412a264c2",
            "associate_with_private_ip": null,
            "association_id": "eipassoc-097bc4b318a54527d",
            "carrier_ip": "",
            "customer_owned_ip": "",
            "customer_owned_ipv4_pool": "",
            "domain": "vpc",
            "id": "eipalloc-0bc45cb2412a264c2",
            "instance": "",
            "ipam_pool_id": null,
            "network_border_group": "us-east-1",
            "network_interface": "eni-01d724c2ada30e537",
            "private_dns": "ip-10-0-0-88.ec2.internal",
            "private_ip": "10.0.0.88",
            "ptr_record": "",
            "public_dns": "ec2-3-85-158-113.compute-1.amazonaws.com",
            "public_ip": "3.85.158.113",
            "public_ipv4_pool": "amazon",
            "tags": {
              "Environment": "prod",
              "Name": "my-vpc-us-east-1a",
              "Terraform": "true"
            },
            "tags_all": {
              "Environment": "prod",
              "Name": "my-vpc-us-east-1a",
              "Project": "mlops-platform",
              "Terraform": "true"
            },
            "timeouts": null,
            "vpc": true
          },
          "sensitive_attributes": [],
          "private": "eyJlMmJmYjczMC1lY2FhLTExZTYtOGY4OC0zNDM2M2JjN2M0YzAiOnsiZGVsZXRlIjoxODAwMDAwMDAwMDAsInJlYWQiOjkwMDAwMDAwMDAwMCwidXBkYXRlIjozMDAwMDAwMDAwMDB9fQ==",
          "dependencies": [
            "module.vpc.aws_internet_gateway.this",
            "module.vpc.aws_vpc.this",
            "module.vpc.aws_vpc_ipv4_cidr_block_association.this"
          ]
        },
        {
          "index_key": 1,
          "schema_version": 0,
          "attributes": {
            "address": null,
            "allocation_id": "eipalloc-05c0d194b0b79a07e",
            "arn": "arn:aws:ec2:us-east-1:830921269517:elastic-ip/eipalloc-05c0d194b0b79a07e",
            "associate_with_private_ip": null,
            "association_id": "eipassoc-006b414fdb6c037f7",
            "carrier_ip": "",
            "customer_owned_ip": "",
            "customer_owned_ipv4_pool": "",
            "domain": "vpc",
            "id": "eipalloc-05c0d194b0b79a07e",
            "instance": "",
            "ipam_pool_id": null,
            "network_border_group": "us-east-1",
            "network_interface": "eni-013b1975fd342cee8",
            "private_dns": "ip-10-0-0-117.ec2.internal",
            "private_ip": "10.0.0.117",
            "ptr_record": "",
            "public_dns": "ec2-98-84-206-205.compute-1.amazonaws.com",
            "public_ip": "98.84.206.205",
            "public_ipv4_pool": "amazon",
            "tags": {
              "Environment": "prod",
              "Name": "my-vpc-us-east-1b",
              "Terraform": "true"
            },
            "tags_all": {
              "Environment": "prod",
              "Name": "my-vpc-us-east-1b",
              "Project": "mlops-platform",
              "Terraform": "true"
            },
            "timeouts": null,
            "vpc": true
          },
          "sensitive_attributes": [],
          "private": "eyJlMmJmYjczMC1lY2FhLTExZTYtOGY4OC0zNDM2M2JjN2M0YzAiOnsiZGVsZXRlIjoxODAwMDAwMDAwMDAsInJlYWQiOjkwMDAwMDAwMDAwMCwidXBkYXRlIjozMDAwMDAwMDAwMDB9fQ==",
          "dependencies": [
            "module.vpc.aws_internet_gateway.this",
            "module.vpc.aws_vpc.this",
            "module.vpc.aws_vpc_ipv4_cidr_block_association.this"
          ]
        }
      ]
    },
    {
      "module": "module.vpc",
      "mode": "managed",
      "type": "aws_internet_gateway",
      "name": "this",
      "provider": "provider[\"registry.terraform.io/hashicorp/aws\"]",
      "instances": [
        {
          "index_key": 0,
          "schema_version": 0,
          "attributes": {
            "arn": "arn:aws:ec2:us-east-1:830921269517:internet-gateway/igw-08c22213a14bcf5e4",
            "id": "igw-08c22213a14bcf5e4",
            "owner_id": "830921269517",
            "tags": {
              "Environment": "prod",
              "Name": "my-vpc",
              "Terraform": "true"
            },
            "tags_all": {
              "Environment": "prod",
              "Name": "my-vpc",
              "Project": "mlops-platform",
              "Terraform": "true"
            },
            "timeouts": null,
            "vpc_id": "vpc-0d4fbc26abf479652"
          },
          "sensitive_attributes": [],
          "private": "eyJlMmJmYjczMC1lY2FhLTExZTYtOGY4OC0zNDM2M2JjN2M0YzAiOnsiY3JlYXRlIjoxMjAwMDAwMDAwMDAwLCJkZWxldGUiOjEyMDAwMDAwMDAwMDAsInVwZGF0ZSI6MTIwMDAwMDAwMDAwMH19",
          "dependencies": [
            "module.vpc.aws_vpc.this",
            "module.vpc.aws_vpc_ipv4_cidr_block_association.this"
          ]
        }
      ]
    },
    {
      "module": "module.vpc",
      "mode": "managed",
      "type": "aws_nat_gateway",
      "name": "this",
      "provider": "provider[\"registry.terraform.io/hashicorp/aws\"]",
      "instances": [
        {
          "index_key": 0,
          "schema_version": 0,
          "attributes": {
            "allocation_id": "eipalloc-0bc45cb2412a264c2",
            "association_id": "eipassoc-097bc4b318a54527d",
            "connectivity_type": "public",
            "id": "nat-088114c06cb79645f",
            "network_interface_id": "eni-01d724c2ada30e537",
            "private_ip": "10.0.0.88",
            "public_ip": "3.85.158.113",
            "secondary_allocation_ids": [],
            "secondary_private_ip_address_count": 0,
            "secondary_private_ip_addresses": [],
            "subnet_id": "subnet-0ac52466a529485e8",
            "tags": {
              "Environment": "prod",
              "Name": "my-vpc-us-east-1a",
              "Terraform": "true"
            },
            "tags_all": {
              "Environment": "prod",
              "Name": "my-vpc-us-east-1a",
              "Project": "mlops-platform",
              "Terraform": "true"
            },
            "timeouts": null
          },
          "sensitive_attributes": [],
          "private": "eyJlMmJmYjczMC1lY2FhLTExZTYtOGY4OC0zNDM2M2JjN2M0YzAiOnsiY3JlYXRlIjo2MDAwMDAwMDAwMDAsImRlbGV0ZSI6MTgwMDAwMDAwMDAwMCwidXBkYXRlIjo2MDAwMDAwMDAwMDB9fQ==",
          "dependencies": [
            "module.vpc.aws_eip.nat",
            "module.vpc.aws_internet_gateway.this",
            "module.vpc.aws_subnet.public",
            "module.vpc.aws_vpc.this",
            "module.vpc.aws_vpc_ipv4_cidr_block_association.this"
          ]
        },
        {
          "index_key": 1,
          "schema_version": 0,
          "attributes": {
            "allocation_id": "eipalloc-05c0d194b0b79a07e",
            "association_id": "eipassoc-006b414fdb6c037f7",
            "connectivity_type": "public",
            "id": "nat-021a27a4ca8fb99b9",
            "network_interface_id": "eni-013b1975fd342cee8",
            "private_ip": "10.0.0.117",
            "public_ip": "98.84.206.205",
            "secondary_allocation_ids": [],
            "secondary_private_ip_address_count": 0,
            "secondary_private_ip_addresses": [],
            "subnet_id": "subnet-07462451466c1db1c",
            "tags": {
              "Environment": "prod",
              "Name": "my-vpc-us-east-1b",
              "Terraform": "true"
            },
            "tags_all": {
              "Environment": "prod",
              "Name": "my-vpc-us-east-1b",
              "Project": "mlops-platform",
              "Terraform": "true"
            },
            "timeouts": null
          },
          "sensitive_attributes": [],
          "private": "eyJlMmJmYjczMC1lY2FhLTExZTYtOGY4OC0zNDM2M2JjN2M0YzAiOnsiY3JlYXRlIjo2MDAwMDAwMDAwMDAsImRlbGV0ZSI6MTgwMDAwMDAwMDAwMCwidXBkYXRlIjo2MDAwMDAwMDAwMDB9fQ==",
          "dependencies": [
            "module.vpc.aws_eip.nat",
            "module.vpc.aws_internet_gateway.this",
            "module.vpc.aws_subnet.public",
            "module.vpc.aws_vpc.this",
            "module.vpc.aws_vpc_ipv4_cidr_block_association.this"
          ]
        }
      ]
    },
    {
      "module": "module.vpc",
      "mode": "managed",
      "type": "aws_route",
      "name": "private_nat_gateway",
      "provider": "provider[\"registry.terraform.io/hashicorp/aws\"]",
      "instances": [
        {
          "index_key": 0,
          "schema_version": 0,
          "attributes": {
            "carrier_gateway_id": "",
            "core_network_arn": "",
            "destination_cidr_block": "0.0.0.0/0",
            "destination_ipv6_cidr_block": "",
            "destination_prefix_list_id": "",
            "egress_only_gateway_id": "",
            "gateway_id": "",
            "id": "r-rtb-038a650618411d0251080289494",
            "instance_id": "",
            "instance_owner_id": "",
            "local_gateway_id": "",
            "nat_gateway_id": "nat-088114c06cb79645f",
            "network_interface_id": "",
            "origin": "CreateRoute",
            "route_table_id": "rtb-038a650618411d025",
            "state": "active",
            "timeouts": {
              "create": "5m",
              "delete": null,
              "update": null
            },
            "transit_gateway_id": "",
            "vpc_endpoint_id": "",
            "vpc_peering_connection_id": ""
          },
          "sensitive_attributes": [],
          "private": "eyJlMmJmYjczMC1lY2FhLTExZTYtOGY4OC0zNDM2M2JjN2M0YzAiOnsiY3JlYXRlIjozMDAwMDAwMDAwMDAsImRlbGV0ZSI6MzAwMDAwMDAwMDAwLCJ1cGRhdGUiOjEyMDAwMDAwMDAwMH19",
          "dependencies": [
            "module.vpc.aws_eip.nat",
            "module.vpc.aws_internet_gateway.this",
            "module.vpc.aws_nat_gateway.this",
            "module.vpc.aws_route_table.private",
            "module.vpc.aws_subnet.public",
            "module.vpc.aws_vpc.this",
            "module.vpc.aws_vpc_ipv4_cidr_block_association.this"
          ]
        },
        {
          "index_key": 1,
          "schema_version": 0,
          "attributes": {
            "carrier_gateway_id": "",
            "core_network_arn": "",
            "destination_cidr_block": "0.0.0.0/0",
            "destination_ipv6_cidr_block": "",
            "destination_prefix_list_id": "",
            "egress_only_gateway_id": "",
            "gateway_id": "",
            "id": "r-rtb-0aed91aa53333e5f91080289494",
            "instance_id": "",
            "instance_owner_id": "",
            "local_gateway_id": "",
            "nat_gateway_id": "nat-021a27a4ca8fb99b9",
            "network_interface_id": "",
            "origin": "CreateRoute",
            "route_table_id": "rtb-0aed91aa53333e5f9",
            "state": "active",
            "timeouts": {
              "create": "5m",
              "delete": null,
              "update": null
            },
            "transit_gateway_id": "",
            "vpc_endpoint_id": "",
            "vpc_peering_connection_id": ""
          },
          "sensitive_attributes": [],
          "private": "eyJlMmJmYjczMC1lY2FhLTExZTYtOGY4OC0zNDM2M2JjN2M0YzAiOnsiY3JlYXRlIjozMDAwMDAwMDAwMDAsImRlbGV0ZSI6MzAwMDAwMDAwMDAwLCJ1cGRhdGUiOjEyMDAwMDAwMDAwMH19",
          "dependencies": [
            "module.vpc.aws_eip.nat",
            "module.vpc.aws_internet_gateway.this",
            "module.vpc.aws_nat_gateway.this",
            "module.vpc.aws_route_table.private",
            "module.vpc.aws_subnet.public",
            "module.vpc.aws_vpc.this",
            "module.vpc.aws_vpc_ipv4_cidr_block_association.this"
          ]
        }
      ]
    },
    {
      "module": "module.vpc",
      "mode": "managed",
      "type": "aws_route",
      "name": "public_internet_gateway",
      "provider": "provider[\"registry.terraform.io/hashicorp/aws\"]",
      "instances": [
        {
          "index_key": 0,
          "schema_version": 0,
          "attributes": {
            "carrier_gateway_id": "",
            "core_network_arn": "",
            "destination_cidr_block": "0.0.0.0/0",
            "destination_ipv6_cidr_block": "",
            "destination_prefix_list_id": "",
            "egress_only_gateway_id": "",
            "gateway_id": "igw-08c22213a14bcf5e4",
            "id": "r-rtb-0efcaa7f9523366871080289494",
            "instance_id": "",
            "instance_owner_id": "",
            "local_gateway_id": "",
            "nat_gateway_id": "",
            "network_interface_id": "",
            "origin": "CreateRoute",
            "route_table_id": "rtb-0efcaa7f952336687",
            "state": "active",
            "timeouts": {
              "create": "5m",
              "delete": null,
              "update": null
            },
            "transit_gateway_id": "",
            "vpc_endpoint_id": "",
            "vpc_peering_connection_id": ""
          },
          "sensitive_attributes": [],
          "private": "eyJlMmJmYjczMC1lY2FhLTExZTYtOGY4OC0zNDM2M2JjN2M0YzAiOnsiY3JlYXRlIjozMDAwMDAwMDAwMDAsImRlbGV0ZSI6MzAwMDAwMDAwMDAwLCJ1cGRhdGUiOjEyMDAwMDAwMDAwMH19",
          "dependencies": [
            "module.vpc.aws_internet_gateway.this",
            "module.vpc.aws_route_table.public",
            "module.vpc.aws_vpc.this",
            "module.vpc.aws_vpc_ipv4_cidr_block_association.this"
          ]
        }
      ]
    },
    {
      "module": "module.vpc",
      "mode": "managed",
      "type": "aws_route_table",
      "name": "private",
      "provider": "provider[\"registry.terraform.io/hashicorp/aws\"]",
      "instances": [
        {
          "index_key": 0,
          "schema_version": 0,
          "attributes": {
            "arn": "arn:aws:ec2:us-east-1:830921269517:route-table/rtb-038a650618411d025",
            "id": "rtb-038a650618411d025",
            "owner_id": "830921269517",
            "propagating_vgws": [],
            "route": [
              {
                "carrier_gateway_id": "",
                "cidr_block": "0.0.0.0/0",
                "core_network_arn": "",
                "destination_prefix_list_id": "",
                "egress_only_gateway_id": "",
                "gateway_id": "",
                "ipv6_cidr_block": "",
                "local_gateway_id": "",
                "nat_gateway_id": "nat-088114c06cb79645f",
                "network_interface_id": "",
                "transit_gateway_id": "",
                "vpc_endpoint_id": "",
                "vpc_peering_connection_id": ""
              }
            ],
            "tags": {
              "Environment": "prod",
              "Name": "my-vpc-private-us-east-1a",
              "Terraform": "true"
            },
            "tags_all": {
              "Environment": "prod",
              "Name": "my-vpc-private-us-east-1a",
              "Project": "mlops-platform",
              "Terraform": "true"
            },
            "timeouts": null,
            "vpc_id": "vpc-0d4fbc26abf479652"
          },
          "sensitive_attributes": [],
          "private": "eyJlMmJmYjczMC1lY2FhLTExZTYtOGY4OC0zNDM2M2JjN2M0YzAiOnsiY3JlYXRlIjozMDAwMDAwMDAwMDAsImRlbGV0ZSI6MzAwMDAwMDAwMDAwLCJ1cGRhdGUiOjEyMDAwMDAwMDAwMH19",
          "dependencies": [
            "module.vpc.aws_vpc.this",
            "module.vpc.aws_vpc_ipv4_cidr_block_association.this"
          ]
        },
        {
          "index_key": 1,
          "schema_version": 0,
          "attributes": {
            "arn": "arn:aws:ec2:us-east-1:830921269517:route-table/rtb-0aed91aa53333e5f9",
            "id": "rtb-0aed91aa53333e5f9",
            "owner_id": "830921269517",
            "propagating_vgws": [],
            "route": [
              {
                "carrier_gateway_id": "",
                "cidr_block": "0.0.0.0/0",
                "core_network_arn": "",
                "destination_prefix_list_id": "",
                "egress_only_gateway_id": "",
                "gateway_id": "",
                "ipv6_cidr_block": "",
                "local_gateway_id": "",
                "nat_gateway_id": "nat-021a27a4ca8fb99b9",
                "network_interface_id": "",
                "transit_gateway_id": "",
                "vpc_endpoint_id": "",
                "vpc_peering_connection_id": ""
              }
            ],
            "tags": {
              "Environment": "prod",
              "Name": "my-vpc-private-us-east-1b",
              "Terraform": "true"
            },
            "tags_all": {
              "Environment": "prod",
              "Name": "my-vpc-private-us-east-1b",
              "Project": "mlops-platform",
              "Terraform": "true"
            },
            "timeouts": null,
            "vpc_id": "vpc-0d4fbc26abf479652"
          },
          "sensitive_attributes": [],
          "private": "eyJlMmJmYjczMC1lY2FhLTExZTYtOGY4OC0zNDM2M2JjN2M0YzAiOnsiY3JlYXRlIjozMDAwMDAwMDAwMDAsImRlbGV0ZSI6MzAwMDAwMDAwMDAwLCJ1cGRhdGUiOjEyMDAwMDAwMDAwMH19",
          "dependencies": [
            "module.vpc.aws_vpc.this",
            "module.vpc.aws_vpc_ipv4_cidr_block_association.this"
          ]
        }
      ]
    },
    {
      "module": "module.vpc",
      "mode": "managed",
      "type": "aws_route_table",
      "name": "public",
      "provider": "provider[\"registry.terraform.io/hashicorp/aws\"]",
      "instances": [
        {
          "index_key": 0,
          "schema_version": 0,
          "attributes": {
            "arn": "arn:aws:ec2:us-east-1:830921269517:route-table/rtb-0efcaa7f952336687",
            "id": "rtb-0efcaa7f952336687",
            "owner_id": "830921269517",
            "propagating_vgws": [],
            "route": [
              {
                "carrier_gateway_id": "",
                "cidr_block": "0.0.0.0/0",
                "core_network_arn": "",
                "destination_prefix_list_id": "",
                "egress_only_gateway_id": "",
                "gateway_id": "igw-08c22213a14bcf5e4",
                "ipv6_cidr_block": "",
                "local_gateway_id": "",
                "nat_gateway_id": "",
                "network_interface_id": "",
                "transit_gateway_id": "",
                "vpc_endpoint_id": "",
                "vpc_peering_connection_id": ""
              }
            ],
            "tags": {
              "Environment": "prod",
              "Name": "my-vpc-public",
              "Terraform": "true"
            },
            "tags_all": {
              "Environment": "prod",
              "Name": "my-vpc-public",
              "Project": "mlops-platform",
              "Terraform": "true"
            },
            "timeouts": null,
            "vpc_id": "vpc-0d4fbc26abf479652"
          },
          "sensitive_attributes": [],
          "private": "eyJlMmJmYjczMC1lY2FhLTExZTYtOGY4OC0zNDM2M2JjN2M0YzAiOnsiY3JlYXRlIjozMDAwMDAwMDAwMDAsImRlbGV0ZSI6MzAwMDAwMDAwMDAwLCJ1cGRhdGUiOjEyMDAwMDAwMDAwMH19",
          "dependencies": [
            "module.vpc.aws_vpc.this",
            "module.vpc.aws_vpc_ipv4_cidr_block_association.this"
          ]
        }
      ]
    },
    {
      "module": "module.vpc",
      "mode": "managed",
      "type": "aws_route_table_association",
      "name": "database",
      "provider": "provider[\"registry.terraform.io/hashicorp/aws\"]",
      "instances": [
        {
          "index_key": 0,
          "schema_version": 0,
          "attributes": {
            "gateway_id": "",
            "id": "rtbassoc-0f3d4198ac750629d",
            "route_table_id": "rtb-038a650618411d025",
            "subnet_id": "subnet-046cedae3f7385300",
            "timeouts": null
          },
          "sensitive_attributes": [],
          "private": "eyJlMmJmYjczMC1lY2FhLTExZTYtOGY4OC0zNDM2M2JjN2M0YzAiOnsiY3JlYXRlIjozMDAwMDAwMDAwMDAsImRlbGV0ZSI6MzAwMDAwMDAwMDAwLCJ1cGRhdGUiOjEyMDAwMDAwMDAwMH19",
          "dependencies": [
            "module.vpc.aws_route_table.database",
            "module.vpc.aws_route_table.private",
            "module.vpc.aws_subnet.database",
            "module.vpc.aws_vpc.this",
            "module.vpc.aws_vpc_ipv4_cidr_block_association.this"
          ]
        },
        {
          "index_key": 1,
          "schema_version": 0,
          "attributes": {
            "gateway_id": "",
            "id": "rtbassoc-00c27795c194713a1",
            "route_table_id": "rtb-0aed91aa53333e5f9",
            "subnet_id": "subnet-0c7c2fdcb30946bd2",
            "timeouts": null
          },
          "sensitive_attributes": [],
          "private": "eyJlMmJmYjczMC1lY2FhLTExZTYtOGY4OC0zNDM2M2JjN2M0YzAiOnsiY3JlYXRlIjozMDAwMDAwMDAwMDAsImRlbGV0ZSI6MzAwMDAwMDAwMDAwLCJ1cGRhdGUiOjEyMDAwMDAwMDAwMH19",
          "dependencies": [
            "module.vpc.aws_route_table.database",
            "module.vpc.aws_route_table.private",
            "module.vpc.aws_subnet.database",
            "module.vpc.aws_vpc.this",
            "module.vpc.aws_vpc_ipv4_cidr_block_association.this"
          ]
        }
      ]
    },
    {
      "module": "module.vpc",
      "mode": "managed",
      "type": "aws_route_table_association",
      "name": "private",
      "provider": "provider[\"registry.terraform.io/hashicorp/aws\"]",
      "instances": [
        {
          "index_key": 0,
          "schema_version": 0,
          "attributes": {
            "gateway_id": "",
            "id": "rtbassoc-0345caaf90379f186",
            "route_table_id": "rtb-038a650618411d025",
            "subnet_id": "subnet-0d4e688e416f9495a",
            "timeouts": null
          },
          "sensitive_attributes": [],
          "private": "eyJlMmJmYjczMC1lY2FhLTExZTYtOGY4OC0zNDM2M2JjN2M0YzAiOnsiY3JlYXRlIjozMDAwMDAwMDAwMDAsImRlbGV0ZSI6MzAwMDAwMDAwMDAwLCJ1cGRhdGUiOjEyMDAwMDAwMDAwMH19",
          "dependencies": [
            "module.vpc.aws_route_table.private",
            "module.vpc.aws_subnet.private",
            "module.vpc.aws_vpc.this",
            "module.vpc.aws_vpc_ipv4_cidr_block_association.this"
          ]
        },
        {
          "index_key": 1,
          "schema_version": 0,
          "attributes": {
            "gateway_id": "",
            "id": "rtbassoc-0961c09fb2e4b1337",
            "route_table_id": "rtb-0aed91aa53333e5f9",
            "subnet_id": "subnet-0026b381450fc32c7",
            "timeouts": null
          },
          "sensitive_attributes": [],
          "private": "eyJlMmJmYjczMC1lY2FhLTExZTYtOGY4OC0zNDM2M2JjN2M0YzAiOnsiY3JlYXRlIjozMDAwMDAwMDAwMDAsImRlbGV0ZSI6MzAwMDAwMDAwMDAwLCJ1cGRhdGUiOjEyMDAwMDAwMDAwMH19",
          "dependencies": [
            "module.vpc.aws_route_table.private",
            "module.vpc.aws_subnet.private",
            "module.vpc.aws_vpc.this",
            "module.vpc.aws_vpc_ipv4_cidr_block_association.this"
          ]
        }
      ]
    },
    {
      "module": "module.vpc",
      "mode": "managed",
      "type": "aws_route_table_association",
      "name": "public",
      "provider": "provider[\"registry.terraform.io/hashicorp/aws\"]",
      "instances": [
        {
          "index_key": 0,
          "schema_version": 0,
          "attributes": {
            "gateway_id": "",
            "id": "rtbassoc-00a2da184a15fffb0",
            "route_table_id": "rtb-0efcaa7f952336687",
            "subnet_id": "subnet-0ac52466a529485e8",
            "timeouts": null
          },
          "sensitive_attributes": [],
          "private": "eyJlMmJmYjczMC1lY2FhLTExZTYtOGY4OC0zNDM2M2JjN2M0YzAiOnsiY3JlYXRlIjozMDAwMDAwMDAwMDAsImRlbGV0ZSI6MzAwMDAwMDAwMDAwLCJ1cGRhdGUiOjEyMDAwMDAwMDAwMH19",
          "dependencies": [
            "module.vpc.aws_route_table.public",
            "module.vpc.aws_subnet.public",
            "module.vpc.aws_vpc.this",
            "module.vpc.aws_vpc_ipv4_cidr_block_association.this"
          ]
        },
        {
          "index_key": 1,
          "schema_version": 0,
          "attributes": {
            "gateway_id": "",
            "id": "rtbassoc-0e9fc3cf3eb6b9de4",
            "route_table_id": "rtb-0efcaa7f952336687",
            "subnet_id": "subnet-07462451466c1db1c",
            "timeouts": null
          },
          "sensitive_attributes": [],
          "private": "eyJlMmJmYjczMC1lY2FhLTExZTYtOGY4OC0zNDM2M2JjN2M0YzAiOnsiY3JlYXRlIjozMDAwMDAwMDAwMDAsImRlbGV0ZSI6MzAwMDAwMDAwMDAwLCJ1cGRhdGUiOjEyMDAwMDAwMDAwMH19",
          "dependencies": [
            "module.vpc.aws_route_table.public",
            "module.vpc.aws_subnet.public",
            "module.vpc.aws_vpc.this",
            "module.vpc.aws_vpc_ipv4_cidr_block_association.this"
          ]
        }
      ]
    },
    {
      "module": "module.vpc",
      "mode": "managed",
      "type": "aws_subnet",
      "name": "database",
      "provider": "provider[\"registry.terraform.io/hashicorp/aws\"]",
      "instances": [
        {
          "index_key": 0,
          "schema_version": 1,
          "attributes": {
            "arn": "arn:aws:ec2:us-east-1:830921269517:subnet/subnet-046cedae3f7385300",
            "assign_ipv6_address_on_creation": false,
            "availability_zone": "us-east-1a",
            "availability_zone_id": "use1-az4",
            "cidr_block": "10.0.0.128/27",
            "customer_owned_ipv4_pool": "",
            "enable_dns64": false,
            "enable_lni_at_device_index": 0,
            "enable_resource_name_dns_a_record_on_launch": false,
            "enable_resource_name_dns_aaaa_record_on_launch": false,
            "id": "subnet-046cedae3f7385300",
            "ipv6_cidr_block": "",
            "ipv6_cidr_block_association_id": "",
            "ipv6_native": false,
            "map_customer_owned_ip_on_launch": false,
            "map_public_ip_on_launch": false,
            "outpost_arn": "",
            "owner_id": "830921269517",
            "private_dns_hostname_type_on_launch": "ip-name",
            "tags": {
              "Environment": "prod",
              "Name": "my-vpc-db-us-east-1a",
              "Terraform": "true"
            },
            "tags_all": {
              "Environment": "prod",
              "Name": "my-vpc-db-us-east-1a",
              "Project": "mlops-platform",
              "Terraform": "true"
            },
            "timeouts": null,
            "vpc_id": "vpc-0d4fbc26abf479652"
          },
          "sensitive_attributes": [],
          "private": "eyJlMmJmYjczMC1lY2FhLTExZTYtOGY4OC0zNDM2M2JjN2M0YzAiOnsiY3JlYXRlIjo2MDAwMDAwMDAwMDAsImRlbGV0ZSI6MTIwMDAwMDAwMDAwMH0sInNjaGVtYV92ZXJzaW9uIjoiMSJ9",
          "dependencies": [
            "module.vpc.aws_vpc.this",
            "module.vpc.aws_vpc_ipv4_cidr_block_association.this"
          ]
        },
        {
          "index_key": 1,
          "schema_version": 1,
          "attributes": {
            "arn": "arn:aws:ec2:us-east-1:830921269517:subnet/subnet-0c7c2fdcb30946bd2",
            "assign_ipv6_address_on_creation": false,
            "availability_zone": "us-east-1b",
            "availability_zone_id": "use1-az6",
            "cidr_block": "10.0.0.160/27",
            "customer_owned_ipv4_pool": "",
            "enable_dns64": false,
            "enable_lni_at_device_index": 0,
            "enable_resource_name_dns_a_record_on_launch": false,
            "enable_resource_name_dns_aaaa_record_on_launch": false,
            "id": "subnet-0c7c2fdcb30946bd2",
            "ipv6_cidr_block": "",
            "ipv6_cidr_block_association_id": "",
            "ipv6_native": false,
            "map_customer_owned_ip_on_launch": false,
            "map_public_ip_on_launch": false,
            "outpost_arn": "",
            "owner_id": "830921269517",
            "private_dns_hostname_type_on_launch": "ip-name",
            "tags": {
              "Environment": "prod",
              "Name": "my-vpc-db-us-east-1b",
              "Terraform": "true"
            },
            "tags_all": {
              "Environment": "prod",
              "Name": "my-vpc-db-us-east-1b",
              "Project": "mlops-platform",
              "Terraform": "true"
            },
            "timeouts": null,
            "vpc_id": "vpc-0d4fbc26abf479652"
          },
          "sensitive_attributes": [],
          "private": "eyJlMmJmYjczMC1lY2FhLTExZTYtOGY4OC0zNDM2M2JjN2M0YzAiOnsiY3JlYXRlIjo2MDAwMDAwMDAwMDAsImRlbGV0ZSI6MTIwMDAwMDAwMDAwMH0sInNjaGVtYV92ZXJzaW9uIjoiMSJ9",
          "dependencies": [
            "module.vpc.aws_vpc.this",
            "module.vpc.aws_vpc_ipv4_cidr_block_association.this"
          ]
        }
      ]
    },
    {
      "module": "module.vpc",
      "mode": "managed",
      "type": "aws_subnet",
      "name": "private",
      "provider": "provider[\"registry.terraform.io/hashicorp/aws\"]",
      "instances": [
        {
          "index_key": 0,
          "schema_version": 1,
          "attributes": {
            "arn": "arn:aws:ec2:us-east-1:830921269517:subnet/subnet-0d4e688e416f9495a",
            "assign_ipv6_address_on_creation": false,
            "availability_zone": "us-east-1a",
            "availability_zone_id": "use1-az4",
            "cidr_block": "10.0.0.0/27",
            "customer_owned_ipv4_pool": "",
            "enable_dns64": false,
            "enable_lni_at_device_index": 0,
            "enable_resource_name_dns_a_record_on_launch": false,
            "enable_resource_name_dns_aaaa_record_on_launch": false,
            "id": "subnet-0d4e688e416f9495a",
            "ipv6_cidr_block": "",
            "ipv6_cidr_block_association_id": "",
            "ipv6_native": false,
            "map_customer_owned_ip_on_launch": false,
            "map_public_ip_on_launch": false,
            "outpost_arn": "",
            "owner_id": "830921269517",
            "private_dns_hostname_type_on_launch": "ip-name",
            "tags": {
              "Environment": "prod",
              "Name": "my-vpc-private-us-east-1a",
              "Terraform": "true"
            },
            "tags_all": {
              "Environment": "prod",
              "Name": "my-vpc-private-us-east-1a",
              "Project": "mlops-platform",
              "Terraform": "true"
            },
            "timeouts": null,
            "vpc_id": "vpc-0d4fbc26abf479652"
          },
          "sensitive_attributes": [],
          "private": "eyJlMmJmYjczMC1lY2FhLTExZTYtOGY4OC0zNDM2M2JjN2M0YzAiOnsiY3JlYXRlIjo2MDAwMDAwMDAwMDAsImRlbGV0ZSI6MTIwMDAwMDAwMDAwMH0sInNjaGVtYV92ZXJzaW9uIjoiMSJ9",
          "dependencies": [
            "module.vpc.aws_vpc.this",
            "module.vpc.aws_vpc_ipv4_cidr_block_association.this"
          ]
        },
        {
          "index_key": 1,
          "schema_version": 1,
          "attributes": {
            "arn": "arn:aws:ec2:us-east-1:830921269517:subnet/subnet-0026b381450fc32c7",
            "assign_ipv6_address_on_creation": false,
            "availability_zone": "us-east-1b",
            "availability_zone_id": "use1-az6",
            "cidr_block": "10.0.0.32/27",
            "customer_owned_ipv4_pool": "",
            "enable_dns64": false,
            "enable_lni_at_device_index": 0,
            "enable_resource_name_dns_a_record_on_launch": false,
            "enable_resource_name_dns_aaaa_record_on_launch": false,
            "id": "subnet-0026b381450fc32c7",
            "ipv6_cidr_block": "",
            "ipv6_cidr_block_association_id": "",
            "ipv6_native": false,
            "map_customer_owned_ip_on_launch": false,
            "map_public_ip_on_launch": false,
            "outpost_arn": "",
            "owner_id": "830921269517",
            "private_dns_hostname_type_on_launch": "ip-name",
            "tags": {
              "Environment": "prod",
              "Name": "my-vpc-private-us-east-1b",
              "Terraform": "true"
            },
            "tags_all": {
              "Environment": "prod",
              "Name": "my-vpc-private-us-east-1b",
              "Project": "mlops-platform",
              "Terraform": "true"
            },
            "timeouts": null,
            "vpc_id": "vpc-0d4fbc26abf479652"
          },
          "sensitive_attributes": [],
          "private": "eyJlMmJmYjczMC1lY2FhLTExZTYtOGY4OC0zNDM2M2JjN2M0YzAiOnsiY3JlYXRlIjo2MDAwMDAwMDAwMDAsImRlbGV0ZSI6MTIwMDAwMDAwMDAwMH0sInNjaGVtYV92ZXJzaW9uIjoiMSJ9",
          "dependencies": [
            "module.vpc.aws_vpc.this",
            "module.vpc.aws_vpc_ipv4_cidr_block_association.this"
          ]
        }
      ]
    },
    {
      "module": "module.vpc",
      "mode": "managed",
      "type": "aws_subnet",
      "name": "public",
      "provider": "provider[\"registry.terraform.io/hashicorp/aws\"]",
      "instances": [
        {
          "index_key": 0,
          "schema_version": 1,
          "attributes": {
            "arn": "arn:aws:ec2:us-east-1:830921269517:subnet/subnet-0ac52466a529485e8",
            "assign_ipv6_address_on_creation": false,
            "availability_zone": "us-east-1a",
            "availability_zone_id": "use1-az4",
            "cidr_block": "10.0.0.64/27",
            "customer_owned_ipv4_pool": "",
            "enable_dns64": false,
            "enable_lni_at_device_index": 0,
            "enable_resource_name_dns_a_record_on_launch": false,
            "enable_resource_name_dns_aaaa_record_on_launch": false,
            "id": "subnet-0ac52466a529485e8",
            "ipv6_cidr_block": "",
            "ipv6_cidr_block_association_id": "",
            "ipv6_native": false,
            "map_customer_owned_ip_on_launch": false,
            "map_public_ip_on_launch": false,
            "outpost_arn": "",
            "owner_id": "830921269517",
            "private_dns_hostname_type_on_launch": "ip-name",
            "tags": {
              "Environment": "prod",
              "Name": "my-vpc-public-us-east-1a",
              "Terraform": "true"
            },
            "tags_all": {
              "Environment": "prod",
              "Name": "my-vpc-public-us-east-1a",
              "Project": "mlops-platform",
              "Terraform": "true"
            },
            "timeouts": null,
            "vpc_id": "vpc-0d4fbc26abf479652"
          },
          "sensitive_attributes": [],
          "private": "eyJlMmJmYjczMC1lY2FhLTExZTYtOGY4OC0zNDM2M2JjN2M0YzAiOnsiY3JlYXRlIjo2MDAwMDAwMDAwMDAsImRlbGV0ZSI6MTIwMDAwMDAwMDAwMH0sInNjaGVtYV92ZXJzaW9uIjoiMSJ9",
          "dependencies": [
            "module.vpc.aws_vpc.this",
            "module.vpc.aws_vpc_ipv4_cidr_block_association.this"
          ]
        },
        {
          "index_key": 1,
          "schema_version": 1,
          "attributes": {
            "arn": "arn:aws:ec2:us-east-1:830921269517:subnet/subnet-07462451466c1db1c",
            "assign_ipv6_address_on_creation": false,
            "availability_zone": "us-east-1b",
            "availability_zone_id": "use1-az6",
            "cidr_block": "10.0.0.96/27",
            "customer_owned_ipv4_pool": "",
            "enable_dns64": false,
            "enable_lni_at_device_index": 0,
            "enable_resource_name_dns_a_record_on_launch": false,
            "enable_resource_name_dns_aaaa_record_on_launch": false,
            "id": "subnet-07462451466c1db1c",
            "ipv6_cidr_block": "",
            "ipv6_cidr_block_association_id": "",
            "ipv6_native": false,
            "map_customer_owned_ip_on_launch": false,
            "map_public_ip_on_launch": false,
            "outpost_arn": "",
            "owner_id": "830921269517",
            "private_dns_hostname_type_on_launch": "ip-name",
            "tags": {
              "Environment": "prod",
              "Name": "my-vpc-public-us-east-1b",
              "Terraform": "true"
            },
            "tags_all": {
              "Environment": "prod",
              "Name": "my-vpc-public-us-east-1b",
              "Project": "mlops-platform",
              "Terraform": "true"
            },
            "timeouts": null,
            "vpc_id": "vpc-0d4fbc26abf479652"
          },
          "sensitive_attributes": [],
          "private": "eyJlMmJmYjczMC1lY2FhLTExZTYtOGY4OC0zNDM2M2JjN2M0YzAiOnsiY3JlYXRlIjo2MDAwMDAwMDAwMDAsImRlbGV0ZSI6MTIwMDAwMDAwMDAwMH0sInNjaGVtYV92ZXJzaW9uIjoiMSJ9",
          "dependencies": [
            "module.vpc.aws_vpc.this",
            "module.vpc.aws_vpc_ipv4_cidr_block_association.this"
          ]
        }
      ]
    },
    {
      "module": "module.vpc",
      "mode": "managed",
      "type": "aws_vpc",
      "name": "this",
      "provider": "provider[\"registry.terraform.io/hashicorp/aws\"]",
      "instances": [
        {
          "index_key": 0,
          "schema_version": 1,
          "attributes": {
            "arn": "arn:aws:ec2:us-east-1:830921269517:vpc/vpc-0d4fbc26abf479652",
            "assign_generated_ipv6_cidr_block": false,
            "cidr_block": "10.0.0.0/16",
            "default_network_acl_id": "acl-0770f9de3c10136fa",
            "default_route_table_id": "rtb-0cc6b62edd73977f7",
            "default_security_group_id": "sg-0b656afab38811b20",
            "dhcp_options_id": "dopt-0b9c1fdbf928ad1d7",
            "enable_dns_hostnames": true,
            "enable_dns_support": true,
            "enable_network_address_usage_metrics": false,
            "id": "vpc-0d4fbc26abf479652",
            "instance_tenancy": "default",
            "ipv4_ipam_pool_id": null,
            "ipv4_netmask_length": null,
            "ipv6_association_id": "",
            "ipv6_cidr_block": "",
            "ipv6_cidr_block_network_border_group": "",
            "ipv6_ipam_pool_id": "",
            "ipv6_netmask_length": 0,
            "main_route_table_id": "rtb-0cc6b62edd73977f7",
            "owner_id": "830921269517",
            "tags": {
              "Environment": "prod",
              "Name": "my-vpc",
              "Terraform": "true"
            },
            "tags_all": {
              "Environment": "prod",
              "Name": "my-vpc",
              "Project": "mlops-platform",
              "Terraform": "true"
            }
          },
          "sensitive_attributes": [],
          "private": "eyJzY2hlbWFfdmVyc2lvbiI6IjEifQ=="
        }
      ]
    },
    {
      "module": "module.vpc",
      "mode": "managed",
      "type": "aws_vpn_gateway",
      "name": "this",
      "provider": "provider[\"registry.terraform.io/hashicorp/aws\"]",
      "instances": [
        {
          "index_key": 0,
          "schema_version": 0,
          "attributes": {
            "amazon_side_asn": "64512",
            "arn": "arn:aws:ec2:us-east-1:830921269517:vpn-gateway/vgw-0079a3650d02067a9",
            "availability_zone": null,
            "id": "vgw-0079a3650d02067a9",
            "tags": {
              "Environment": "prod",
              "Name": "my-vpc",
              "Terraform": "true"
            },
            "tags_all": {
              "Environment": "prod",
              "Name": "my-vpc",
              "Project": "mlops-platform",
              "Terraform": "true"
            },
            "vpc_id": "vpc-0d4fbc26abf479652"
          },
          "sensitive_attributes": [],
          "private": "bnVsbA==",
          "dependencies": [
            "module.vpc.aws_vpc.this",
            "module.vpc.aws_vpc_ipv4_cidr_block_association.this"
          ]
        }
      ]
    },
    {
      "module": "module.vpn-client",
      "mode": "data",
      "type": "aws_iam_policy_document",
      "name": "vpn-config-files",
      "provider": "provider[\"registry.terraform.io/hashicorp/aws\"]",
      "instances": [
        {
          "schema_version": 0,
          "attributes": {
            "id": "3892587891",
            "json": "{\n  \"Version\": \"2012-10-17\",\n  \"Statement\": [\n    {\n      \"Effect\": \"Deny\",\n      \"Action\": \"s3:*\",\n      \"Resource\": [\n        \"arn:aws:s3:::mlops-platform-prod-vpn-config-files/*\",\n        \"arn:aws:s3:::mlops-platform-prod-vpn-config-files\"\n      ],\n      \"Principal\": \"*\",\n      \"Condition\": {\n        \"Bool\": {\n          \"aws:SecureTransport\": \"false\"\n        }\n      }\n    }\n  ]\n}",
            "minified_json": "{\"Version\":\"2012-10-17\",\"Statement\":[{\"Effect\":\"Deny\",\"Action\":\"s3:*\",\"Resource\":[\"arn:aws:s3:::mlops-platform-prod-vpn-config-files/*\",\"arn:aws:s3:::mlops-platform-prod-vpn-config-files\"],\"Principal\":\"*\",\"Condition\":{\"Bool\":{\"aws:SecureTransport\":\"false\"}}}]}",
            "override_json": null,
            "override_policy_documents": null,
            "policy_id": null,
            "source_json": null,
            "source_policy_documents": null,
            "statement": [
              {
                "actions": [
                  "s3:*"
                ],
                "condition": [
                  {
                    "test": "Bool",
                    "values": [
                      "false"
                    ],
                    "variable": "aws:SecureTransport"
                  }
                ],
                "effect": "Deny",
                "not_actions": [],
                "not_principals": [],
                "not_resources": [],
                "principals": [
                  {
                    "identifiers": [
                      "*"
                    ],
                    "type": "*"
                  }
                ],
                "resources": [
                  "arn:aws:s3:::mlops-platform-prod-vpn-config-files",
                  "arn:aws:s3:::mlops-platform-prod-vpn-config-files/*"
                ],
                "sid": ""
              }
            ],
            "version": "2012-10-17"
          },
          "sensitive_attributes": []
        }
      ]
    },
    {
      "module": "module.vpn-client",
      "mode": "data",
      "type": "aws_region",
      "name": "current",
      "provider": "provider[\"registry.terraform.io/hashicorp/aws\"]",
      "instances": [
        {
          "schema_version": 0,
          "attributes": {
            "description": "US East (N. Virginia)",
            "endpoint": "ec2.us-east-1.amazonaws.com",
            "id": "us-east-1",
            "name": "us-east-1"
          },
          "sensitive_attributes": []
        }
      ]
    },
    {
      "module": "module.vpn-client",
      "mode": "managed",
      "type": "aws_acm_certificate",
      "name": "ca",
      "provider": "provider[\"registry.terraform.io/hashicorp/aws\"]",
      "instances": [
        {
          "schema_version": 0,
          "attributes": {
            "arn": "arn:aws:acm:us-east-1:830921269517:certificate/a923fff6-0888-407c-a134-b1227de9da46",
            "certificate_authority_arn": "",
            "certificate_body": "-----BEGIN CERTIFICATE-----\nMIIDSDCCAjCgAwIBAgIQeLyiV8FJlRXjdzt73/muTzANBgkqhkiG9w0BAQsFADA+\nMRcwFQYDVQQKEw5tbG9wcy1wbGF0Zm9ybTEjMCEGA1UEAxMabWxvcHMtcGxhdGZv\ncm0ucHJvZC52cG4uY2EwHhcNMjQxMDE3MTk1MjQ2WhcNMzQxMDE1MTk1MjQ2WjA+\nMRcwFQYDVQQKEw5tbG9wcy1wbGF0Zm9ybTEjMCEGA1UEAxMabWxvcHMtcGxhdGZv\ncm0ucHJvZC52cG4uY2EwggEiMA0GCSqGSIb3DQEBAQUAA4IBDwAwggEKAoIBAQCy\nJsTQzcXsUv9hSfvvtL5hyavek2fO3pX+7XQbit+qzUCJufskZvNlRX2j2RJUyE8d\nL7SgIgi0wjB1b+yroyUjuKsfvxjecDiuAc40Cl/XPIVk+pzDxu41URO6stunEBQ+\n0dr4cC/Ll5oGf3YaIavGvlGb3A3k53BMSRuqakhUqjnds67BxFkZROzFTJsv2Sjv\nzxYycISgfLN4JhQVaLi3OIKJUm+8IgzyT6xApn+NcrLQ05PqJO8UyCsQizlpGS8A\nHCMNVN4XzEt4NvgkddESxocPAHnynynWSaETpwd83LzKkeiQ/EWYKOIh81Hod47+\nI6XTszEuJYA4elrYlrshAgMBAAGjQjBAMA4GA1UdDwEB/wQEAwIBBjAPBgNVHRMB\nAf8EBTADAQH/MB0GA1UdDgQWBBRLE/GAhlP66L9QKhtkkmGPejLlsDANBgkqhkiG\n9w0BAQsFAAOCAQEApB+ODhUUho8gbUzYQZVa5u0wFFE1HWWpclQ5JCPuDPt2ZIpC\nxjrAalTOhOTimt5wJMKEAnk2D1ppd6uOyyA6OkIg8sbKs6Zym1rJEBS/I1IG8tkL\niti6Lo7AC4e0v46TNiH5fXjm+4KLP1twzi0fXkgfoioS4XZVZiWhZc/FJxUxOnMj\nZ3bzDW5I70vFWyg0uNk5nsU3aXugeHmY+KimAVqSGTRM/oLZBZ7hzUOmnUuEuwgq\n0FYNoiRZvt7aPbg3WF5KtaOvB4X4+AGqbxyig/YBWikk7PK8zEsYbTMbwmLo0hcW\nhpRdgjinkXRaECvIsuTnPnvqWI05mR/az54L7Q==\n-----END CERTIFICATE-----\n",
            "certificate_chain": null,
            "domain_name": "mlops-platform.prod.vpn.ca",
            "domain_validation_options": [],
            "early_renewal_duration": "",
            "id": "arn:aws:acm:us-east-1:830921269517:certificate/a923fff6-0888-407c-a134-b1227de9da46",
            "key_algorithm": "RSA_2048",
            "not_after": "2034-10-15T19:52:46Z",
            "not_before": "2024-10-17T19:52:46Z",
            "options": [
              {
                "certificate_transparency_logging_preference": "DISABLED"
              }
            ],
            "pending_renewal": false,
            "private_key": "-----BEGIN RSA PRIVATE KEY-----\nMIIEowIBAAKCAQEAsibE0M3F7FL/YUn777S+Ycmr3pNnzt6V/u10G4rfqs1Aibn7\nJGbzZUV9o9kSVMhPHS+0oCIItMIwdW/sq6MlI7irH78Y3nA4rgHONApf1zyFZPqc\nw8buNVETurLbpxAUPtHa+HAvy5eaBn92GiGrxr5Rm9wN5OdwTEkbqmpIVKo53bOu\nwcRZGUTsxUybL9ko788WMnCEoHyzeCYUFWi4tziCiVJvvCIM8k+sQKZ/jXKy0NOT\n6iTvFMgrEIs5aRkvABwjDVTeF8xLeDb4JHXREsaHDwB58p8p1kmhE6cHfNy8ypHo\nkPxFmCjiIfNR6HeO/iOl07MxLiWAOHpa2Ja7IQIDAQABAoIBAFOQdd+PthhNMjdb\ncc6VlHvgEjtcH2Rc6jTjAwRsVtASaQRxdYk0tVS6jN2PU9brApkpKGu4qybGs95S\nOsyjwScJV1OT2sF0GFIezK+CckROwi+EkoYOyOu/dSatAPVTSHvTCghg7zpriTcl\nEKvfQWj/Gt6mEOpfWUCfRlfgdL8pNSkZbB3qYNBm39KN5rS/C2XQY0d+Hcz5Zjf8\n5CikHyP8vRSOPx1ad6wk3ozlFK8v5amzOtYUIDYDrfiYOGxK71EBznow5PUvxnF/\nL2o02o/NhoxS9aKg8QOm/iA4hIj/mGGEPX3YxJouYy5dyuibg4qvcgdUB+/jUrs8\n6LCBNQECgYEAyCsLdKhBmQBvPXWo/lWEvQyJtWq7waSLS1JLqc0BiGly5pl8BLwI\nD5SZkI2OH83iOSbWf7SUFDgL0GddDJiiYkysBmLne+6dFfK0F+t7ZHNwiYvOTwHH\nFFLeM8CWm+++1+ZByZYTcsqvVOKknmRsWyhm87bcrNv8Bj/gZC5dlBECgYEA49eg\ng4WKhba4lg7gmihaf9mt6gVHAl11P5jscXtXRsET0l9Inh5oxv1jrOkeo9Dyl78u\n7pt891MwZECEWW32NRrkJTF5OV8VR6YGgvmHFqJRBAjGgiJ2tB3dLzk1tHr8hafw\n0+fcq3A0kAOdeFg2PQ1MmYonhqUgzV4ksb3vhhECgYBsxA7+farfU4Aemj+Qq7Fr\n9FMjs/J//0P9UqNwicfqcroPmZjtDasnpCxpgrGWkI37ViI51EqeTfIFdRT3kjyy\nQ006TyXPjtHmqjG3yaoL5DpjUwdwoNunLHw3DNAJvZUqxaA7xIOe3Ym2C00+D/1c\n7zA5/8QbXZGtZ6orZZJNsQKBgCFEXaJ2gChP6pm2aGL522TpgrQ1uw2EWddEW9mh\n+bdR/7Pqx66WoBPV8ZTQoPGoU5OGjbK3L0LpeZpZtTldjeJpH8CyfZG76V6Bxlef\nWXMblhqxsVJU9+IKrj3z63yDrJVTVR2LsDOz+WjBrl9g+eJmK7YLbwQA3k4+Hbt6\nERwRAoGBAJCkBa2GScDITCPsjEF2RxojYtrAg48AP2H2kWm+I2CAOJOqBS9ERQmb\n4kYwZdcFIBFTKfrl6nz3oh5sPa3PMwoCqnm73MapZzjSjiqrRi11BrMKghpu5LCz\n5aIIic9XQuHVfMVef4HgwEVs45jHgOBsEQXZ20cvntMzCpuK7ByZ\n-----END RSA PRIVATE KEY-----\n",
            "renewal_eligibility": "INELIGIBLE",
            "renewal_summary": [],
            "status": "ISSUED",
            "subject_alternative_names": [
              "mlops-platform.prod.vpn.ca"
            ],
            "tags": {
              "Environment": "production",
              "Terraform": "true"
            },
            "tags_all": {
              "Environment": "production",
              "Project": "mlops-platform",
              "Terraform": "true"
            },
            "type": "IMPORTED",
            "validation_emails": [],
            "validation_method": "NONE",
            "validation_option": []
          },
          "sensitive_attributes": [
            [
              {
                "type": "get_attr",
                "value": "private_key"
              }
            ]
          ],
          "private": "bnVsbA==",
          "dependencies": [
            "module.vpn-client.tls_private_key.ca",
            "module.vpn-client.tls_self_signed_cert.ca"
          ]
        }
      ]
    },
    {
      "module": "module.vpn-client",
      "mode": "managed",
      "type": "aws_acm_certificate",
      "name": "client",
      "provider": "provider[\"registry.terraform.io/hashicorp/aws\"]",
      "instances": [
        {
          "index_key": "root",
          "schema_version": 0,
          "attributes": {
            "arn": "arn:aws:acm:us-east-1:830921269517:certificate/a1d4e899-78b4-4888-8dc4-09a667924b63",
            "certificate_authority_arn": "",
            "certificate_body": "-----BEGIN CERTIFICATE-----\nMIIDZjCCAk6gAwIBAgIRALJ4VNyJ7oOzaRaSmPtr5xIwDQYJKoZIhvcNAQELBQAw\nPjEXMBUGA1UEChMObWxvcHMtcGxhdGZvcm0xIzAhBgNVBAMTGm1sb3BzLXBsYXRm\nb3JtLnByb2QudnBuLmNhMB4XDTI0MTAxNzE5NTI0NloXDTM0MTAxNTE5NTI0Nlow\nRzEXMBUGA1UEChMObWxvcHMtcGxhdGZvcm0xLDAqBgNVBAMTI21sb3BzLXBsYXRm\nb3JtLnByb2QudnBuLnJvb3QtY2xpZW50MIIBIjANBgkqhkiG9w0BAQEFAAOCAQ8A\nMIIBCgKCAQEA+Iw4jxRf7MIlhCQgCVjJNn0fmAefCeutS9c3r8BGlIL0M3sZ/b8e\n1SAMeMAiLBAwlAB5gRlvraPSjgAh+S0Fmw4cmaalfWfco5Jq+8DGNv0Ro+3mW2bK\nPW2vuVnKUel/vGhb5p1u3o10y4kHR1hpjvCyJbvo/9zjnrz78KYKkn2cfcq4dNAL\ns+UvL7DejBqWa2hRNlCFSnGmfu5cl/Sq6GPQFr6O8+LUMl5xGqdY5XEEiE8qLFKa\nPtzlrzjT0CI2SSYEtDdyx9NM4zRRsESJ3B3POOeTQ0su/YDQzuikt3iJriZW5vbr\nu+hHBIDum6CWqF2Wro8LmVMTH8rKW7ZSmQIDAQABo1YwVDAOBgNVHQ8BAf8EBAMC\nBaAwEwYDVR0lBAwwCgYIKwYBBQUHAwIwDAYDVR0TAQH/BAIwADAfBgNVHSMEGDAW\ngBRLE/GAhlP66L9QKhtkkmGPejLlsDANBgkqhkiG9w0BAQsFAAOCAQEAUTtqdnzm\nhIDiYyWRRWhyKeJukMpgwXJp1QJuyakvlBI9tTDE+LJX5YoFot5yAKeJbWGK18Pb\ngGzVOHmE8mNX6CcbhoOsfjNRCFZy7jneITgzmi85vBmsoKrqfmOJjbxF2SmcVTts\nXjt4Hz9b5OenYDQ3sRudy31KTMoCylcTuMu9hqpZqjY3DYOUr1QIWC1vdANJ7KlF\nCfm56ypx/DgE2LFUqvA3VZ4FeY9dnuvHwN6kZko0LVziioyHj8lvTxDWhL7tSceB\nVi5tBZNRtLasn//ACsi+6SmCbYXCTQjClGaL62xrPpfgCn6CGSjb1P0PK1Ye+sBN\n2hJcZlk7ZmhZ2Q==\n-----END CERTIFICATE-----\n",
            "certificate_chain": "-----BEGIN CERTIFICATE-----\nMIIDSDCCAjCgAwIBAgIQeLyiV8FJlRXjdzt73/muTzANBgkqhkiG9w0BAQsFADA+\nMRcwFQYDVQQKEw5tbG9wcy1wbGF0Zm9ybTEjMCEGA1UEAxMabWxvcHMtcGxhdGZv\ncm0ucHJvZC52cG4uY2EwHhcNMjQxMDE3MTk1MjQ2WhcNMzQxMDE1MTk1MjQ2WjA+\nMRcwFQYDVQQKEw5tbG9wcy1wbGF0Zm9ybTEjMCEGA1UEAxMabWxvcHMtcGxhdGZv\ncm0ucHJvZC52cG4uY2EwggEiMA0GCSqGSIb3DQEBAQUAA4IBDwAwggEKAoIBAQCy\nJsTQzcXsUv9hSfvvtL5hyavek2fO3pX+7XQbit+qzUCJufskZvNlRX2j2RJUyE8d\nL7SgIgi0wjB1b+yroyUjuKsfvxjecDiuAc40Cl/XPIVk+pzDxu41URO6stunEBQ+\n0dr4cC/Ll5oGf3YaIavGvlGb3A3k53BMSRuqakhUqjnds67BxFkZROzFTJsv2Sjv\nzxYycISgfLN4JhQVaLi3OIKJUm+8IgzyT6xApn+NcrLQ05PqJO8UyCsQizlpGS8A\nHCMNVN4XzEt4NvgkddESxocPAHnynynWSaETpwd83LzKkeiQ/EWYKOIh81Hod47+\nI6XTszEuJYA4elrYlrshAgMBAAGjQjBAMA4GA1UdDwEB/wQEAwIBBjAPBgNVHRMB\nAf8EBTADAQH/MB0GA1UdDgQWBBRLE/GAhlP66L9QKhtkkmGPejLlsDANBgkqhkiG\n9w0BAQsFAAOCAQEApB+ODhUUho8gbUzYQZVa5u0wFFE1HWWpclQ5JCPuDPt2ZIpC\nxjrAalTOhOTimt5wJMKEAnk2D1ppd6uOyyA6OkIg8sbKs6Zym1rJEBS/I1IG8tkL\niti6Lo7AC4e0v46TNiH5fXjm+4KLP1twzi0fXkgfoioS4XZVZiWhZc/FJxUxOnMj\nZ3bzDW5I70vFWyg0uNk5nsU3aXugeHmY+KimAVqSGTRM/oLZBZ7hzUOmnUuEuwgq\n0FYNoiRZvt7aPbg3WF5KtaOvB4X4+AGqbxyig/YBWikk7PK8zEsYbTMbwmLo0hcW\nhpRdgjinkXRaECvIsuTnPnvqWI05mR/az54L7Q==\n-----END CERTIFICATE-----\n",
            "domain_name": "mlops-platform.prod.vpn.root-client",
            "domain_validation_options": [],
            "early_renewal_duration": "",
            "id": "arn:aws:acm:us-east-1:830921269517:certificate/a1d4e899-78b4-4888-8dc4-09a667924b63",
            "key_algorithm": "RSA_2048",
            "not_after": "2034-10-15T19:52:46Z",
            "not_before": "2024-10-17T19:52:46Z",
            "options": [
              {
                "certificate_transparency_logging_preference": "DISABLED"
              }
            ],
            "pending_renewal": false,
            "private_key": "-----BEGIN RSA PRIVATE KEY-----\nMIIEpAIBAAKCAQEA+Iw4jxRf7MIlhCQgCVjJNn0fmAefCeutS9c3r8BGlIL0M3sZ\n/b8e1SAMeMAiLBAwlAB5gRlvraPSjgAh+S0Fmw4cmaalfWfco5Jq+8DGNv0Ro+3m\nW2bKPW2vuVnKUel/vGhb5p1u3o10y4kHR1hpjvCyJbvo/9zjnrz78KYKkn2cfcq4\ndNALs+UvL7DejBqWa2hRNlCFSnGmfu5cl/Sq6GPQFr6O8+LUMl5xGqdY5XEEiE8q\nLFKaPtzlrzjT0CI2SSYEtDdyx9NM4zRRsESJ3B3POOeTQ0su/YDQzuikt3iJriZW\n5vbru+hHBIDum6CWqF2Wro8LmVMTH8rKW7ZSmQIDAQABAoIBABj3RMsiecw3aDtQ\nwaMOtw9xHBZSVahScxLWKHLP9ob+bHcrW14Ar6Eq2fXbHtOcQLTtI0dTfcNMXF8F\nJmR4IEMF9Nt+QMtK/n+zumlVYNOvMfFseSIfPhtThD4zBb6anMkZFnogwD08qkmz\nlvaUq+2+wbZGnM3uqzKLuybeFtvF7aA9R+x6HmoRV0vy9q3kczMkbwOWGYZCYDqm\nNeMBb5LlYDLAJFUm7HqvVyA3ddIC93EgoZSW3sWYQ9HIHI7g7GB0vaZ28mBvkPuv\nWRjFg0aNE4CoYl2RJzlhi8c9C7r/YpOKpRFd9lKq7t+4XYvgO4aCLAqpTVsf8R45\ncxQCbb0CgYEA/NA4T3rMNhEML0Ma69FMGiMrwnlfQx8zfOCotkACIvtnSfaDfWdn\n7o2MPJje4h30DZB4NChyt+d1q+LT1PKI23Opx5YXVvDPnDeQ2XgagMeyjEa+e/up\nksL6G0W3nuOeLEw0rgMyKo7ksKpe48PEjm1CC5gcQfmulPIzJLzRGqsCgYEA+648\nk+sehBSkwkZ8GiD/1LDIKNnBCHHx9j8EpaKZkkvCMC2sOsI2n70EOPUaKpRH517P\n+PZI/AdA56pA5O18S6cgTaMZbRndfFs0h88Qo8YfqTtaKq/UwZRJ68EUmMimE7FO\nTmWTYPswP6Utdw8qude4tRfftlt/xeuJ1HaCh8sCgYBGVcOk0RwpWprSN1AxFVyf\n1PMiutO2/+I6NuKZObueceUtnai9ZdxzcOv4G+u+aujwMSZQFIS+B2YkeQnIL+XF\ncCtm/KnnpT2NT6Q77H8rHuPcxP3PzpdB3n7owX+xc9AYsObjFr6JOpIDWJLnuRph\nKaJ7SUlrTYS1qaBy8xkV2wKBgQDEZVnGP9JnVUighaowJZIdofn/zrTQZ0JeWxzA\nOBtIyy90sx9UFtvTWQdjfvh1Q5K8nQMDjwSzDuH6JaRQQHYe/wK5Ms4TkfyBHxbl\n55JfiqqIP9WDvAP1L0dj3h65ftICSfkGOkOAiWNENxw8bSx1Kz5qqn+baNlTVBMR\nJY2EcwKBgQDC6khx2R8cmgLzTw/AtBeUT4EZCr7f9Cz0H5bvzgRAcSBX/4Qj3H5K\nQGsCNtaoWhnHhupkOFbUmWBnB+fyBBIjsckwkuVekXtyWp8woYEv2R4avGhVz/zR\nx30dpcnpaM9L1p/b4/XAG8kwH2/IBZqFU2w+wUMGa5/acTkFExdhqg==\n-----END RSA PRIVATE KEY-----\n",
            "renewal_eligibility": "INELIGIBLE",
            "renewal_summary": [],
            "status": "ISSUED",
            "subject_alternative_names": [
              "mlops-platform.prod.vpn.root-client"
            ],
            "tags": {
              "BackupPolicy": "n/a",
              "CostType": "AlwaysCreated",
              "Environment": "production",
              "Terraform": "true",
              "Tier": "Private"
            },
            "tags_all": {
              "BackupPolicy": "n/a",
              "CostType": "AlwaysCreated",
              "Environment": "production",
              "Project": "mlops-platform",
              "Terraform": "true",
              "Tier": "Private"
            },
            "type": "IMPORTED",
            "validation_emails": [],
            "validation_method": "NONE",
            "validation_option": []
          },
          "sensitive_attributes": [
            [
              {
                "type": "get_attr",
                "value": "private_key"
              }
            ]
          ],
          "private": "bnVsbA==",
          "dependencies": [
            "module.vpn-client.tls_cert_request.client",
            "module.vpn-client.tls_locally_signed_cert.client",
            "module.vpn-client.tls_private_key.ca",
            "module.vpn-client.tls_private_key.client",
            "module.vpn-client.tls_self_signed_cert.ca"
          ]
        },
        {
          "index_key": "user-1",
          "schema_version": 0,
          "attributes": {
            "arn": "arn:aws:acm:us-east-1:830921269517:certificate/bf345108-fdb2-4830-9844-96af7db7ed81",
            "certificate_authority_arn": "",
            "certificate_body": "-----BEGIN CERTIFICATE-----\nMIIDaDCCAlCgAwIBAgIRAOCPARDWuI9Cq+9wcfqRAz8wDQYJKoZIhvcNAQELBQAw\nPjEXMBUGA1UEChMObWxvcHMtcGxhdGZvcm0xIzAhBgNVBAMTGm1sb3BzLXBsYXRm\nb3JtLnByb2QudnBuLmNhMB4XDTI0MTAxNzE5NTI0NloXDTM0MTAxNTE5NTI0Nlow\nSTEXMBUGA1UEChMObWxvcHMtcGxhdGZvcm0xLjAsBgNVBAMTJW1sb3BzLXBsYXRm\nb3JtLnByb2QudnBuLnVzZXItMS1jbGllbnQwggEiMA0GCSqGSIb3DQEBAQUAA4IB\nDwAwggEKAoIBAQDogMNlA41jH3D6lDg3Nz3lF5lC3wLhRdfhuCUYpuXjns22cLYn\nMfLE8C++/5MG4eG5PTi7QXPAAENB4LlVJtE7o1qTr8Owd60jDntPORol4Si2aSKf\nXOwc/2/WrejJ45m73ErxOTU2Eg8aZNIjuLHR7A4z0c/rfLu7p/gAWICr61+hCVmV\nWzSWvDm1S/KPOpvDdko8tir/p+NtW73gIbWY+ITVKt8CLVGnik1kbQsS20EGIPu8\n/c7HA/+XmW3Cw7w8+vW0yfIRIBIbq0CTT28y3VF6Ub9YIKpJZy6VDjX+xl733JT4\nrQP8OOY4IoXgyIbjWc6SANZ+25rp1G76n3XPAgMBAAGjVjBUMA4GA1UdDwEB/wQE\nAwIFoDATBgNVHSUEDDAKBggrBgEFBQcDAjAMBgNVHRMBAf8EAjAAMB8GA1UdIwQY\nMBaAFEsT8YCGU/rov1AqG2SSYY96MuWwMA0GCSqGSIb3DQEBCwUAA4IBAQCP2go5\nliPhxNeSR40nfKafpmPafIjhxiTIUCAs6DAlPgByXfw+VlabZ6Sk3beLvYj1UUXW\nSCVRpO6hupQHkKinJEI9md6aTIlskgpD/53wKyDeyLwZ3l5aP818GkTccsbroq2X\nPF9ymqIPhhApIyIrnC39T/tLLov6gZcEiw6YdLeIVh72a06WVJ7xLloiz3Z7rdmA\nZTcx75zV0l4RYNLbfzDOeJAGF4/zSGqS/0RRN+ziGpfWjT2/jVbqHCaai2+vNJfp\nbLO+gZAMcSdeGDkPqTlgqaIfoBn2OOGHMFmvicDtOm9nEoS+SQGy6HPXRO4VCfXs\nIYE66UiAy1Vyhetf\n-----END CERTIFICATE-----\n",
            "certificate_chain": "-----BEGIN CERTIFICATE-----\nMIIDSDCCAjCgAwIBAgIQeLyiV8FJlRXjdzt73/muTzANBgkqhkiG9w0BAQsFADA+\nMRcwFQYDVQQKEw5tbG9wcy1wbGF0Zm9ybTEjMCEGA1UEAxMabWxvcHMtcGxhdGZv\ncm0ucHJvZC52cG4uY2EwHhcNMjQxMDE3MTk1MjQ2WhcNMzQxMDE1MTk1MjQ2WjA+\nMRcwFQYDVQQKEw5tbG9wcy1wbGF0Zm9ybTEjMCEGA1UEAxMabWxvcHMtcGxhdGZv\ncm0ucHJvZC52cG4uY2EwggEiMA0GCSqGSIb3DQEBAQUAA4IBDwAwggEKAoIBAQCy\nJsTQzcXsUv9hSfvvtL5hyavek2fO3pX+7XQbit+qzUCJufskZvNlRX2j2RJUyE8d\nL7SgIgi0wjB1b+yroyUjuKsfvxjecDiuAc40Cl/XPIVk+pzDxu41URO6stunEBQ+\n0dr4cC/Ll5oGf3YaIavGvlGb3A3k53BMSRuqakhUqjnds67BxFkZROzFTJsv2Sjv\nzxYycISgfLN4JhQVaLi3OIKJUm+8IgzyT6xApn+NcrLQ05PqJO8UyCsQizlpGS8A\nHCMNVN4XzEt4NvgkddESxocPAHnynynWSaETpwd83LzKkeiQ/EWYKOIh81Hod47+\nI6XTszEuJYA4elrYlrshAgMBAAGjQjBAMA4GA1UdDwEB/wQEAwIBBjAPBgNVHRMB\nAf8EBTADAQH/MB0GA1UdDgQWBBRLE/GAhlP66L9QKhtkkmGPejLlsDANBgkqhkiG\n9w0BAQsFAAOCAQEApB+ODhUUho8gbUzYQZVa5u0wFFE1HWWpclQ5JCPuDPt2ZIpC\nxjrAalTOhOTimt5wJMKEAnk2D1ppd6uOyyA6OkIg8sbKs6Zym1rJEBS/I1IG8tkL\niti6Lo7AC4e0v46TNiH5fXjm+4KLP1twzi0fXkgfoioS4XZVZiWhZc/FJxUxOnMj\nZ3bzDW5I70vFWyg0uNk5nsU3aXugeHmY+KimAVqSGTRM/oLZBZ7hzUOmnUuEuwgq\n0FYNoiRZvt7aPbg3WF5KtaOvB4X4+AGqbxyig/YBWikk7PK8zEsYbTMbwmLo0hcW\nhpRdgjinkXRaECvIsuTnPnvqWI05mR/az54L7Q==\n-----END CERTIFICATE-----\n",
            "domain_name": "mlops-platform.prod.vpn.user-1-client",
            "domain_validation_options": [],
            "early_renewal_duration": "",
            "id": "arn:aws:acm:us-east-1:830921269517:certificate/bf345108-fdb2-4830-9844-96af7db7ed81",
            "key_algorithm": "RSA_2048",
            "not_after": "2034-10-15T19:52:46Z",
            "not_before": "2024-10-17T19:52:46Z",
            "options": [
              {
                "certificate_transparency_logging_preference": "DISABLED"
              }
            ],
            "pending_renewal": false,
            "private_key": "-----BEGIN RSA PRIVATE KEY-----\nMIIEpAIBAAKCAQEA6IDDZQONYx9w+pQ4Nzc95ReZQt8C4UXX4bglGKbl457NtnC2\nJzHyxPAvvv+TBuHhuT04u0FzwABDQeC5VSbRO6Nak6/DsHetIw57TzkaJeEotmki\nn1zsHP9v1q3oyeOZu9xK8Tk1NhIPGmTSI7ix0ewOM9HP63y7u6f4AFiAq+tfoQlZ\nlVs0lrw5tUvyjzqbw3ZKPLYq/6fjbVu94CG1mPiE1SrfAi1Rp4pNZG0LEttBBiD7\nvP3OxwP/l5ltwsO8PPr1tMnyESASG6tAk09vMt1RelG/WCCqSWculQ41/sZe99yU\n+K0D/DjmOCKF4MiG41nOkgDWftua6dRu+p91zwIDAQABAoIBAQDfjV9SsxWxJzwU\nU4ux25XRvt0IJTG5tNQcHljc2SzVrY2SS9F44lfQ8DiYZ1jRF0NYPvtbYVWQWTBS\nGWdZ7pbjxu+CbU+1T3zT5kq+I+N2ZIYmzfQSUuBcCWdZfaIE7KiWrvwH8L+vG7IV\n6Lb8zct8UoJdZPGMNUS07I5SlsYxhawmMt/pDA44RcWjIU7FGONcg5yq7b2F+zb1\nRg6D43YAYaS14km69pT8U3EBxKfmLRwK7p25OXeBL/VHLaII2p6gUpoVqqkaMsKZ\nVZd67ltpNYp/qvrCfdf/L+rXRVNYu0gBUXfi9EBTlvZbwJjqXmsgiwH1csarYohq\nm7ALNCWxAoGBAPQIdnV72xv4wohFLfWz5Mt64jeWQMqiZfK1uOIEc5f8kQ1Hfzza\nSF8ExccnYNBrXidEO1I+4ChBBz6pyrfHZ5WPssmuayBH8OrpLMRT+aoQvaGzd6tV\n+IA1U/pgNey1p8eU7XQsJ8smnU6GgXayRundYNw+SeemTMhWPtF07aNjAoGBAPPn\njfNRgeL9VR40wDDpxFSWlZRPQ/tL28t8W9636ceAPmXd5wvZ6Fgl6hkQS7AoPokt\nhUMmBqMTXhuNdJTagdiMqZdZajEM0602q242jWjuN11Vc2xEKdP61qvWM72jUIaU\nxq0UEfYN4KYOaBtyXtkIMKittMFFagZBkYaUzG2lAoGAFz4fGj17twRQcu4z3G0P\n45mGpki3TxV8pEtOmqhV4in6HsuqgL9BmVs5Ayjq/a7cPt0u0TyP2QWojP1bA3oI\nkaQoITFtnpt7hMREsUZWRy5lAVu4kCcWDhAGOZikSjFbE5VJsIDsIVtCLFJ/TjDY\ntDmTmiaMn3WlZodgYE7Eu4UCgYA3Is4tBezlwjzeojAcHow6TvwrVavZf/GE02z1\nMQAREEWKw5n6TN1AJ/n+hneFr+NLIVYxssPnU3Z/pf+HssmNiWbBBv6BbhPf4S7p\nsD1RTiCH4cxA2jvWZqrml3qE0QlgEvvCnnnc9JAnGbShF76nMznEt9fXpPhtx569\nHKAF3QKBgQCE/Kz5R8hZ0ytm0amT75ihSHIgYaZ1Ql1r2SqTjS3Yl/bUfuTXnmhU\nTV6db5bfWZesQKGV7xqqGXvzFogJ03Ca532ADSAHiZsQPmKxv6UTu0RjvcaLYswN\n/SNRWHXLViDjA9+8VP72kczg++9XYOfeMk1vNHVxVeFZLXiGKUcogg==\n-----END RSA PRIVATE KEY-----\n",
            "renewal_eligibility": "INELIGIBLE",
            "renewal_summary": [],
            "status": "ISSUED",
            "subject_alternative_names": [
              "mlops-platform.prod.vpn.user-1-client"
            ],
            "tags": {
              "BackupPolicy": "n/a",
              "CostType": "AlwaysCreated",
              "Environment": "production",
              "Terraform": "true",
              "Tier": "Private"
            },
            "tags_all": {
              "BackupPolicy": "n/a",
              "CostType": "AlwaysCreated",
              "Environment": "production",
              "Project": "mlops-platform",
              "Terraform": "true",
              "Tier": "Private"
            },
            "type": "IMPORTED",
            "validation_emails": [],
            "validation_method": "NONE",
            "validation_option": []
          },
          "sensitive_attributes": [
            [
              {
                "type": "get_attr",
                "value": "private_key"
              }
            ]
          ],
          "private": "bnVsbA==",
          "dependencies": [
            "module.vpn-client.tls_cert_request.client",
            "module.vpn-client.tls_locally_signed_cert.client",
            "module.vpn-client.tls_private_key.ca",
            "module.vpn-client.tls_private_key.client",
            "module.vpn-client.tls_self_signed_cert.ca"
          ]
        }
      ]
    },
    {
      "module": "module.vpn-client",
      "mode": "managed",
      "type": "aws_acm_certificate",
      "name": "server",
      "provider": "provider[\"registry.terraform.io/hashicorp/aws\"]",
      "instances": [
        {
          "schema_version": 0,
          "attributes": {
            "arn": "arn:aws:acm:us-east-1:830921269517:certificate/6d124bc7-bdf1-483e-9bfa-57cdcc018adf",
            "certificate_authority_arn": "",
            "certificate_body": "-----BEGIN CERTIFICATE-----\nMIIDYTCCAkmgAwIBAgIRANVOxqxcwbwFCLifHgMHO+8wDQYJKoZIhvcNAQELBQAw\nPjEXMBUGA1UEChMObWxvcHMtcGxhdGZvcm0xIzAhBgNVBAMTGm1sb3BzLXBsYXRm\nb3JtLnByb2QudnBuLmNhMB4XDTI0MTAxNzE5NTI0NloXDTM0MTAxNTE5NTI0Nlow\nQjEXMBUGA1UEChMObWxvcHMtcGxhdGZvcm0xJzAlBgNVBAMTHm1sb3BzLXBsYXRm\nb3JtLnByb2QudnBuLnNlcnZlcjCCASIwDQYJKoZIhvcNAQEBBQADggEPADCCAQoC\nggEBAMWL9SpckXyAowNppmQzC2Nn+pXu+5dkaTrZ1bFAIK39JM/7y+iLApQKYjnP\n3mx+3Q4n5NQ/0c5ei+oSGgBkT9gHkCrZ5vdC7MeHq7ft9wIcl1WMWu/cgHuK47WM\n4j/ChmK1bGaBBpvx9vOlX+cxqgD8zvRLmR8SUhJJCw4RSxehlI0hHhkNStlqE4Hg\n4zDpGwngccqAGNAJ0TB+5tWYELIFKMj/KRefIKCwldLoCOC1SBn1UZhXHFb5Y+x1\nniGKhoITOVw1B/wIZZ2U2BSB5wwZrxx/l5+rQ4MgRNkQS1q10jYscECxrA13EaNp\nkREEpeB2/T6PbsM+CSmj5GtTvzMCAwEAAaNWMFQwDgYDVR0PAQH/BAQDAgWgMBMG\nA1UdJQQMMAoGCCsGAQUFBwMBMAwGA1UdEwEB/wQCMAAwHwYDVR0jBBgwFoAUSxPx\ngIZT+ui/UCobZJJhj3oy5bAwDQYJKoZIhvcNAQELBQADggEBAEClSFGc57hXa3AT\nEcTForXx4OP1vvpvKv0LCFmKDcihyDqdTfvG81mfPgDyn0DaStco5qZUdSpQxKhm\nJgiD7076IWKJ10vs1HesyNUjXIGAdHzW0TWCYJeaaiUy9anGliFug3DxmGg2Cohu\ncT/JBH6JPF2dpCC9g5Y2jobqAJg8Qa8KuYQhUz3V4ifINuSeE7LkRbsqHPNX2EDa\nM67I01/0cKmW0Qgj4oZmAxztaxibYC0vj2k5vLgxFlwUjrIP+lG46zSvg5LPCBUB\n+Oyyaxtg74tG9J4Wb1ey7bqFhb6QszU+AllZqOsPP3aQtbvAYBhKFxdj/nhRuvtb\nhFxj7+U=\n-----END CERTIFICATE-----\n",
            "certificate_chain": "-----BEGIN CERTIFICATE-----\nMIIDSDCCAjCgAwIBAgIQeLyiV8FJlRXjdzt73/muTzANBgkqhkiG9w0BAQsFADA+\nMRcwFQYDVQQKEw5tbG9wcy1wbGF0Zm9ybTEjMCEGA1UEAxMabWxvcHMtcGxhdGZv\ncm0ucHJvZC52cG4uY2EwHhcNMjQxMDE3MTk1MjQ2WhcNMzQxMDE1MTk1MjQ2WjA+\nMRcwFQYDVQQKEw5tbG9wcy1wbGF0Zm9ybTEjMCEGA1UEAxMabWxvcHMtcGxhdGZv\ncm0ucHJvZC52cG4uY2EwggEiMA0GCSqGSIb3DQEBAQUAA4IBDwAwggEKAoIBAQCy\nJsTQzcXsUv9hSfvvtL5hyavek2fO3pX+7XQbit+qzUCJufskZvNlRX2j2RJUyE8d\nL7SgIgi0wjB1b+yroyUjuKsfvxjecDiuAc40Cl/XPIVk+pzDxu41URO6stunEBQ+\n0dr4cC/Ll5oGf3YaIavGvlGb3A3k53BMSRuqakhUqjnds67BxFkZROzFTJsv2Sjv\nzxYycISgfLN4JhQVaLi3OIKJUm+8IgzyT6xApn+NcrLQ05PqJO8UyCsQizlpGS8A\nHCMNVN4XzEt4NvgkddESxocPAHnynynWSaETpwd83LzKkeiQ/EWYKOIh81Hod47+\nI6XTszEuJYA4elrYlrshAgMBAAGjQjBAMA4GA1UdDwEB/wQEAwIBBjAPBgNVHRMB\nAf8EBTADAQH/MB0GA1UdDgQWBBRLE/GAhlP66L9QKhtkkmGPejLlsDANBgkqhkiG\n9w0BAQsFAAOCAQEApB+ODhUUho8gbUzYQZVa5u0wFFE1HWWpclQ5JCPuDPt2ZIpC\nxjrAalTOhOTimt5wJMKEAnk2D1ppd6uOyyA6OkIg8sbKs6Zym1rJEBS/I1IG8tkL\niti6Lo7AC4e0v46TNiH5fXjm+4KLP1twzi0fXkgfoioS4XZVZiWhZc/FJxUxOnMj\nZ3bzDW5I70vFWyg0uNk5nsU3aXugeHmY+KimAVqSGTRM/oLZBZ7hzUOmnUuEuwgq\n0FYNoiRZvt7aPbg3WF5KtaOvB4X4+AGqbxyig/YBWikk7PK8zEsYbTMbwmLo0hcW\nhpRdgjinkXRaECvIsuTnPnvqWI05mR/az54L7Q==\n-----END CERTIFICATE-----\n",
            "domain_name": "mlops-platform.prod.vpn.server",
            "domain_validation_options": [],
            "early_renewal_duration": "",
            "id": "arn:aws:acm:us-east-1:830921269517:certificate/6d124bc7-bdf1-483e-9bfa-57cdcc018adf",
            "key_algorithm": "RSA_2048",
            "not_after": "2034-10-15T19:52:46Z",
            "not_before": "2024-10-17T19:52:46Z",
            "options": [
              {
                "certificate_transparency_logging_preference": "DISABLED"
              }
            ],
            "pending_renewal": false,
            "private_key": "-----BEGIN RSA PRIVATE KEY-----\nMIIEpAIBAAKCAQEAxYv1KlyRfICjA2mmZDMLY2f6le77l2RpOtnVsUAgrf0kz/vL\n6IsClApiOc/ebH7dDifk1D/Rzl6L6hIaAGRP2AeQKtnm90Lsx4ert+33AhyXVYxa\n79yAe4rjtYziP8KGYrVsZoEGm/H286Vf5zGqAPzO9EuZHxJSEkkLDhFLF6GUjSEe\nGQ1K2WoTgeDjMOkbCeBxyoAY0AnRMH7m1ZgQsgUoyP8pF58goLCV0ugI4LVIGfVR\nmFccVvlj7HWeIYqGghM5XDUH/AhlnZTYFIHnDBmvHH+Xn6tDgyBE2RBLWrXSNixw\nQLGsDXcRo2mREQSl4Hb9Po9uwz4JKaPka1O/MwIDAQABAoIBAQCWRhdj+DL8IObg\nq7fVtTbOkcR/1eIxkkKycA8s3Pl/IXildofxB/4YG6YJEGXE5uTF5fcetsWlVSre\nDpMVBTnvviEfV89o/NIeHsi0DCPAyXsdqr1qhbR/RnJeIyPhGNsdr6EcgL5EVtZj\nFcRUnOUUBzxvfiqnBkrEeigctW8IM530WjCkWLYZoCoIMriwACw4ERrH5GUAyXoq\n0kuIoXaB3gNK4tNLPLYid7Ujjzuc9bDMvvdux/ayBF9UY+psQby7vvhMh5tXmnqP\nCCQXMOidMWaOsS7UujBYRwhEnXxk+7LVoC4As50W233LJNR0IE2pTANRuNrHqbTA\nXEHDK2IhAoGBANlTTAHOr91H/6ar8o+Ixj2/1R9vzg9SY7FSikW7E1DI4kbiIwpR\ny+IC5t0g8yRuiqHAiutePu3oDab5Je544UGxdfduOUS+Z4OUb6K7Xy9a4cjFAjTP\nf2g2U4LH+/p6MhxtvwKVeeL4OwehMy38N/3xTh0F4d2pykRdDlqgXDerAoGBAOiz\nmlxvH+NPzKYpL5aH/zn24Z8GX3D0cx5q24HRAtlXtebRBnZivYQ7BbXiisGb8tAn\n+iMdJX51Bqi5k8hDzIADhi4+n7aiHGY2hltR2/04NP6hOsmdwC46TomAXcBdl5qf\nTRxTc9sQMwIou2KtAc3k5tDuRWKtKbhSHp8V4W6ZAoGAW5wbTB++Tn8NK0sMQqkb\nN+hnhIryx86pK5RpqR9E8ybbC5pDvxPf5/PlMY20MMVQNwMdDD58NHk/WAVqke3u\ntmyCF70k8u94XyTxMh3d7+5VgvZZCb32LQ3JgjWe6GUePpGclRBBgwW0jHDNTDMn\nvyo7DUzveysZklvPszAp72UCgYAfu4Y8Pqchj1s/+XPU2jzSwbjov6y6MYuVRUsj\nu8Xgr5ZNoIl6EWL4qjfQItF7L3IAMsNokGvxf7HlxlDByYUUm+ZrXfzXoemvgpX1\n1Abk1ApeAsyKe+meJDNbita+CcVHv5t7VmIBKIdcLwPGpAMP+bwEF8n8d9KtoP0u\nAoTYWQKBgQCR/bYi80SjJzOYCkWdSwuTyZkURKNXOWstXLR6amjDqTzAaMsm5/ue\nknr07+yHAE6ceYNLThAS78xKO/Wnj3laB6NjOg4GiUyxngyApeUa25pJwRhtrtFD\nOiX6QHKCEUBa3rEqnY9WEwdEgzeAN0HctH0S06sYI3RPCw+AS+5RUw==\n-----END RSA PRIVATE KEY-----\n",
            "renewal_eligibility": "INELIGIBLE",
            "renewal_summary": [],
            "status": "ISSUED",
            "subject_alternative_names": [
              "mlops-platform.prod.vpn.server"
            ],
            "tags": {
              "Environment": "production",
              "Terraform": "true"
            },
            "tags_all": {
              "Environment": "production",
              "Project": "mlops-platform",
              "Terraform": "true"
            },
            "type": "IMPORTED",
            "validation_emails": [],
            "validation_method": "NONE",
            "validation_option": []
          },
          "sensitive_attributes": [
            [
              {
                "type": "get_attr",
                "value": "private_key"
              }
            ]
          ],
          "private": "bnVsbA==",
          "dependencies": [
            "module.vpn-client.tls_cert_request.server",
            "module.vpn-client.tls_locally_signed_cert.server",
            "module.vpn-client.tls_private_key.ca",
            "module.vpn-client.tls_private_key.server",
            "module.vpn-client.tls_self_signed_cert.ca"
          ]
        }
      ]
    },
    {
      "module": "module.vpn-client",
      "mode": "managed",
      "type": "aws_cloudwatch_log_group",
      "name": "vpn-logs",
      "provider": "provider[\"registry.terraform.io/hashicorp/aws\"]",
      "instances": [
        {
          "schema_version": 0,
          "attributes": {
            "arn": "arn:aws:logs:us-east-1:830921269517:log-group:mlops-platform/prod/vpn/logs/",
            "id": "mlops-platform/prod/vpn/logs/",
            "kms_key_id": "",
            "log_group_class": "STANDARD",
            "name": "mlops-platform/prod/vpn/logs/",
            "name_prefix": "",
            "retention_in_days": 7,
            "skip_destroy": false,
            "tags": {},
            "tags_all": {
              "Environment": "prod",
              "Project": "mlops-platform"
            }
          },
          "sensitive_attributes": [],
          "private": "bnVsbA=="
        }
      ]
    },
    {
      "module": "module.vpn-client",
      "mode": "managed",
      "type": "aws_cloudwatch_log_stream",
      "name": "vpn-logs-stream",
      "provider": "provider[\"registry.terraform.io/hashicorp/aws\"]",
      "instances": [
        {
          "schema_version": 0,
          "attributes": {
            "arn": "arn:aws:logs:us-east-1:830921269517:log-group:mlops-platform/prod/vpn/logs/:log-stream:connection_logs",
            "id": "connection_logs",
            "log_group_name": "mlops-platform/prod/vpn/logs/",
            "name": "connection_logs"
          },
          "sensitive_attributes": [],
          "private": "bnVsbA==",
          "dependencies": [
            "module.vpn-client.aws_cloudwatch_log_group.vpn-logs"
          ]
        }
      ]
    },
    {
      "module": "module.vpn-client",
      "mode": "managed",
      "type": "aws_ec2_client_vpn_authorization_rule",
      "name": "vpn-client",
      "provider": "provider[\"registry.terraform.io/hashicorp/aws\"]",
      "instances": [
        {
          "schema_version": 0,
          "attributes": {
            "access_group_id": "",
            "authorize_all_groups": true,
            "client_vpn_endpoint_id": "cvpn-endpoint-065d0f64fd787e006",
            "description": "",
            "id": "cvpn-endpoint-065d0f64fd787e006,0.0.0.0/0",
            "target_network_cidr": "0.0.0.0/0",
            "timeouts": null
          },
          "sensitive_attributes": [],
          "private": "eyJlMmJmYjczMC1lY2FhLTExZTYtOGY4OC0zNDM2M2JjN2M0YzAiOnsiY3JlYXRlIjo2MDAwMDAwMDAwMDAsImRlbGV0ZSI6NjAwMDAwMDAwMDAwfX0=",
          "dependencies": [
            "module.vpc.aws_subnet.public",
            "module.vpc.aws_vpc.this",
            "module.vpc.aws_vpc_ipv4_cidr_block_association.this",
            "module.vpn-client.aws_acm_certificate.client",
            "module.vpn-client.aws_acm_certificate.server",
            "module.vpn-client.aws_cloudwatch_log_group.vpn-logs",
            "module.vpn-client.aws_cloudwatch_log_stream.vpn-logs-stream",
            "module.vpn-client.aws_ec2_client_vpn_endpoint.vpn-client",
            "module.vpn-client.aws_ec2_client_vpn_network_association.vpn-client",
            "module.vpn-client.aws_security_group.vpn",
            "module.vpn-client.tls_cert_request.client",
            "module.vpn-client.tls_cert_request.server",
            "module.vpn-client.tls_locally_signed_cert.client",
            "module.vpn-client.tls_locally_signed_cert.server",
            "module.vpn-client.tls_private_key.ca",
            "module.vpn-client.tls_private_key.client",
            "module.vpn-client.tls_private_key.server",
            "module.vpn-client.tls_self_signed_cert.ca"
          ]
        }
      ]
    },
    {
      "module": "module.vpn-client",
      "mode": "managed",
      "type": "aws_ec2_client_vpn_endpoint",
      "name": "vpn-client",
      "provider": "provider[\"registry.terraform.io/hashicorp/aws\"]",
      "instances": [
        {
          "schema_version": 0,
          "attributes": {
            "arn": "arn:aws:ec2:us-east-1:830921269517:client-vpn-endpoint/cvpn-endpoint-065d0f64fd787e006",
            "authentication_options": [
              {
                "active_directory_id": "",
                "root_certificate_chain_arn": "arn:aws:acm:us-east-1:830921269517:certificate/a1d4e899-78b4-4888-8dc4-09a667924b63",
                "saml_provider_arn": "",
                "self_service_saml_provider_arn": "",
                "type": "certificate-authentication"
              }
            ],
            "client_cidr_block": "10.1.0.0/16",
            "client_connect_options": [
              {
                "enabled": false,
                "lambda_function_arn": ""
              }
            ],
            "client_login_banner_options": [
              {
                "banner_text": "",
                "enabled": false
              }
            ],
            "connection_log_options": [
              {
                "cloudwatch_log_group": "mlops-platform/prod/vpn/logs/",
                "cloudwatch_log_stream": "connection_logs",
                "enabled": true
              }
            ],
            "description": "mlops-platform-prod-vpn-client",
            "dns_name": "*.cvpn-endpoint-065d0f64fd787e006.prod.clientvpn.us-east-1.amazonaws.com",
            "dns_servers": [],
            "id": "cvpn-endpoint-065d0f64fd787e006",
            "security_group_ids": [
              "sg-007954fac8ec3f0bc"
            ],
            "self_service_portal": "disabled",
            "self_service_portal_url": "",
            "server_certificate_arn": "arn:aws:acm:us-east-1:830921269517:certificate/6d124bc7-bdf1-483e-9bfa-57cdcc018adf",
            "session_timeout_hours": 8,
            "split_tunnel": true,
            "tags": {
              "Environment": "production",
              "Terraform": "true"
            },
            "tags_all": {
              "Environment": "production",
              "Project": "mlops-platform",
              "Terraform": "true"
            },
            "transport_protocol": "udp",
            "vpc_id": "vpc-0d4fbc26abf479652",
            "vpn_port": 443
          },
          "sensitive_attributes": [],
          "private": "bnVsbA==",
          "dependencies": [
            "module.vpc.aws_vpc.this",
            "module.vpn-client.aws_acm_certificate.client",
            "module.vpn-client.aws_acm_certificate.server",
            "module.vpn-client.aws_cloudwatch_log_group.vpn-logs",
            "module.vpn-client.aws_cloudwatch_log_stream.vpn-logs-stream",
            "module.vpn-client.aws_security_group.vpn",
            "module.vpn-client.tls_cert_request.client",
            "module.vpn-client.tls_cert_request.server",
            "module.vpn-client.tls_locally_signed_cert.client",
            "module.vpn-client.tls_locally_signed_cert.server",
            "module.vpn-client.tls_private_key.ca",
            "module.vpn-client.tls_private_key.client",
            "module.vpn-client.tls_private_key.server",
            "module.vpn-client.tls_self_signed_cert.ca"
          ]
        }
      ]
    },
    {
      "module": "module.vpn-client",
      "mode": "managed",
      "type": "aws_ec2_client_vpn_network_association",
      "name": "vpn-client",
      "provider": "provider[\"registry.terraform.io/hashicorp/aws\"]",
      "instances": [
        {
          "schema_version": 0,
          "attributes": {
            "association_id": "cvpn-assoc-0f19de486f945c5af",
            "client_vpn_endpoint_id": "cvpn-endpoint-065d0f64fd787e006",
            "id": "cvpn-assoc-0f19de486f945c5af",
            "subnet_id": "subnet-0ac52466a529485e8",
            "timeouts": null,
            "vpc_id": "vpc-0d4fbc26abf479652"
          },
          "sensitive_attributes": [],
          "private": "eyJlMmJmYjczMC1lY2FhLTExZTYtOGY4OC0zNDM2M2JjN2M0YzAiOnsiY3JlYXRlIjoxODAwMDAwMDAwMDAwLCJkZWxldGUiOjE4MDAwMDAwMDAwMDB9fQ==",
          "dependencies": [
            "module.vpc.aws_subnet.public",
            "module.vpc.aws_vpc.this",
            "module.vpc.aws_vpc_ipv4_cidr_block_association.this",
            "module.vpn-client.aws_acm_certificate.client",
            "module.vpn-client.aws_acm_certificate.server",
            "module.vpn-client.aws_cloudwatch_log_group.vpn-logs",
            "module.vpn-client.aws_cloudwatch_log_stream.vpn-logs-stream",
            "module.vpn-client.aws_ec2_client_vpn_endpoint.vpn-client",
            "module.vpn-client.aws_security_group.vpn",
            "module.vpn-client.tls_cert_request.client",
            "module.vpn-client.tls_cert_request.server",
            "module.vpn-client.tls_locally_signed_cert.client",
            "module.vpn-client.tls_locally_signed_cert.server",
            "module.vpn-client.tls_private_key.ca",
            "module.vpn-client.tls_private_key.client",
            "module.vpn-client.tls_private_key.server",
            "module.vpn-client.tls_self_signed_cert.ca"
          ]
        }
      ]
    },
    {
      "module": "module.vpn-client",
      "mode": "managed",
      "type": "aws_s3_bucket",
      "name": "vpn-config-files",
      "provider": "provider[\"registry.terraform.io/hashicorp/aws\"]",
      "instances": [
        {
          "schema_version": 0,
          "attributes": {
            "acceleration_status": "",
            "acl": null,
            "arn": "arn:aws:s3:::mlops-platform-prod-vpn-config-files",
            "bucket": "mlops-platform-prod-vpn-config-files",
            "bucket_domain_name": "mlops-platform-prod-vpn-config-files.s3.amazonaws.com",
            "bucket_prefix": "",
            "bucket_regional_domain_name": "mlops-platform-prod-vpn-config-files.s3.us-east-1.amazonaws.com",
            "cors_rule": [],
            "force_destroy": true,
            "grant": [
              {
                "id": "787afcea2d26c65caa9c5b7d8ce01a5f8c41489721d08f93b79645270735568e",
                "permissions": [
                  "FULL_CONTROL"
                ],
                "type": "CanonicalUser",
                "uri": ""
              }
            ],
            "hosted_zone_id": "Z3AQBSTGFYJSTF",
            "id": "mlops-platform-prod-vpn-config-files",
            "lifecycle_rule": [],
            "logging": [],
            "object_lock_configuration": [],
            "object_lock_enabled": false,
            "policy": "{\"Statement\":[{\"Action\":\"s3:*\",\"Condition\":{\"Bool\":{\"aws:SecureTransport\":\"false\"}},\"Effect\":\"Deny\",\"Principal\":\"*\",\"Resource\":[\"arn:aws:s3:::mlops-platform-prod-vpn-config-files/*\",\"arn:aws:s3:::mlops-platform-prod-vpn-config-files\"]}],\"Version\":\"2012-10-17\"}",
            "region": "us-east-1",
            "replication_configuration": [],
            "request_payer": "BucketOwner",
            "server_side_encryption_configuration": [
              {
                "rule": [
                  {
                    "apply_server_side_encryption_by_default": [
                      {
                        "kms_master_key_id": "",
                        "sse_algorithm": "AES256"
                      }
                    ],
                    "bucket_key_enabled": false
                  }
                ]
              }
            ],
            "tags": {
              "BackupPolicy": "n/a",
              "CostType": "AlwaysCreated",
              "Environment": "production",
              "Name": "mlops-platform-prod-vpn-config-files",
              "Terraform": "true"
            },
            "tags_all": {
              "BackupPolicy": "n/a",
              "CostType": "AlwaysCreated",
              "Environment": "production",
              "Name": "mlops-platform-prod-vpn-config-files",
              "Project": "mlops-platform",
              "Terraform": "true"
            },
            "timeouts": null,
            "versioning": [
              {
                "enabled": false,
                "mfa_delete": false
              }
            ],
            "website": [],
            "website_domain": null,
            "website_endpoint": null
          },
          "sensitive_attributes": [],
          "private": "eyJlMmJmYjczMC1lY2FhLTExZTYtOGY4OC0zNDM2M2JjN2M0YzAiOnsiY3JlYXRlIjoxMjAwMDAwMDAwMDAwLCJkZWxldGUiOjM2MDAwMDAwMDAwMDAsInJlYWQiOjEyMDAwMDAwMDAwMDAsInVwZGF0ZSI6MTIwMDAwMDAwMDAwMH19"
        }
      ]
    },
    {
      "module": "module.vpn-client",
      "mode": "managed",
      "type": "aws_s3_bucket_policy",
      "name": "vpn-config-files",
      "provider": "provider[\"registry.terraform.io/hashicorp/aws\"]",
      "instances": [
        {
          "schema_version": 0,
          "attributes": {
            "bucket": "mlops-platform-prod-vpn-config-files",
            "id": "mlops-platform-prod-vpn-config-files",
            "policy": "{\"Statement\":[{\"Action\":\"s3:*\",\"Condition\":{\"Bool\":{\"aws:SecureTransport\":\"false\"}},\"Effect\":\"Deny\",\"Principal\":\"*\",\"Resource\":[\"arn:aws:s3:::mlops-platform-prod-vpn-config-files/*\",\"arn:aws:s3:::mlops-platform-prod-vpn-config-files\"]}],\"Version\":\"2012-10-17\"}"
          },
          "sensitive_attributes": [],
          "private": "bnVsbA==",
          "dependencies": [
            "module.vpn-client.aws_s3_bucket.vpn-config-files",
            "module.vpn-client.data.aws_iam_policy_document.vpn-config-files"
          ]
        }
      ]
    },
    {
      "module": "module.vpn-client",
      "mode": "managed",
      "type": "aws_s3_bucket_public_access_block",
      "name": "vpn-config-files",
      "provider": "provider[\"registry.terraform.io/hashicorp/aws\"]",
      "instances": [
        {
          "schema_version": 0,
          "attributes": {
            "block_public_acls": true,
            "block_public_policy": true,
            "bucket": "mlops-platform-prod-vpn-config-files",
            "id": "mlops-platform-prod-vpn-config-files",
            "ignore_public_acls": true,
            "restrict_public_buckets": true
          },
          "sensitive_attributes": [],
          "private": "bnVsbA==",
          "dependencies": [
            "module.vpn-client.aws_s3_bucket.vpn-config-files"
          ]
        }
      ]
    },
    {
      "module": "module.vpn-client",
      "mode": "managed",
      "type": "aws_s3_bucket_server_side_encryption_configuration",
      "name": "vpn-config-files",
      "provider": "provider[\"registry.terraform.io/hashicorp/aws\"]",
      "instances": [
        {
          "schema_version": 0,
          "attributes": {
            "bucket": "mlops-platform-prod-vpn-config-files",
            "expected_bucket_owner": "",
            "id": "mlops-platform-prod-vpn-config-files",
            "rule": [
              {
                "apply_server_side_encryption_by_default": [
                  {
                    "kms_master_key_id": "",
                    "sse_algorithm": "AES256"
                  }
                ],
                "bucket_key_enabled": false
              }
            ]
          },
          "sensitive_attributes": [],
          "private": "bnVsbA==",
          "dependencies": [
            "module.vpn-client.aws_s3_bucket.vpn-config-files"
          ]
        }
      ]
    },
    {
      "module": "module.vpn-client",
      "mode": "managed",
      "type": "aws_s3_object",
      "name": "vpn-config-file",
      "provider": "provider[\"registry.terraform.io/hashicorp/aws\"]",
      "instances": [
        {
          "index_key": "root",
          "schema_version": 0,
          "attributes": {
            "acl": null,
            "arn": "arn:aws:s3:::mlops-platform-prod-vpn-config-files/root-mlops-platform-prod-vpn.ovpn",
            "bucket": "mlops-platform-prod-vpn-config-files",
            "bucket_key_enabled": false,
            "cache_control": "",
            "checksum_algorithm": null,
            "checksum_crc32": "",
            "checksum_crc32c": "",
            "checksum_sha1": "",
            "checksum_sha256": "",
            "content": null,
            "content_base64": "Y2xpZW50CmRldiB0dW4KcHJvdG8gdWRwCnJlbW90ZSBjdnBuLWVuZHBvaW50LTA2NWQwZjY0ZmQ3ODdlMDA2LnByb2QuY2xpZW50dnBuLnVzLWVhc3QtMS5hbWF6b25hd3MuY29tIDQ0MwpyZW1vdGUtcmFuZG9tLWhvc3RuYW1lCnJlc29sdi1yZXRyeSBpbmZpbml0ZQpub2JpbmQKcmVtb3RlLWNlcnQtdGxzIHNlcnZlcgpjaXBoZXIgQUVTLTI1Ni1HQ00KLS1pbmFjdGl2ZSAzMDAgMTAwCnZlcmIgMwoKPGNhPgotLS0tLUJFR0lOIENFUlRJRklDQVRFLS0tLS0KTUlJRFNEQ0NBakNnQXdJQkFnSVFlTHlpVjhGSmxSWGpkenQ3My9tdVR6QU5CZ2txaGtpRzl3MEJBUXNGQURBKwpNUmN3RlFZRFZRUUtFdzV0Ykc5d2N5MXdiR0YwWm05eWJURWpNQ0VHQTFVRUF4TWFiV3h2Y0hNdGNHeGhkR1p2CmNtMHVjSEp2WkM1MmNHNHVZMkV3SGhjTk1qUXhNREUzTVRrMU1qUTJXaGNOTXpReE1ERTFNVGsxTWpRMldqQSsKTVJjd0ZRWURWUVFLRXc1dGJHOXdjeTF3YkdGMFptOXliVEVqTUNFR0ExVUVBeE1hYld4dmNITXRjR3hoZEdadgpjbTB1Y0hKdlpDNTJjRzR1WTJFd2dnRWlNQTBHQ1NxR1NJYjNEUUVCQVFVQUE0SUJEd0F3Z2dFS0FvSUJBUUN5CkpzVFF6Y1hzVXY5aFNmdnZ0TDVoeWF2ZWsyZk8zcFgrN1hRYml0K3F6VUNKdWZza1p2TmxSWDJqMlJKVXlFOGQKTDdTZ0lnaTB3akIxYit5cm95VWp1S3NmdnhqZWNEaXVBYzQwQ2wvWFBJVmsrcHpEeHU0MVVSTzZzdHVuRUJRKwowZHI0Y0MvTGw1b0dmM1lhSWF2R3ZsR2IzQTNrNTNCTVNSdXFha2hVcWpuZHM2N0J4RmtaUk96RlRKc3YyU2p2Cnp4WXljSVNnZkxONEpoUVZhTGkzT0lLSlVtKzhJZ3p5VDZ4QXBuK05jckxRMDVQcUpPOFV5Q3NRaXpscEdTOEEKSENNTlZONFh6RXQ0TnZna2RkRVN4b2NQQUhueW55bldTYUVUcHdkODNMektrZWlRL0VXWUtPSWg4MUhvZDQ3KwpJNlhUc3pFdUpZQTRlbHJZbHJzaEFnTUJBQUdqUWpCQU1BNEdBMVVkRHdFQi93UUVBd0lCQmpBUEJnTlZIUk1CCkFmOEVCVEFEQVFIL01CMEdBMVVkRGdRV0JCUkxFL0dBaGxQNjZMOVFLaHRra21HUGVqTGxzREFOQmdrcWhraUcKOXcwQkFRc0ZBQU9DQVFFQXBCK09EaFVVaG84Z2JVellRWlZhNXUwd0ZGRTFIV1dwY2xRNUpDUHVEUHQyWklwQwp4anJBYWxUT2hPVGltdDV3Sk1LRUFuazJEMXBwZDZ1T3l5QTZPa0lnOHNiS3M2WnltMXJKRUJTL0kxSUc4dGtMCml0aTZMbzdBQzRlMHY0NlROaUg1ZlhqbSs0S0xQMXR3emkwZlhrZ2ZvaW9TNFhaVlppV2haYy9GSnhVeE9uTWoKWjNiekRXNUk3MHZGV3lnMHVOazVuc1UzYVh1Z2VIbVkrS2ltQVZxU0dUUk0vb0xaQlo3aHpVT21uVXVFdXdncQowRllOb2lSWnZ0N2FQYmczV0Y1S3RhT3ZCNFg0K0FHcWJ4eWlnL1lCV2lrazdQSzh6RXNZYlRNYndtTG8waGNXCmhwUmRnamlua1hSYUVDdklzdVRuUG52cVdJMDVtUi9hejU0TDdRPT0KLS0tLS1FTkQgQ0VSVElGSUNBVEUtLS0tLQoKPC9jYT4KCnJlbmVnLXNlYyAwCgo8Y2VydD4KLS0tLS1CRUdJTiBDRVJUSUZJQ0FURS0tLS0tCk1JSURaakNDQWs2Z0F3SUJBZ0lSQUxKNFZOeUo3b096YVJhU21QdHI1eEl3RFFZSktvWklodmNOQVFFTEJRQXcKUGpFWE1CVUdBMVVFQ2hNT2JXeHZjSE10Y0d4aGRHWnZjbTB4SXpBaEJnTlZCQU1UR20xc2IzQnpMWEJzWVhSbQpiM0p0TG5CeWIyUXVkbkJ1TG1OaE1CNFhEVEkwTVRBeE56RTVOVEkwTmxvWERUTTBNVEF4TlRFNU5USTBObG93ClJ6RVhNQlVHQTFVRUNoTU9iV3h2Y0hNdGNHeGhkR1p2Y20weExEQXFCZ05WQkFNVEkyMXNiM0J6TFhCc1lYUm0KYjNKdExuQnliMlF1ZG5CdUxuSnZiM1F0WTJ4cFpXNTBNSUlCSWpBTkJna3Foa2lHOXcwQkFRRUZBQU9DQVE4QQpNSUlCQ2dLQ0FRRUErSXc0anhSZjdNSWxoQ1FnQ1ZqSk5uMGZtQWVmQ2V1dFM5YzNyOEJHbElMME0zc1ovYjhlCjFTQU1lTUFpTEJBd2xBQjVnUmx2cmFQU2pnQWgrUzBGbXc0Y21hYWxmV2ZjbzVKcSs4REdOdjBSbyszbVcyYksKUFcydnVWbktVZWwvdkdoYjVwMXUzbzEweTRrSFIxaHBqdkN5SmJ2by85empucno3OEtZS2tuMmNmY3E0ZE5BTApzK1V2TDdEZWpCcVdhMmhSTmxDRlNuR21mdTVjbC9TcTZHUFFGcjZPOCtMVU1sNXhHcWRZNVhFRWlFOHFMRkthClB0emxyempUMENJMlNTWUV0RGR5eDlOTTR6UlJzRVNKM0IzUE9PZVRRMHN1L1lEUXp1aWt0M2lKcmlaVzV2YnIKdStoSEJJRHVtNkNXcUYyV3JvOExtVk1USDhyS1c3WlNtUUlEQVFBQm8xWXdWREFPQmdOVkhROEJBZjhFQkFNQwpCYUF3RXdZRFZSMGxCQXd3Q2dZSUt3WUJCUVVIQXdJd0RBWURWUjBUQVFIL0JBSXdBREFmQmdOVkhTTUVHREFXCmdCUkxFL0dBaGxQNjZMOVFLaHRra21HUGVqTGxzREFOQmdrcWhraUc5dzBCQVFzRkFBT0NBUUVBVVR0cWRuem0KaElEaVl5V1JSV2h5S2VKdWtNcGd3WEpwMVFKdXlha3ZsQkk5dFRERStMSlg1WW9Gb3Q1eUFLZUpiV0dLMThQYgpnR3pWT0htRThtTlg2Q2NiaG9Pc2ZqTlJDRlp5N2puZUlUZ3ptaTg1dkJtc29LcnFmbU9KamJ4RjJTbWNWVHRzClhqdDRIejliNU9lbllEUTNzUnVkeTMxS1RNb0N5bGNUdU11OWhxcFpxalkzRFlPVXIxUUlXQzF2ZEFOSjdLbEYKQ2ZtNTZ5cHgvRGdFMkxGVXF2QTNWWjRGZVk5ZG51dkh3TjZrWmtvMExWemlpb3lIajhsdlR4RFdoTDd0U2NlQgpWaTV0QlpOUnRMYXNuLy9BQ3NpKzZTbUNiWVhDVFFqQ2xHYUw2MnhyUHBmZ0NuNkNHU2piMVAwUEsxWWUrc0JOCjJoSmNabGs3Wm1oWjJRPT0KLS0tLS1FTkQgQ0VSVElGSUNBVEUtLS0tLQoKPC9jZXJ0PgoKPGtleT4KLS0tLS1CRUdJTiBSU0EgUFJJVkFURSBLRVktLS0tLQpNSUlFcEFJQkFBS0NBUUVBK0l3NGp4UmY3TUlsaENRZ0NWakpObjBmbUFlZkNldXRTOWMzcjhCR2xJTDBNM3NaCi9iOGUxU0FNZU1BaUxCQXdsQUI1Z1JsdnJhUFNqZ0FoK1MwRm13NGNtYWFsZldmY281SnErOERHTnYwUm8rM20KVzJiS1BXMnZ1Vm5LVWVsL3ZHaGI1cDF1M28xMHk0a0hSMWhwanZDeUpidm8vOXpqbnJ6NzhLWUtrbjJjZmNxNApkTkFMcytVdkw3RGVqQnFXYTJoUk5sQ0ZTbkdtZnU1Y2wvU3E2R1BRRnI2TzgrTFVNbDV4R3FkWTVYRUVpRThxCkxGS2FQdHpscnpqVDBDSTJTU1lFdERkeXg5Tk00elJSc0VTSjNCM1BPT2VUUTBzdS9ZRFF6dWlrdDNpSnJpWlcKNXZicnUraEhCSUR1bTZDV3FGMldybzhMbVZNVEg4cktXN1pTbVFJREFRQUJBb0lCQUJqM1JNc2llY3czYUR0UQp3YU1PdHc5eEhCWlNWYWhTY3hMV0tITFA5b2IrYkhjclcxNEFyNkVxMmZYYkh0T2NRTFR0STBkVGZjTk1YRjhGCkptUjRJRU1GOU50K1FNdEsvbit6dW1sVllOT3ZNZkZzZVNJZlBodFRoRDR6QmI2YW5Na1pGbm9nd0QwOHFrbXoKbHZhVXErMit3YlpHbk0zdXF6S0x1eWJlRnR2RjdhQTlSK3g2SG1vUlYwdnk5cTNrY3pNa2J3T1dHWVpDWURxbQpOZU1CYjVMbFlETEFKRlVtN0hxdlZ5QTNkZElDOTNFZ29aU1czc1dZUTlISUhJN2c3R0IwdmFaMjhtQnZrUHV2CldSakZnMGFORTRDb1lsMlJKemxoaThjOUM3ci9ZcE9LcFJGZDlsS3E3dCs0WFl2Z080YUNMQXFwVFZzZjhSNDUKY3hRQ2JiMENnWUVBL05BNFQzck1OaEVNTDBNYTY5Rk1HaU1yd25sZlF4OHpmT0NvdGtBQ0l2dG5TZmFEZldkbgo3bzJNUEpqZTRoMzBEWkI0TkNoeXQrZDFxK0xUMVBLSTIzT3B4NVlYVnZEUG5EZVEyWGdhZ01leWpFYStlL3VwCmtzTDZHMFczbnVPZUxFdzByZ015S283a3NLcGU0OFBFam0xQ0M1Z2NRZm11bFBJekpMelJHcXNDZ1lFQSs2NDgKaytzZWhCU2t3a1o4R2lELzFMRElLTm5CQ0hIeDlqOEVwYUtaa2t2Q01DMnNPc0kybjcwRU9QVWFLcFJINTE3UAorUFpJL0FkQTU2cEE1TzE4UzZjZ1RhTVpiUm5kZkZzMGg4OFFvOFlmcVR0YUtxL1V3WlJKNjhFVW1NaW1FN0ZPClRtV1RZUHN3UDZVdGR3OHF1ZGU0dFJmZnRsdC94ZXVKMUhhQ2g4c0NnWUJHVmNPazBSd3BXcHJTTjFBeEZWeWYKMVBNaXV0TzIvK0k2TnVLWk9idWVjZVV0bmFpOVpkeHpjT3Y0Ryt1K2F1andNU1pRRklTK0IyWWtlUW5JTCtYRgpjQ3RtL0tubnBUMk5UNlE3N0g4ckh1UGN4UDNQenBkQjNuN293WCt4YzlBWXNPYmpGcjZKT3BJRFdKTG51UnBoCkthSjdTVWxyVFlTMXFhQnk4eGtWMndLQmdRREVaVm5HUDlKblZVaWdoYW93SlpJZG9mbi96clRRWjBKZVd4ekEKT0J0SXl5OTBzeDlVRnR2VFdRZGpmdmgxUTVLOG5RTURqd1N6RHVINkphUlFRSFllL3dLNU1zNFRrZnlCSHhibAo1NUpmaXFxSVA5V0R2QVAxTDBkajNoNjVmdElDU2ZrR09rT0FpV05FTnh3OGJTeDFLejVxcW4rYmFObFRWQk1SCkpZMkVjd0tCZ1FEQzZraHgyUjhjbWdMelR3L0F0QmVVVDRFWkNyN2Y5Q3owSDVidnpnUkFjU0JYLzRRajNINUsKUUdzQ050YW9XaG5IaHVwa09GYlVtV0JuQitmeUJCSWpzY2t3a3VWZWtYdHlXcDh3b1lFdjJSNGF2R2hWei96Ugp4MzBkcGNucGFNOUwxcC9iNC9YQUc4a3dIMi9JQlpxRlUydyt3VU1HYTUvYWNUa0ZFeGRocWc9PQotLS0tLUVORCBSU0EgUFJJVkFURSBLRVktLS0tLQoKPC9rZXk+Cg==",
            "content_disposition": "",
            "content_encoding": "",
            "content_language": "",
            "content_type": "application/octet-stream",
            "etag": "f5624407deae88fe9853a4a4d4edf7c7",
            "force_destroy": false,
            "id": "root-mlops-platform-prod-vpn.ovpn",
            "key": "root-mlops-platform-prod-vpn.ovpn",
            "kms_key_id": null,
            "metadata": {},
            "object_lock_legal_hold_status": "",
            "object_lock_mode": "",
            "object_lock_retain_until_date": "",
            "override_provider": [],
            "server_side_encryption": "aws:kms",
            "source": null,
            "source_hash": null,
            "storage_class": "STANDARD",
            "tags": {},
            "tags_all": {
              "Environment": "prod",
              "Project": "mlops-platform"
            },
            "version_id": "",
            "website_redirect": ""
          },
          "sensitive_attributes": [
            [
              {
                "type": "get_attr",
                "value": "content_base64"
              }
            ]
          ],
          "private": "bnVsbA==",
          "dependencies": [
            "module.vpc.aws_vpc.this",
            "module.vpn-client.aws_acm_certificate.client",
            "module.vpn-client.aws_acm_certificate.server",
            "module.vpn-client.aws_cloudwatch_log_group.vpn-logs",
            "module.vpn-client.aws_cloudwatch_log_stream.vpn-logs-stream",
            "module.vpn-client.aws_ec2_client_vpn_endpoint.vpn-client",
            "module.vpn-client.aws_s3_bucket.vpn-config-files",
            "module.vpn-client.aws_security_group.vpn",
            "module.vpn-client.aws_ssm_parameter.vpn_ca_cert",
            "module.vpn-client.aws_ssm_parameter.vpn_client_cert",
            "module.vpn-client.aws_ssm_parameter.vpn_client_key",
            "module.vpn-client.data.aws_region.current",
            "module.vpn-client.tls_cert_request.client",
            "module.vpn-client.tls_cert_request.server",
            "module.vpn-client.tls_locally_signed_cert.client",
            "module.vpn-client.tls_locally_signed_cert.server",
            "module.vpn-client.tls_private_key.ca",
            "module.vpn-client.tls_private_key.client",
            "module.vpn-client.tls_private_key.server",
            "module.vpn-client.tls_self_signed_cert.ca"
          ]
        },
        {
          "index_key": "user-1",
          "schema_version": 0,
          "attributes": {
            "acl": null,
            "arn": "arn:aws:s3:::mlops-platform-prod-vpn-config-files/user-1-mlops-platform-prod-vpn.ovpn",
            "bucket": "mlops-platform-prod-vpn-config-files",
            "bucket_key_enabled": false,
            "cache_control": "",
            "checksum_algorithm": null,
            "checksum_crc32": "",
            "checksum_crc32c": "",
            "checksum_sha1": "",
            "checksum_sha256": "",
            "content": null,
            "content_base64": "Y2xpZW50CmRldiB0dW4KcHJvdG8gdWRwCnJlbW90ZSBjdnBuLWVuZHBvaW50LTA2NWQwZjY0ZmQ3ODdlMDA2LnByb2QuY2xpZW50dnBuLnVzLWVhc3QtMS5hbWF6b25hd3MuY29tIDQ0MwpyZW1vdGUtcmFuZG9tLWhvc3RuYW1lCnJlc29sdi1yZXRyeSBpbmZpbml0ZQpub2JpbmQKcmVtb3RlLWNlcnQtdGxzIHNlcnZlcgpjaXBoZXIgQUVTLTI1Ni1HQ00KLS1pbmFjdGl2ZSAzMDAgMTAwCnZlcmIgMwoKPGNhPgotLS0tLUJFR0lOIENFUlRJRklDQVRFLS0tLS0KTUlJRFNEQ0NBakNnQXdJQkFnSVFlTHlpVjhGSmxSWGpkenQ3My9tdVR6QU5CZ2txaGtpRzl3MEJBUXNGQURBKwpNUmN3RlFZRFZRUUtFdzV0Ykc5d2N5MXdiR0YwWm05eWJURWpNQ0VHQTFVRUF4TWFiV3h2Y0hNdGNHeGhkR1p2CmNtMHVjSEp2WkM1MmNHNHVZMkV3SGhjTk1qUXhNREUzTVRrMU1qUTJXaGNOTXpReE1ERTFNVGsxTWpRMldqQSsKTVJjd0ZRWURWUVFLRXc1dGJHOXdjeTF3YkdGMFptOXliVEVqTUNFR0ExVUVBeE1hYld4dmNITXRjR3hoZEdadgpjbTB1Y0hKdlpDNTJjRzR1WTJFd2dnRWlNQTBHQ1NxR1NJYjNEUUVCQVFVQUE0SUJEd0F3Z2dFS0FvSUJBUUN5CkpzVFF6Y1hzVXY5aFNmdnZ0TDVoeWF2ZWsyZk8zcFgrN1hRYml0K3F6VUNKdWZza1p2TmxSWDJqMlJKVXlFOGQKTDdTZ0lnaTB3akIxYit5cm95VWp1S3NmdnhqZWNEaXVBYzQwQ2wvWFBJVmsrcHpEeHU0MVVSTzZzdHVuRUJRKwowZHI0Y0MvTGw1b0dmM1lhSWF2R3ZsR2IzQTNrNTNCTVNSdXFha2hVcWpuZHM2N0J4RmtaUk96RlRKc3YyU2p2Cnp4WXljSVNnZkxONEpoUVZhTGkzT0lLSlVtKzhJZ3p5VDZ4QXBuK05jckxRMDVQcUpPOFV5Q3NRaXpscEdTOEEKSENNTlZONFh6RXQ0TnZna2RkRVN4b2NQQUhueW55bldTYUVUcHdkODNMektrZWlRL0VXWUtPSWg4MUhvZDQ3KwpJNlhUc3pFdUpZQTRlbHJZbHJzaEFnTUJBQUdqUWpCQU1BNEdBMVVkRHdFQi93UUVBd0lCQmpBUEJnTlZIUk1CCkFmOEVCVEFEQVFIL01CMEdBMVVkRGdRV0JCUkxFL0dBaGxQNjZMOVFLaHRra21HUGVqTGxzREFOQmdrcWhraUcKOXcwQkFRc0ZBQU9DQVFFQXBCK09EaFVVaG84Z2JVellRWlZhNXUwd0ZGRTFIV1dwY2xRNUpDUHVEUHQyWklwQwp4anJBYWxUT2hPVGltdDV3Sk1LRUFuazJEMXBwZDZ1T3l5QTZPa0lnOHNiS3M2WnltMXJKRUJTL0kxSUc4dGtMCml0aTZMbzdBQzRlMHY0NlROaUg1ZlhqbSs0S0xQMXR3emkwZlhrZ2ZvaW9TNFhaVlppV2haYy9GSnhVeE9uTWoKWjNiekRXNUk3MHZGV3lnMHVOazVuc1UzYVh1Z2VIbVkrS2ltQVZxU0dUUk0vb0xaQlo3aHpVT21uVXVFdXdncQowRllOb2lSWnZ0N2FQYmczV0Y1S3RhT3ZCNFg0K0FHcWJ4eWlnL1lCV2lrazdQSzh6RXNZYlRNYndtTG8waGNXCmhwUmRnamlua1hSYUVDdklzdVRuUG52cVdJMDVtUi9hejU0TDdRPT0KLS0tLS1FTkQgQ0VSVElGSUNBVEUtLS0tLQoKPC9jYT4KCnJlbmVnLXNlYyAwCgo8Y2VydD4KLS0tLS1CRUdJTiBDRVJUSUZJQ0FURS0tLS0tCk1JSURhRENDQWxDZ0F3SUJBZ0lSQU9DUEFSRFd1STlDcSs5d2NmcVJBejh3RFFZSktvWklodmNOQVFFTEJRQXcKUGpFWE1CVUdBMVVFQ2hNT2JXeHZjSE10Y0d4aGRHWnZjbTB4SXpBaEJnTlZCQU1UR20xc2IzQnpMWEJzWVhSbQpiM0p0TG5CeWIyUXVkbkJ1TG1OaE1CNFhEVEkwTVRBeE56RTVOVEkwTmxvWERUTTBNVEF4TlRFNU5USTBObG93ClNURVhNQlVHQTFVRUNoTU9iV3h2Y0hNdGNHeGhkR1p2Y20weExqQXNCZ05WQkFNVEpXMXNiM0J6TFhCc1lYUm0KYjNKdExuQnliMlF1ZG5CdUxuVnpaWEl0TVMxamJHbGxiblF3Z2dFaU1BMEdDU3FHU0liM0RRRUJBUVVBQTRJQgpEd0F3Z2dFS0FvSUJBUURvZ01ObEE0MWpIM0Q2bERnM056M2xGNWxDM3dMaFJkZmh1Q1VZcHVYam5zMjJjTFluCk1mTEU4QysrLzVNRzRlRzVQVGk3UVhQQUFFTkI0TGxWSnRFN28xcVRyOE93ZDYwakRudFBPUm9sNFNpMmFTS2YKWE93Yy8yL1dyZWpKNDVtNzNFcnhPVFUyRWc4YVpOSWp1TEhSN0E0ejBjL3JmTHU3cC9nQVdJQ3I2MStoQ1ZtVgpXelNXdkRtMVMvS1BPcHZEZGtvOHRpci9wK050VzczZ0liV1krSVRWS3Q4Q0xWR25pazFrYlFzUzIwRUdJUHU4Ci9jN0hBLytYbVczQ3c3dzgrdlcweWZJUklCSWJxMENUVDI4eTNWRjZVYjlZSUtwSlp5NlZEalgreGw3MzNKVDQKclFQOE9PWTRJb1hneUlialdjNlNBTlorMjVycDFHNzZuM1hQQWdNQkFBR2pWakJVTUE0R0ExVWREd0VCL3dRRQpBd0lGb0RBVEJnTlZIU1VFRERBS0JnZ3JCZ0VGQlFjREFqQU1CZ05WSFJNQkFmOEVBakFBTUI4R0ExVWRJd1FZCk1CYUFGRXNUOFlDR1Uvcm92MUFxRzJTU1lZOTZNdVd3TUEwR0NTcUdTSWIzRFFFQkN3VUFBNElCQVFDUDJnbzUKbGlQaHhOZVNSNDBuZkthZnBtUGFmSWpoeGlUSVVDQXM2REFsUGdCeVhmdytWbGFiWjZTazNiZUx2WWoxVVVYVwpTQ1ZScE82aHVwUUhrS2luSkVJOW1kNmFUSWxza2dwRC81M3dLeURleUx3WjNsNWFQODE4R2tUY2NzYnJvcTJYClBGOXltcUlQaGhBcEl5SXJuQzM5VC90TExvdjZnWmNFaXc2WWRMZUlWaDcyYTA2V1ZKN3hMbG9pejNaN3JkbUEKWlRjeDc1elYwbDRSWU5MYmZ6RE9lSkFHRjQvelNHcVMvMFJSTit6aUdwZldqVDIvalZicUhDYWFpMit2TkpmcApiTE8rZ1pBTWNTZGVHRGtQcVRsZ3FhSWZvQm4yT09HSE1GbXZpY0R0T205bkVvUytTUUd5NkhQWFJPNFZDZlhzCklZRTY2VWlBeTFWeWhldGYKLS0tLS1FTkQgQ0VSVElGSUNBVEUtLS0tLQoKPC9jZXJ0PgoKPGtleT4KLS0tLS1CRUdJTiBSU0EgUFJJVkFURSBLRVktLS0tLQpNSUlFcEFJQkFBS0NBUUVBNklERFpRT05ZeDl3K3BRNE56Yzk1UmVaUXQ4QzRVWFg0YmdsR0tibDQ1N050bkMyCkp6SHl4UEF2dnYrVEJ1SGh1VDA0dTBGendBQkRRZUM1VlNiUk82TmFrNi9Ec0hldEl3NTdUemthSmVFb3Rta2kKbjF6c0hQOXYxcTNveWVPWnU5eEs4VGsxTmhJUEdtVFNJN2l4MGV3T005SFA2M3k3dTZmNEFGaUFxK3Rmb1FsWgpsVnMwbHJ3NXRVdnlqenFidzNaS1BMWXEvNmZqYlZ1OTRDRzFtUGlFMVNyZkFpMVJwNHBOWkcwTEV0dEJCaUQ3CnZQM094d1AvbDVsdHdzTzhQUHIxdE1ueUVTQVNHNnRBazA5dk10MVJlbEcvV0NDcVNXY3VsUTQxL3NaZTk5eVUKK0swRC9Eam1PQ0tGNE1pRzQxbk9rZ0RXZnR1YTZkUnUrcDkxendJREFRQUJBb0lCQVFEZmpWOVNzeFd4Snp3VQpVNHV4MjVYUnZ0MElKVEc1dE5RY0hsamMyU3pWclkyU1M5RjQ0bGZROERpWVoxalJGME5ZUHZ0YllWV1FXVEJTCkdXZFo3cGJqeHUrQ2JVKzFUM3pUNWtxK0krTjJaSVltemZRU1V1QmNDV2RaZmFJRTdLaVdydndIOEwrdkc3SVYKNkxiOHpjdDhVb0pkWlBHTU5VUzA3STVTbHNZeGhhd21NdC9wREE0NFJjV2pJVTdGR09OY2c1eXE3YjJGK3piMQpSZzZENDNZQVlhUzE0a202OXBUOFUzRUJ4S2ZtTFJ3SzdwMjVPWGVCTC9WSExhSUkycDZnVXBvVnFxa2FNc0taClZaZDY3bHRwTllwL3F2ckNmZGYvTCtyWFJWTll1MGdCVVhmaTlFQlRsdlpid0pqcVhtc2dpd0gxY3NhcllvaHEKbTdBTE5DV3hBb0dCQVBRSWRuVjcyeHY0d29oRkxmV3o1TXQ2NGplV1FNcWlaZksxdU9JRWM1ZjhrUTFIZnp6YQpTRjhFeGNjbllOQnJYaWRFTzFJKzRDaEJCejZweXJmSFo1V1Bzc211YXlCSDhPcnBMTVJUK2FvUXZhR3pkNnRWCitJQTFVL3BnTmV5MXA4ZVU3WFFzSjhzbW5VNkdnWGF5UnVuZFlOdytTZWVtVE1oV1B0RjA3YU5qQW9HQkFQUG4KamZOUmdlTDlWUjQwd0REcHhGU1dsWlJQUS90TDI4dDhXOTYzNmNlQVBtWGQ1d3ZaNkZnbDZoa1FTN0FvUG9rdApoVU1tQnFNVFhodU5kSlRhZ2RpTXFaZFphakVNMDYwMnEyNDJqV2p1TjExVmMyeEVLZFA2MXF2V003MmpVSWFVCnhxMFVFZllONEtZT2FCdHlYdGtJTUtpdHRNRkZhZ1pCa1lhVXpHMmxBb0dBRno0ZkdqMTd0d1JRY3U0ejNHMFAKNDVtR3BraTNUeFY4cEV0T21xaFY0aW42SHN1cWdMOUJtVnM1QXlqcS9hN2NQdDB1MFR5UDJRV29qUDFiQTNvSQprYVFvSVRGdG5wdDdoTVJFc1VaV1J5NWxBVnU0a0NjV0RoQUdPWmlrU2pGYkU1VkpzSURzSVZ0Q0xGSi9UakRZCnREbVRtaWFNbjNXbFpvZGdZRTdFdTRVQ2dZQTNJczR0QmV6bHdqemVvakFjSG93NlR2d3JWYXZaZi9HRTAyejEKTVFBUkVFV0t3NW42VE4xQUovbitobmVGcitOTElWWXhzc1BuVTNaL3BmK0hzc21OaVdiQkJ2NkJiaFBmNFM3cApzRDFSVGlDSDRjeEEyanZXWnFybWwzcUUwUWxnRXZ2Q25ubmM5SkFuR2JTaEY3Nm5Nem5FdDlmWHBQaHR4NTY5CkhLQUYzUUtCZ1FDRS9LejVSOGhaMHl0bTBhbVQ3NWloU0hJZ1lhWjFRbDFyMlNxVGpTM1lsL2JVZnVUWG5taFUKVFY2ZGI1YmZXWmVzUUtHVjd4cXFHWHZ6Rm9nSjAzQ2E1MzJBRFNBSGlac1FQbUt4djZVVHUwUmp2Y2FMWXN3TgovU05SV0hYTFZpRGpBOSs4VlA3MmtjemcrKzlYWU9mZU1rMXZOSFZ4VmVGWkxYaUdLVWNvZ2c9PQotLS0tLUVORCBSU0EgUFJJVkFURSBLRVktLS0tLQoKPC9rZXk+Cg==",
            "content_disposition": "",
            "content_encoding": "",
            "content_language": "",
            "content_type": "application/octet-stream",
            "etag": "4461405132ba637739dfd3ded7d521f5",
            "force_destroy": false,
            "id": "user-1-mlops-platform-prod-vpn.ovpn",
            "key": "user-1-mlops-platform-prod-vpn.ovpn",
            "kms_key_id": null,
            "metadata": {},
            "object_lock_legal_hold_status": "",
            "object_lock_mode": "",
            "object_lock_retain_until_date": "",
            "override_provider": [],
            "server_side_encryption": "aws:kms",
            "source": null,
            "source_hash": null,
            "storage_class": "STANDARD",
            "tags": {},
            "tags_all": {
              "Environment": "prod",
              "Project": "mlops-platform"
            },
            "version_id": "",
            "website_redirect": ""
          },
          "sensitive_attributes": [
            [
              {
                "type": "get_attr",
                "value": "content_base64"
              }
            ]
          ],
          "private": "bnVsbA==",
          "dependencies": [
            "module.vpc.aws_vpc.this",
            "module.vpn-client.aws_acm_certificate.client",
            "module.vpn-client.aws_acm_certificate.server",
            "module.vpn-client.aws_cloudwatch_log_group.vpn-logs",
            "module.vpn-client.aws_cloudwatch_log_stream.vpn-logs-stream",
            "module.vpn-client.aws_ec2_client_vpn_endpoint.vpn-client",
            "module.vpn-client.aws_s3_bucket.vpn-config-files",
            "module.vpn-client.aws_security_group.vpn",
            "module.vpn-client.aws_ssm_parameter.vpn_ca_cert",
            "module.vpn-client.aws_ssm_parameter.vpn_client_cert",
            "module.vpn-client.aws_ssm_parameter.vpn_client_key",
            "module.vpn-client.data.aws_region.current",
            "module.vpn-client.tls_cert_request.client",
            "module.vpn-client.tls_cert_request.server",
            "module.vpn-client.tls_locally_signed_cert.client",
            "module.vpn-client.tls_locally_signed_cert.server",
            "module.vpn-client.tls_private_key.ca",
            "module.vpn-client.tls_private_key.client",
            "module.vpn-client.tls_private_key.server",
            "module.vpn-client.tls_self_signed_cert.ca"
          ]
        }
      ]
    },
    {
      "module": "module.vpn-client",
      "mode": "managed",
      "type": "aws_security_group",
      "name": "vpn",
      "provider": "provider[\"registry.terraform.io/hashicorp/aws\"]",
      "instances": [
        {
          "schema_version": 1,
          "attributes": {
            "arn": "arn:aws:ec2:us-east-1:830921269517:security-group/sg-007954fac8ec3f0bc",
            "description": "mlops-platform-prod-vpn-security-group",
            "egress": [
              {
                "cidr_blocks": [
                  "0.0.0.0/0"
                ],
                "description": "",
                "from_port": 0,
                "ipv6_cidr_blocks": [],
                "prefix_list_ids": [],
                "protocol": "-1",
                "security_groups": [],
                "self": false,
                "to_port": 0
              }
            ],
            "id": "sg-007954fac8ec3f0bc",
            "ingress": [
              {
                "cidr_blocks": [
                  "0.0.0.0/0"
                ],
                "description": "",
                "from_port": 443,
                "ipv6_cidr_blocks": [],
                "prefix_list_ids": [],
                "protocol": "udp",
                "security_groups": [],
                "self": false,
                "to_port": 443
              }
            ],
            "name": "mlops-platform-prod-vpn-security-group",
            "name_prefix": "",
            "owner_id": "830921269517",
            "revoke_rules_on_delete": false,
            "tags": {
              "Environment": "production",
              "Name": "mlops-platform-prod-vpn-security-group",
              "Terraform": "true"
            },
            "tags_all": {
              "Environment": "production",
              "Name": "mlops-platform-prod-vpn-security-group",
              "Project": "mlops-platform",
              "Terraform": "true"
            },
            "timeouts": null,
            "vpc_id": "vpc-0d4fbc26abf479652"
          },
          "sensitive_attributes": [],
          "private": "eyJlMmJmYjczMC1lY2FhLTExZTYtOGY4OC0zNDM2M2JjN2M0YzAiOnsiY3JlYXRlIjo2MDAwMDAwMDAwMDAsImRlbGV0ZSI6OTAwMDAwMDAwMDAwfSwic2NoZW1hX3ZlcnNpb24iOiIxIn0=",
          "dependencies": [
            "module.vpc.aws_vpc.this"
          ]
        }
      ]
    },
    {
      "module": "module.vpn-client",
      "mode": "managed",
      "type": "aws_ssm_parameter",
      "name": "vpn_ca_cert",
      "provider": "provider[\"registry.terraform.io/hashicorp/aws\"]",
      "instances": [
        {
          "schema_version": 0,
          "attributes": {
            "allowed_pattern": "",
            "arn": "arn:aws:ssm:us-east-1:830921269517:parameter/mlops-platform/prod/acm/vpn/ca_cert",
            "data_type": "text",
            "description": "VPN CA cert",
            "id": "/mlops-platform/prod/acm/vpn/ca_cert",
            "insecure_value": null,
            "key_id": "alias/aws/ssm",
            "name": "/mlops-platform/prod/acm/vpn/ca_cert",
            "overwrite": null,
            "tags": {
              "Environment": "production",
              "Terraform": "true"
            },
            "tags_all": {
              "Environment": "production",
              "Project": "mlops-platform",
              "Terraform": "true"
            },
            "tier": "Standard",
            "type": "SecureString",
            "value": "-----BEGIN CERTIFICATE-----\nMIIDSDCCAjCgAwIBAgIQeLyiV8FJlRXjdzt73/muTzANBgkqhkiG9w0BAQsFADA+\nMRcwFQYDVQQKEw5tbG9wcy1wbGF0Zm9ybTEjMCEGA1UEAxMabWxvcHMtcGxhdGZv\ncm0ucHJvZC52cG4uY2EwHhcNMjQxMDE3MTk1MjQ2WhcNMzQxMDE1MTk1MjQ2WjA+\nMRcwFQYDVQQKEw5tbG9wcy1wbGF0Zm9ybTEjMCEGA1UEAxMabWxvcHMtcGxhdGZv\ncm0ucHJvZC52cG4uY2EwggEiMA0GCSqGSIb3DQEBAQUAA4IBDwAwggEKAoIBAQCy\nJsTQzcXsUv9hSfvvtL5hyavek2fO3pX+7XQbit+qzUCJufskZvNlRX2j2RJUyE8d\nL7SgIgi0wjB1b+yroyUjuKsfvxjecDiuAc40Cl/XPIVk+pzDxu41URO6stunEBQ+\n0dr4cC/Ll5oGf3YaIavGvlGb3A3k53BMSRuqakhUqjnds67BxFkZROzFTJsv2Sjv\nzxYycISgfLN4JhQVaLi3OIKJUm+8IgzyT6xApn+NcrLQ05PqJO8UyCsQizlpGS8A\nHCMNVN4XzEt4NvgkddESxocPAHnynynWSaETpwd83LzKkeiQ/EWYKOIh81Hod47+\nI6XTszEuJYA4elrYlrshAgMBAAGjQjBAMA4GA1UdDwEB/wQEAwIBBjAPBgNVHRMB\nAf8EBTADAQH/MB0GA1UdDgQWBBRLE/GAhlP66L9QKhtkkmGPejLlsDANBgkqhkiG\n9w0BAQsFAAOCAQEApB+ODhUUho8gbUzYQZVa5u0wFFE1HWWpclQ5JCPuDPt2ZIpC\nxjrAalTOhOTimt5wJMKEAnk2D1ppd6uOyyA6OkIg8sbKs6Zym1rJEBS/I1IG8tkL\niti6Lo7AC4e0v46TNiH5fXjm+4KLP1twzi0fXkgfoioS4XZVZiWhZc/FJxUxOnMj\nZ3bzDW5I70vFWyg0uNk5nsU3aXugeHmY+KimAVqSGTRM/oLZBZ7hzUOmnUuEuwgq\n0FYNoiRZvt7aPbg3WF5KtaOvB4X4+AGqbxyig/YBWikk7PK8zEsYbTMbwmLo0hcW\nhpRdgjinkXRaECvIsuTnPnvqWI05mR/az54L7Q==\n-----END CERTIFICATE-----\n",
            "version": 1
          },
          "sensitive_attributes": [
            [
              {
                "type": "get_attr",
                "value": "value"
              }
            ]
          ],
          "private": "bnVsbA==",
          "dependencies": [
            "module.vpn-client.tls_private_key.ca",
            "module.vpn-client.tls_self_signed_cert.ca"
          ]
        }
      ]
    },
    {
      "module": "module.vpn-client",
      "mode": "managed",
      "type": "aws_ssm_parameter",
      "name": "vpn_ca_key",
      "provider": "provider[\"registry.terraform.io/hashicorp/aws\"]",
      "instances": [
        {
          "schema_version": 0,
          "attributes": {
            "allowed_pattern": "",
            "arn": "arn:aws:ssm:us-east-1:830921269517:parameter/mlops-platform/prod/acm/vpn/ca_key",
            "data_type": "text",
            "description": "VPN CA key",
            "id": "/mlops-platform/prod/acm/vpn/ca_key",
            "insecure_value": null,
            "key_id": "alias/aws/ssm",
            "name": "/mlops-platform/prod/acm/vpn/ca_key",
            "overwrite": null,
            "tags": {
              "Environment": "production",
              "Terraform": "true"
            },
            "tags_all": {
              "Environment": "production",
              "Project": "mlops-platform",
              "Terraform": "true"
            },
            "tier": "Standard",
            "type": "SecureString",
            "value": "-----BEGIN RSA PRIVATE KEY-----\nMIIEowIBAAKCAQEAsibE0M3F7FL/YUn777S+Ycmr3pNnzt6V/u10G4rfqs1Aibn7\nJGbzZUV9o9kSVMhPHS+0oCIItMIwdW/sq6MlI7irH78Y3nA4rgHONApf1zyFZPqc\nw8buNVETurLbpxAUPtHa+HAvy5eaBn92GiGrxr5Rm9wN5OdwTEkbqmpIVKo53bOu\nwcRZGUTsxUybL9ko788WMnCEoHyzeCYUFWi4tziCiVJvvCIM8k+sQKZ/jXKy0NOT\n6iTvFMgrEIs5aRkvABwjDVTeF8xLeDb4JHXREsaHDwB58p8p1kmhE6cHfNy8ypHo\nkPxFmCjiIfNR6HeO/iOl07MxLiWAOHpa2Ja7IQIDAQABAoIBAFOQdd+PthhNMjdb\ncc6VlHvgEjtcH2Rc6jTjAwRsVtASaQRxdYk0tVS6jN2PU9brApkpKGu4qybGs95S\nOsyjwScJV1OT2sF0GFIezK+CckROwi+EkoYOyOu/dSatAPVTSHvTCghg7zpriTcl\nEKvfQWj/Gt6mEOpfWUCfRlfgdL8pNSkZbB3qYNBm39KN5rS/C2XQY0d+Hcz5Zjf8\n5CikHyP8vRSOPx1ad6wk3ozlFK8v5amzOtYUIDYDrfiYOGxK71EBznow5PUvxnF/\nL2o02o/NhoxS9aKg8QOm/iA4hIj/mGGEPX3YxJouYy5dyuibg4qvcgdUB+/jUrs8\n6LCBNQECgYEAyCsLdKhBmQBvPXWo/lWEvQyJtWq7waSLS1JLqc0BiGly5pl8BLwI\nD5SZkI2OH83iOSbWf7SUFDgL0GddDJiiYkysBmLne+6dFfK0F+t7ZHNwiYvOTwHH\nFFLeM8CWm+++1+ZByZYTcsqvVOKknmRsWyhm87bcrNv8Bj/gZC5dlBECgYEA49eg\ng4WKhba4lg7gmihaf9mt6gVHAl11P5jscXtXRsET0l9Inh5oxv1jrOkeo9Dyl78u\n7pt891MwZECEWW32NRrkJTF5OV8VR6YGgvmHFqJRBAjGgiJ2tB3dLzk1tHr8hafw\n0+fcq3A0kAOdeFg2PQ1MmYonhqUgzV4ksb3vhhECgYBsxA7+farfU4Aemj+Qq7Fr\n9FMjs/J//0P9UqNwicfqcroPmZjtDasnpCxpgrGWkI37ViI51EqeTfIFdRT3kjyy\nQ006TyXPjtHmqjG3yaoL5DpjUwdwoNunLHw3DNAJvZUqxaA7xIOe3Ym2C00+D/1c\n7zA5/8QbXZGtZ6orZZJNsQKBgCFEXaJ2gChP6pm2aGL522TpgrQ1uw2EWddEW9mh\n+bdR/7Pqx66WoBPV8ZTQoPGoU5OGjbK3L0LpeZpZtTldjeJpH8CyfZG76V6Bxlef\nWXMblhqxsVJU9+IKrj3z63yDrJVTVR2LsDOz+WjBrl9g+eJmK7YLbwQA3k4+Hbt6\nERwRAoGBAJCkBa2GScDITCPsjEF2RxojYtrAg48AP2H2kWm+I2CAOJOqBS9ERQmb\n4kYwZdcFIBFTKfrl6nz3oh5sPa3PMwoCqnm73MapZzjSjiqrRi11BrMKghpu5LCz\n5aIIic9XQuHVfMVef4HgwEVs45jHgOBsEQXZ20cvntMzCpuK7ByZ\n-----END RSA PRIVATE KEY-----\n",
            "version": 1
          },
          "sensitive_attributes": [
            [
              {
                "type": "get_attr",
                "value": "value"
              }
            ]
          ],
          "private": "bnVsbA==",
          "dependencies": [
            "module.vpn-client.tls_private_key.ca"
          ]
        }
      ]
    },
    {
      "module": "module.vpn-client",
      "mode": "managed",
      "type": "aws_ssm_parameter",
      "name": "vpn_client_cert",
      "provider": "provider[\"registry.terraform.io/hashicorp/aws\"]",
      "instances": [
        {
          "index_key": "root",
          "schema_version": 0,
          "attributes": {
            "allowed_pattern": "",
            "arn": "arn:aws:ssm:us-east-1:830921269517:parameter/mlops-platform/prod/acm/vpn/root_client_cert",
            "data_type": "text",
            "description": "VPN root client cert",
            "id": "/mlops-platform/prod/acm/vpn/root_client_cert",
            "insecure_value": null,
            "key_id": "alias/aws/ssm",
            "name": "/mlops-platform/prod/acm/vpn/root_client_cert",
            "overwrite": null,
            "tags": {
              "BackupPolicy": "n/a",
              "CostType": "AlwaysCreated",
              "Environment": "production",
              "Name": "VPN root client cert imported in AWS ACM",
              "Terraform": "true",
              "Tier": "Private"
            },
            "tags_all": {
              "BackupPolicy": "n/a",
              "CostType": "AlwaysCreated",
              "Environment": "production",
              "Name": "VPN root client cert imported in AWS ACM",
              "Project": "mlops-platform",
              "Terraform": "true",
              "Tier": "Private"
            },
            "tier": "Standard",
            "type": "SecureString",
            "value": "-----BEGIN CERTIFICATE-----\nMIIDZjCCAk6gAwIBAgIRALJ4VNyJ7oOzaRaSmPtr5xIwDQYJKoZIhvcNAQELBQAw\nPjEXMBUGA1UEChMObWxvcHMtcGxhdGZvcm0xIzAhBgNVBAMTGm1sb3BzLXBsYXRm\nb3JtLnByb2QudnBuLmNhMB4XDTI0MTAxNzE5NTI0NloXDTM0MTAxNTE5NTI0Nlow\nRzEXMBUGA1UEChMObWxvcHMtcGxhdGZvcm0xLDAqBgNVBAMTI21sb3BzLXBsYXRm\nb3JtLnByb2QudnBuLnJvb3QtY2xpZW50MIIBIjANBgkqhkiG9w0BAQEFAAOCAQ8A\nMIIBCgKCAQEA+Iw4jxRf7MIlhCQgCVjJNn0fmAefCeutS9c3r8BGlIL0M3sZ/b8e\n1SAMeMAiLBAwlAB5gRlvraPSjgAh+S0Fmw4cmaalfWfco5Jq+8DGNv0Ro+3mW2bK\nPW2vuVnKUel/vGhb5p1u3o10y4kHR1hpjvCyJbvo/9zjnrz78KYKkn2cfcq4dNAL\ns+UvL7DejBqWa2hRNlCFSnGmfu5cl/Sq6GPQFr6O8+LUMl5xGqdY5XEEiE8qLFKa\nPtzlrzjT0CI2SSYEtDdyx9NM4zRRsESJ3B3POOeTQ0su/YDQzuikt3iJriZW5vbr\nu+hHBIDum6CWqF2Wro8LmVMTH8rKW7ZSmQIDAQABo1YwVDAOBgNVHQ8BAf8EBAMC\nBaAwEwYDVR0lBAwwCgYIKwYBBQUHAwIwDAYDVR0TAQH/BAIwADAfBgNVHSMEGDAW\ngBRLE/GAhlP66L9QKhtkkmGPejLlsDANBgkqhkiG9w0BAQsFAAOCAQEAUTtqdnzm\nhIDiYyWRRWhyKeJukMpgwXJp1QJuyakvlBI9tTDE+LJX5YoFot5yAKeJbWGK18Pb\ngGzVOHmE8mNX6CcbhoOsfjNRCFZy7jneITgzmi85vBmsoKrqfmOJjbxF2SmcVTts\nXjt4Hz9b5OenYDQ3sRudy31KTMoCylcTuMu9hqpZqjY3DYOUr1QIWC1vdANJ7KlF\nCfm56ypx/DgE2LFUqvA3VZ4FeY9dnuvHwN6kZko0LVziioyHj8lvTxDWhL7tSceB\nVi5tBZNRtLasn//ACsi+6SmCbYXCTQjClGaL62xrPpfgCn6CGSjb1P0PK1Ye+sBN\n2hJcZlk7ZmhZ2Q==\n-----END CERTIFICATE-----\n",
            "version": 1
          },
          "sensitive_attributes": [
            [
              {
                "type": "get_attr",
                "value": "value"
              }
            ]
          ],
          "private": "bnVsbA==",
          "dependencies": [
            "module.vpn-client.tls_cert_request.client",
            "module.vpn-client.tls_locally_signed_cert.client",
            "module.vpn-client.tls_private_key.ca",
            "module.vpn-client.tls_private_key.client",
            "module.vpn-client.tls_self_signed_cert.ca"
          ]
        },
        {
          "index_key": "user-1",
          "schema_version": 0,
          "attributes": {
            "allowed_pattern": "",
            "arn": "arn:aws:ssm:us-east-1:830921269517:parameter/mlops-platform/prod/acm/vpn/user-1_client_cert",
            "data_type": "text",
            "description": "VPN user-1 client cert",
            "id": "/mlops-platform/prod/acm/vpn/user-1_client_cert",
            "insecure_value": null,
            "key_id": "alias/aws/ssm",
            "name": "/mlops-platform/prod/acm/vpn/user-1_client_cert",
            "overwrite": null,
            "tags": {
              "BackupPolicy": "n/a",
              "CostType": "AlwaysCreated",
              "Environment": "production",
              "Name": "VPN user-1 client cert imported in AWS ACM",
              "Terraform": "true",
              "Tier": "Private"
            },
            "tags_all": {
              "BackupPolicy": "n/a",
              "CostType": "AlwaysCreated",
              "Environment": "production",
              "Name": "VPN user-1 client cert imported in AWS ACM",
              "Project": "mlops-platform",
              "Terraform": "true",
              "Tier": "Private"
            },
            "tier": "Standard",
            "type": "SecureString",
            "value": "-----BEGIN CERTIFICATE-----\nMIIDaDCCAlCgAwIBAgIRAOCPARDWuI9Cq+9wcfqRAz8wDQYJKoZIhvcNAQELBQAw\nPjEXMBUGA1UEChMObWxvcHMtcGxhdGZvcm0xIzAhBgNVBAMTGm1sb3BzLXBsYXRm\nb3JtLnByb2QudnBuLmNhMB4XDTI0MTAxNzE5NTI0NloXDTM0MTAxNTE5NTI0Nlow\nSTEXMBUGA1UEChMObWxvcHMtcGxhdGZvcm0xLjAsBgNVBAMTJW1sb3BzLXBsYXRm\nb3JtLnByb2QudnBuLnVzZXItMS1jbGllbnQwggEiMA0GCSqGSIb3DQEBAQUAA4IB\nDwAwggEKAoIBAQDogMNlA41jH3D6lDg3Nz3lF5lC3wLhRdfhuCUYpuXjns22cLYn\nMfLE8C++/5MG4eG5PTi7QXPAAENB4LlVJtE7o1qTr8Owd60jDntPORol4Si2aSKf\nXOwc/2/WrejJ45m73ErxOTU2Eg8aZNIjuLHR7A4z0c/rfLu7p/gAWICr61+hCVmV\nWzSWvDm1S/KPOpvDdko8tir/p+NtW73gIbWY+ITVKt8CLVGnik1kbQsS20EGIPu8\n/c7HA/+XmW3Cw7w8+vW0yfIRIBIbq0CTT28y3VF6Ub9YIKpJZy6VDjX+xl733JT4\nrQP8OOY4IoXgyIbjWc6SANZ+25rp1G76n3XPAgMBAAGjVjBUMA4GA1UdDwEB/wQE\nAwIFoDATBgNVHSUEDDAKBggrBgEFBQcDAjAMBgNVHRMBAf8EAjAAMB8GA1UdIwQY\nMBaAFEsT8YCGU/rov1AqG2SSYY96MuWwMA0GCSqGSIb3DQEBCwUAA4IBAQCP2go5\nliPhxNeSR40nfKafpmPafIjhxiTIUCAs6DAlPgByXfw+VlabZ6Sk3beLvYj1UUXW\nSCVRpO6hupQHkKinJEI9md6aTIlskgpD/53wKyDeyLwZ3l5aP818GkTccsbroq2X\nPF9ymqIPhhApIyIrnC39T/tLLov6gZcEiw6YdLeIVh72a06WVJ7xLloiz3Z7rdmA\nZTcx75zV0l4RYNLbfzDOeJAGF4/zSGqS/0RRN+ziGpfWjT2/jVbqHCaai2+vNJfp\nbLO+gZAMcSdeGDkPqTlgqaIfoBn2OOGHMFmvicDtOm9nEoS+SQGy6HPXRO4VCfXs\nIYE66UiAy1Vyhetf\n-----END CERTIFICATE-----\n",
            "version": 1
          },
          "sensitive_attributes": [
            [
              {
                "type": "get_attr",
                "value": "value"
              }
            ]
          ],
          "private": "bnVsbA==",
          "dependencies": [
            "module.vpn-client.tls_cert_request.client",
            "module.vpn-client.tls_locally_signed_cert.client",
            "module.vpn-client.tls_private_key.ca",
            "module.vpn-client.tls_private_key.client",
            "module.vpn-client.tls_self_signed_cert.ca"
          ]
        }
      ]
    },
    {
      "module": "module.vpn-client",
      "mode": "managed",
      "type": "aws_ssm_parameter",
      "name": "vpn_client_key",
      "provider": "provider[\"registry.terraform.io/hashicorp/aws\"]",
      "instances": [
        {
          "index_key": "root",
          "schema_version": 0,
          "attributes": {
            "allowed_pattern": "",
            "arn": "arn:aws:ssm:us-east-1:830921269517:parameter/mlops-platform/prod/acm/vpn/root_client_key",
            "data_type": "text",
            "description": "VPN root client key",
            "id": "/mlops-platform/prod/acm/vpn/root_client_key",
            "insecure_value": null,
            "key_id": "alias/aws/ssm",
            "name": "/mlops-platform/prod/acm/vpn/root_client_key",
            "overwrite": null,
            "tags": {
              "BackupPolicy": "n/a",
              "CostType": "AlwaysCreated",
              "Environment": "production",
              "Name": "VPN root client key imported in AWS ACM",
              "Terraform": "true",
              "Tier": "Private"
            },
            "tags_all": {
              "BackupPolicy": "n/a",
              "CostType": "AlwaysCreated",
              "Environment": "production",
              "Name": "VPN root client key imported in AWS ACM",
              "Project": "mlops-platform",
              "Terraform": "true",
              "Tier": "Private"
            },
            "tier": "Standard",
            "type": "SecureString",
            "value": "-----BEGIN RSA PRIVATE KEY-----\nMIIEpAIBAAKCAQEA+Iw4jxRf7MIlhCQgCVjJNn0fmAefCeutS9c3r8BGlIL0M3sZ\n/b8e1SAMeMAiLBAwlAB5gRlvraPSjgAh+S0Fmw4cmaalfWfco5Jq+8DGNv0Ro+3m\nW2bKPW2vuVnKUel/vGhb5p1u3o10y4kHR1hpjvCyJbvo/9zjnrz78KYKkn2cfcq4\ndNALs+UvL7DejBqWa2hRNlCFSnGmfu5cl/Sq6GPQFr6O8+LUMl5xGqdY5XEEiE8q\nLFKaPtzlrzjT0CI2SSYEtDdyx9NM4zRRsESJ3B3POOeTQ0su/YDQzuikt3iJriZW\n5vbru+hHBIDum6CWqF2Wro8LmVMTH8rKW7ZSmQIDAQABAoIBABj3RMsiecw3aDtQ\nwaMOtw9xHBZSVahScxLWKHLP9ob+bHcrW14Ar6Eq2fXbHtOcQLTtI0dTfcNMXF8F\nJmR4IEMF9Nt+QMtK/n+zumlVYNOvMfFseSIfPhtThD4zBb6anMkZFnogwD08qkmz\nlvaUq+2+wbZGnM3uqzKLuybeFtvF7aA9R+x6HmoRV0vy9q3kczMkbwOWGYZCYDqm\nNeMBb5LlYDLAJFUm7HqvVyA3ddIC93EgoZSW3sWYQ9HIHI7g7GB0vaZ28mBvkPuv\nWRjFg0aNE4CoYl2RJzlhi8c9C7r/YpOKpRFd9lKq7t+4XYvgO4aCLAqpTVsf8R45\ncxQCbb0CgYEA/NA4T3rMNhEML0Ma69FMGiMrwnlfQx8zfOCotkACIvtnSfaDfWdn\n7o2MPJje4h30DZB4NChyt+d1q+LT1PKI23Opx5YXVvDPnDeQ2XgagMeyjEa+e/up\nksL6G0W3nuOeLEw0rgMyKo7ksKpe48PEjm1CC5gcQfmulPIzJLzRGqsCgYEA+648\nk+sehBSkwkZ8GiD/1LDIKNnBCHHx9j8EpaKZkkvCMC2sOsI2n70EOPUaKpRH517P\n+PZI/AdA56pA5O18S6cgTaMZbRndfFs0h88Qo8YfqTtaKq/UwZRJ68EUmMimE7FO\nTmWTYPswP6Utdw8qude4tRfftlt/xeuJ1HaCh8sCgYBGVcOk0RwpWprSN1AxFVyf\n1PMiutO2/+I6NuKZObueceUtnai9ZdxzcOv4G+u+aujwMSZQFIS+B2YkeQnIL+XF\ncCtm/KnnpT2NT6Q77H8rHuPcxP3PzpdB3n7owX+xc9AYsObjFr6JOpIDWJLnuRph\nKaJ7SUlrTYS1qaBy8xkV2wKBgQDEZVnGP9JnVUighaowJZIdofn/zrTQZ0JeWxzA\nOBtIyy90sx9UFtvTWQdjfvh1Q5K8nQMDjwSzDuH6JaRQQHYe/wK5Ms4TkfyBHxbl\n55JfiqqIP9WDvAP1L0dj3h65ftICSfkGOkOAiWNENxw8bSx1Kz5qqn+baNlTVBMR\nJY2EcwKBgQDC6khx2R8cmgLzTw/AtBeUT4EZCr7f9Cz0H5bvzgRAcSBX/4Qj3H5K\nQGsCNtaoWhnHhupkOFbUmWBnB+fyBBIjsckwkuVekXtyWp8woYEv2R4avGhVz/zR\nx30dpcnpaM9L1p/b4/XAG8kwH2/IBZqFU2w+wUMGa5/acTkFExdhqg==\n-----END RSA PRIVATE KEY-----\n",
            "version": 1
          },
          "sensitive_attributes": [
            [
              {
                "type": "get_attr",
                "value": "value"
              }
            ]
          ],
          "private": "bnVsbA==",
          "dependencies": [
            "module.vpn-client.tls_private_key.client"
          ]
        },
        {
          "index_key": "user-1",
          "schema_version": 0,
          "attributes": {
            "allowed_pattern": "",
            "arn": "arn:aws:ssm:us-east-1:830921269517:parameter/mlops-platform/prod/acm/vpn/user-1_client_key",
            "data_type": "text",
            "description": "VPN user-1 client key",
            "id": "/mlops-platform/prod/acm/vpn/user-1_client_key",
            "insecure_value": null,
            "key_id": "alias/aws/ssm",
            "name": "/mlops-platform/prod/acm/vpn/user-1_client_key",
            "overwrite": null,
            "tags": {
              "BackupPolicy": "n/a",
              "CostType": "AlwaysCreated",
              "Environment": "production",
              "Name": "VPN user-1 client key imported in AWS ACM",
              "Terraform": "true",
              "Tier": "Private"
            },
            "tags_all": {
              "BackupPolicy": "n/a",
              "CostType": "AlwaysCreated",
              "Environment": "production",
              "Name": "VPN user-1 client key imported in AWS ACM",
              "Project": "mlops-platform",
              "Terraform": "true",
              "Tier": "Private"
            },
            "tier": "Standard",
            "type": "SecureString",
            "value": "-----BEGIN RSA PRIVATE KEY-----\nMIIEpAIBAAKCAQEA6IDDZQONYx9w+pQ4Nzc95ReZQt8C4UXX4bglGKbl457NtnC2\nJzHyxPAvvv+TBuHhuT04u0FzwABDQeC5VSbRO6Nak6/DsHetIw57TzkaJeEotmki\nn1zsHP9v1q3oyeOZu9xK8Tk1NhIPGmTSI7ix0ewOM9HP63y7u6f4AFiAq+tfoQlZ\nlVs0lrw5tUvyjzqbw3ZKPLYq/6fjbVu94CG1mPiE1SrfAi1Rp4pNZG0LEttBBiD7\nvP3OxwP/l5ltwsO8PPr1tMnyESASG6tAk09vMt1RelG/WCCqSWculQ41/sZe99yU\n+K0D/DjmOCKF4MiG41nOkgDWftua6dRu+p91zwIDAQABAoIBAQDfjV9SsxWxJzwU\nU4ux25XRvt0IJTG5tNQcHljc2SzVrY2SS9F44lfQ8DiYZ1jRF0NYPvtbYVWQWTBS\nGWdZ7pbjxu+CbU+1T3zT5kq+I+N2ZIYmzfQSUuBcCWdZfaIE7KiWrvwH8L+vG7IV\n6Lb8zct8UoJdZPGMNUS07I5SlsYxhawmMt/pDA44RcWjIU7FGONcg5yq7b2F+zb1\nRg6D43YAYaS14km69pT8U3EBxKfmLRwK7p25OXeBL/VHLaII2p6gUpoVqqkaMsKZ\nVZd67ltpNYp/qvrCfdf/L+rXRVNYu0gBUXfi9EBTlvZbwJjqXmsgiwH1csarYohq\nm7ALNCWxAoGBAPQIdnV72xv4wohFLfWz5Mt64jeWQMqiZfK1uOIEc5f8kQ1Hfzza\nSF8ExccnYNBrXidEO1I+4ChBBz6pyrfHZ5WPssmuayBH8OrpLMRT+aoQvaGzd6tV\n+IA1U/pgNey1p8eU7XQsJ8smnU6GgXayRundYNw+SeemTMhWPtF07aNjAoGBAPPn\njfNRgeL9VR40wDDpxFSWlZRPQ/tL28t8W9636ceAPmXd5wvZ6Fgl6hkQS7AoPokt\nhUMmBqMTXhuNdJTagdiMqZdZajEM0602q242jWjuN11Vc2xEKdP61qvWM72jUIaU\nxq0UEfYN4KYOaBtyXtkIMKittMFFagZBkYaUzG2lAoGAFz4fGj17twRQcu4z3G0P\n45mGpki3TxV8pEtOmqhV4in6HsuqgL9BmVs5Ayjq/a7cPt0u0TyP2QWojP1bA3oI\nkaQoITFtnpt7hMREsUZWRy5lAVu4kCcWDhAGOZikSjFbE5VJsIDsIVtCLFJ/TjDY\ntDmTmiaMn3WlZodgYE7Eu4UCgYA3Is4tBezlwjzeojAcHow6TvwrVavZf/GE02z1\nMQAREEWKw5n6TN1AJ/n+hneFr+NLIVYxssPnU3Z/pf+HssmNiWbBBv6BbhPf4S7p\nsD1RTiCH4cxA2jvWZqrml3qE0QlgEvvCnnnc9JAnGbShF76nMznEt9fXpPhtx569\nHKAF3QKBgQCE/Kz5R8hZ0ytm0amT75ihSHIgYaZ1Ql1r2SqTjS3Yl/bUfuTXnmhU\nTV6db5bfWZesQKGV7xqqGXvzFogJ03Ca532ADSAHiZsQPmKxv6UTu0RjvcaLYswN\n/SNRWHXLViDjA9+8VP72kczg++9XYOfeMk1vNHVxVeFZLXiGKUcogg==\n-----END RSA PRIVATE KEY-----\n",
            "version": 1
          },
          "sensitive_attributes": [
            [
              {
                "type": "get_attr",
                "value": "value"
              }
            ]
          ],
          "private": "bnVsbA==",
          "dependencies": [
            "module.vpn-client.tls_private_key.client"
          ]
        }
      ]
    },
    {
      "module": "module.vpn-client",
      "mode": "managed",
      "type": "aws_ssm_parameter",
      "name": "vpn_server_cert",
      "provider": "provider[\"registry.terraform.io/hashicorp/aws\"]",
      "instances": [
        {
          "schema_version": 0,
          "attributes": {
            "allowed_pattern": "",
            "arn": "arn:aws:ssm:us-east-1:830921269517:parameter/mlops-platform/prod/acm/vpn/server_cert",
            "data_type": "text",
            "description": "VPN server cert",
            "id": "/mlops-platform/prod/acm/vpn/server_cert",
            "insecure_value": null,
            "key_id": "alias/aws/ssm",
            "name": "/mlops-platform/prod/acm/vpn/server_cert",
            "overwrite": null,
            "tags": {
              "Environment": "production",
              "Terraform": "true"
            },
            "tags_all": {
              "Environment": "production",
              "Project": "mlops-platform",
              "Terraform": "true"
            },
            "tier": "Standard",
            "type": "SecureString",
            "value": "-----BEGIN CERTIFICATE-----\nMIIDYTCCAkmgAwIBAgIRANVOxqxcwbwFCLifHgMHO+8wDQYJKoZIhvcNAQELBQAw\nPjEXMBUGA1UEChMObWxvcHMtcGxhdGZvcm0xIzAhBgNVBAMTGm1sb3BzLXBsYXRm\nb3JtLnByb2QudnBuLmNhMB4XDTI0MTAxNzE5NTI0NloXDTM0MTAxNTE5NTI0Nlow\nQjEXMBUGA1UEChMObWxvcHMtcGxhdGZvcm0xJzAlBgNVBAMTHm1sb3BzLXBsYXRm\nb3JtLnByb2QudnBuLnNlcnZlcjCCASIwDQYJKoZIhvcNAQEBBQADggEPADCCAQoC\nggEBAMWL9SpckXyAowNppmQzC2Nn+pXu+5dkaTrZ1bFAIK39JM/7y+iLApQKYjnP\n3mx+3Q4n5NQ/0c5ei+oSGgBkT9gHkCrZ5vdC7MeHq7ft9wIcl1WMWu/cgHuK47WM\n4j/ChmK1bGaBBpvx9vOlX+cxqgD8zvRLmR8SUhJJCw4RSxehlI0hHhkNStlqE4Hg\n4zDpGwngccqAGNAJ0TB+5tWYELIFKMj/KRefIKCwldLoCOC1SBn1UZhXHFb5Y+x1\nniGKhoITOVw1B/wIZZ2U2BSB5wwZrxx/l5+rQ4MgRNkQS1q10jYscECxrA13EaNp\nkREEpeB2/T6PbsM+CSmj5GtTvzMCAwEAAaNWMFQwDgYDVR0PAQH/BAQDAgWgMBMG\nA1UdJQQMMAoGCCsGAQUFBwMBMAwGA1UdEwEB/wQCMAAwHwYDVR0jBBgwFoAUSxPx\ngIZT+ui/UCobZJJhj3oy5bAwDQYJKoZIhvcNAQELBQADggEBAEClSFGc57hXa3AT\nEcTForXx4OP1vvpvKv0LCFmKDcihyDqdTfvG81mfPgDyn0DaStco5qZUdSpQxKhm\nJgiD7076IWKJ10vs1HesyNUjXIGAdHzW0TWCYJeaaiUy9anGliFug3DxmGg2Cohu\ncT/JBH6JPF2dpCC9g5Y2jobqAJg8Qa8KuYQhUz3V4ifINuSeE7LkRbsqHPNX2EDa\nM67I01/0cKmW0Qgj4oZmAxztaxibYC0vj2k5vLgxFlwUjrIP+lG46zSvg5LPCBUB\n+Oyyaxtg74tG9J4Wb1ey7bqFhb6QszU+AllZqOsPP3aQtbvAYBhKFxdj/nhRuvtb\nhFxj7+U=\n-----END CERTIFICATE-----\n",
            "version": 1
          },
          "sensitive_attributes": [
            [
              {
                "type": "get_attr",
                "value": "value"
              }
            ]
          ],
          "private": "bnVsbA==",
          "dependencies": [
            "module.vpn-client.tls_cert_request.server",
            "module.vpn-client.tls_locally_signed_cert.server",
            "module.vpn-client.tls_private_key.ca",
            "module.vpn-client.tls_private_key.server",
            "module.vpn-client.tls_self_signed_cert.ca"
          ]
        }
      ]
    },
    {
      "module": "module.vpn-client",
      "mode": "managed",
      "type": "aws_ssm_parameter",
      "name": "vpn_server_key",
      "provider": "provider[\"registry.terraform.io/hashicorp/aws\"]",
      "instances": [
        {
          "schema_version": 0,
          "attributes": {
            "allowed_pattern": "",
            "arn": "arn:aws:ssm:us-east-1:830921269517:parameter/mlops-platform/prod/acm/vpn/server_key",
            "data_type": "text",
            "description": "VPN server key",
            "id": "/mlops-platform/prod/acm/vpn/server_key",
            "insecure_value": null,
            "key_id": "alias/aws/ssm",
            "name": "/mlops-platform/prod/acm/vpn/server_key",
            "overwrite": null,
            "tags": {
              "Environment": "production",
              "Terraform": "true"
            },
            "tags_all": {
              "Environment": "production",
              "Project": "mlops-platform",
              "Terraform": "true"
            },
            "tier": "Standard",
            "type": "SecureString",
            "value": "-----BEGIN RSA PRIVATE KEY-----\nMIIEpAIBAAKCAQEAxYv1KlyRfICjA2mmZDMLY2f6le77l2RpOtnVsUAgrf0kz/vL\n6IsClApiOc/ebH7dDifk1D/Rzl6L6hIaAGRP2AeQKtnm90Lsx4ert+33AhyXVYxa\n79yAe4rjtYziP8KGYrVsZoEGm/H286Vf5zGqAPzO9EuZHxJSEkkLDhFLF6GUjSEe\nGQ1K2WoTgeDjMOkbCeBxyoAY0AnRMH7m1ZgQsgUoyP8pF58goLCV0ugI4LVIGfVR\nmFccVvlj7HWeIYqGghM5XDUH/AhlnZTYFIHnDBmvHH+Xn6tDgyBE2RBLWrXSNixw\nQLGsDXcRo2mREQSl4Hb9Po9uwz4JKaPka1O/MwIDAQABAoIBAQCWRhdj+DL8IObg\nq7fVtTbOkcR/1eIxkkKycA8s3Pl/IXildofxB/4YG6YJEGXE5uTF5fcetsWlVSre\nDpMVBTnvviEfV89o/NIeHsi0DCPAyXsdqr1qhbR/RnJeIyPhGNsdr6EcgL5EVtZj\nFcRUnOUUBzxvfiqnBkrEeigctW8IM530WjCkWLYZoCoIMriwACw4ERrH5GUAyXoq\n0kuIoXaB3gNK4tNLPLYid7Ujjzuc9bDMvvdux/ayBF9UY+psQby7vvhMh5tXmnqP\nCCQXMOidMWaOsS7UujBYRwhEnXxk+7LVoC4As50W233LJNR0IE2pTANRuNrHqbTA\nXEHDK2IhAoGBANlTTAHOr91H/6ar8o+Ixj2/1R9vzg9SY7FSikW7E1DI4kbiIwpR\ny+IC5t0g8yRuiqHAiutePu3oDab5Je544UGxdfduOUS+Z4OUb6K7Xy9a4cjFAjTP\nf2g2U4LH+/p6MhxtvwKVeeL4OwehMy38N/3xTh0F4d2pykRdDlqgXDerAoGBAOiz\nmlxvH+NPzKYpL5aH/zn24Z8GX3D0cx5q24HRAtlXtebRBnZivYQ7BbXiisGb8tAn\n+iMdJX51Bqi5k8hDzIADhi4+n7aiHGY2hltR2/04NP6hOsmdwC46TomAXcBdl5qf\nTRxTc9sQMwIou2KtAc3k5tDuRWKtKbhSHp8V4W6ZAoGAW5wbTB++Tn8NK0sMQqkb\nN+hnhIryx86pK5RpqR9E8ybbC5pDvxPf5/PlMY20MMVQNwMdDD58NHk/WAVqke3u\ntmyCF70k8u94XyTxMh3d7+5VgvZZCb32LQ3JgjWe6GUePpGclRBBgwW0jHDNTDMn\nvyo7DUzveysZklvPszAp72UCgYAfu4Y8Pqchj1s/+XPU2jzSwbjov6y6MYuVRUsj\nu8Xgr5ZNoIl6EWL4qjfQItF7L3IAMsNokGvxf7HlxlDByYUUm+ZrXfzXoemvgpX1\n1Abk1ApeAsyKe+meJDNbita+CcVHv5t7VmIBKIdcLwPGpAMP+bwEF8n8d9KtoP0u\nAoTYWQKBgQCR/bYi80SjJzOYCkWdSwuTyZkURKNXOWstXLR6amjDqTzAaMsm5/ue\nknr07+yHAE6ceYNLThAS78xKO/Wnj3laB6NjOg4GiUyxngyApeUa25pJwRhtrtFD\nOiX6QHKCEUBa3rEqnY9WEwdEgzeAN0HctH0S06sYI3RPCw+AS+5RUw==\n-----END RSA PRIVATE KEY-----\n",
            "version": 1
          },
          "sensitive_attributes": [
            [
              {
                "type": "get_attr",
                "value": "value"
              }
            ]
          ],
          "private": "bnVsbA==",
          "dependencies": [
            "module.vpn-client.tls_private_key.server"
          ]
        }
      ]
    },
    {
      "module": "module.vpn-client",
      "mode": "managed",
      "type": "tls_cert_request",
      "name": "client",
      "provider": "provider[\"registry.terraform.io/hashicorp/tls\"]",
      "instances": [
        {
          "index_key": "root",
          "schema_version": 0,
          "attributes": {
            "cert_request_pem": "-----BEGIN CERTIFICATE REQUEST-----\nMIICjDCCAXQCAQAwRzEXMBUGA1UEChMObWxvcHMtcGxhdGZvcm0xLDAqBgNVBAMT\nI21sb3BzLXBsYXRmb3JtLnByb2QudnBuLnJvb3QtY2xpZW50MIIBIjANBgkqhkiG\n9w0BAQEFAAOCAQ8AMIIBCgKCAQEA+Iw4jxRf7MIlhCQgCVjJNn0fmAefCeutS9c3\nr8BGlIL0M3sZ/b8e1SAMeMAiLBAwlAB5gRlvraPSjgAh+S0Fmw4cmaalfWfco5Jq\n+8DGNv0Ro+3mW2bKPW2vuVnKUel/vGhb5p1u3o10y4kHR1hpjvCyJbvo/9zjnrz7\n8KYKkn2cfcq4dNALs+UvL7DejBqWa2hRNlCFSnGmfu5cl/Sq6GPQFr6O8+LUMl5x\nGqdY5XEEiE8qLFKaPtzlrzjT0CI2SSYEtDdyx9NM4zRRsESJ3B3POOeTQ0su/YDQ\nzuikt3iJriZW5vbru+hHBIDum6CWqF2Wro8LmVMTH8rKW7ZSmQIDAQABoAAwDQYJ\nKoZIhvcNAQELBQADggEBALQR95ZhnJOA3T2QyDpsljsann1amWxQ0WWj85HelKjE\n/LDUVmUKXYd019t6RWIgkk+OYTFzWhNXC28kdZOMPM9+B5NxYj+KNcd6qr6hrM2c\nCK0VVVoKRtkq08krBZ+SvKhnPw9mr5HmZCoOnH7PqDJPjetuA+7mjZ7h7cjSYz5r\nGj7z3X/bPgeR5wkT95SlQ7IvnZbimSlA5fboJ/rU0aHkdCoT+hCd/ZBO3Pbm6+xl\nQZKTFFMAHaepNsmWQOh4P+GE58O72DLGIuVJogRf/osmJK3a+bVUbqwKMeUx67aC\nG0IzXMHuynaYfob5+uWytn2mAK2ZAf8jjsXYHh8vsEw=\n-----END CERTIFICATE REQUEST-----\n",
            "dns_names": null,
            "id": "76a77d04f5195f3afbcc45bbda91c28ed92bf5ce",
            "ip_addresses": null,
            "key_algorithm": "RSA",
            "private_key_pem": "-----BEGIN RSA PRIVATE KEY-----\nMIIEpAIBAAKCAQEA+Iw4jxRf7MIlhCQgCVjJNn0fmAefCeutS9c3r8BGlIL0M3sZ\n/b8e1SAMeMAiLBAwlAB5gRlvraPSjgAh+S0Fmw4cmaalfWfco5Jq+8DGNv0Ro+3m\nW2bKPW2vuVnKUel/vGhb5p1u3o10y4kHR1hpjvCyJbvo/9zjnrz78KYKkn2cfcq4\ndNALs+UvL7DejBqWa2hRNlCFSnGmfu5cl/Sq6GPQFr6O8+LUMl5xGqdY5XEEiE8q\nLFKaPtzlrzjT0CI2SSYEtDdyx9NM4zRRsESJ3B3POOeTQ0su/YDQzuikt3iJriZW\n5vbru+hHBIDum6CWqF2Wro8LmVMTH8rKW7ZSmQIDAQABAoIBABj3RMsiecw3aDtQ\nwaMOtw9xHBZSVahScxLWKHLP9ob+bHcrW14Ar6Eq2fXbHtOcQLTtI0dTfcNMXF8F\nJmR4IEMF9Nt+QMtK/n+zumlVYNOvMfFseSIfPhtThD4zBb6anMkZFnogwD08qkmz\nlvaUq+2+wbZGnM3uqzKLuybeFtvF7aA9R+x6HmoRV0vy9q3kczMkbwOWGYZCYDqm\nNeMBb5LlYDLAJFUm7HqvVyA3ddIC93EgoZSW3sWYQ9HIHI7g7GB0vaZ28mBvkPuv\nWRjFg0aNE4CoYl2RJzlhi8c9C7r/YpOKpRFd9lKq7t+4XYvgO4aCLAqpTVsf8R45\ncxQCbb0CgYEA/NA4T3rMNhEML0Ma69FMGiMrwnlfQx8zfOCotkACIvtnSfaDfWdn\n7o2MPJje4h30DZB4NChyt+d1q+LT1PKI23Opx5YXVvDPnDeQ2XgagMeyjEa+e/up\nksL6G0W3nuOeLEw0rgMyKo7ksKpe48PEjm1CC5gcQfmulPIzJLzRGqsCgYEA+648\nk+sehBSkwkZ8GiD/1LDIKNnBCHHx9j8EpaKZkkvCMC2sOsI2n70EOPUaKpRH517P\n+PZI/AdA56pA5O18S6cgTaMZbRndfFs0h88Qo8YfqTtaKq/UwZRJ68EUmMimE7FO\nTmWTYPswP6Utdw8qude4tRfftlt/xeuJ1HaCh8sCgYBGVcOk0RwpWprSN1AxFVyf\n1PMiutO2/+I6NuKZObueceUtnai9ZdxzcOv4G+u+aujwMSZQFIS+B2YkeQnIL+XF\ncCtm/KnnpT2NT6Q77H8rHuPcxP3PzpdB3n7owX+xc9AYsObjFr6JOpIDWJLnuRph\nKaJ7SUlrTYS1qaBy8xkV2wKBgQDEZVnGP9JnVUighaowJZIdofn/zrTQZ0JeWxzA\nOBtIyy90sx9UFtvTWQdjfvh1Q5K8nQMDjwSzDuH6JaRQQHYe/wK5Ms4TkfyBHxbl\n55JfiqqIP9WDvAP1L0dj3h65ftICSfkGOkOAiWNENxw8bSx1Kz5qqn+baNlTVBMR\nJY2EcwKBgQDC6khx2R8cmgLzTw/AtBeUT4EZCr7f9Cz0H5bvzgRAcSBX/4Qj3H5K\nQGsCNtaoWhnHhupkOFbUmWBnB+fyBBIjsckwkuVekXtyWp8woYEv2R4avGhVz/zR\nx30dpcnpaM9L1p/b4/XAG8kwH2/IBZqFU2w+wUMGa5/acTkFExdhqg==\n-----END RSA PRIVATE KEY-----\n",
            "subject": [
              {
                "common_name": "mlops-platform.prod.vpn.root-client",
                "country": null,
                "locality": null,
                "organization": "mlops-platform",
                "organizational_unit": null,
                "postal_code": null,
                "province": null,
                "serial_number": null,
                "street_address": null
              }
            ],
            "uris": null
          },
          "sensitive_attributes": [
            [
              {
                "type": "get_attr",
                "value": "private_key_pem"
              }
            ]
          ],
          "dependencies": [
            "module.vpn-client.tls_private_key.client"
          ]
        },
        {
          "index_key": "user-1",
          "schema_version": 0,
          "attributes": {
            "cert_request_pem": "-----BEGIN CERTIFICATE REQUEST-----\nMIICjjCCAXYCAQAwSTEXMBUGA1UEChMObWxvcHMtcGxhdGZvcm0xLjAsBgNVBAMT\nJW1sb3BzLXBsYXRmb3JtLnByb2QudnBuLnVzZXItMS1jbGllbnQwggEiMA0GCSqG\nSIb3DQEBAQUAA4IBDwAwggEKAoIBAQDogMNlA41jH3D6lDg3Nz3lF5lC3wLhRdfh\nuCUYpuXjns22cLYnMfLE8C++/5MG4eG5PTi7QXPAAENB4LlVJtE7o1qTr8Owd60j\nDntPORol4Si2aSKfXOwc/2/WrejJ45m73ErxOTU2Eg8aZNIjuLHR7A4z0c/rfLu7\np/gAWICr61+hCVmVWzSWvDm1S/KPOpvDdko8tir/p+NtW73gIbWY+ITVKt8CLVGn\nik1kbQsS20EGIPu8/c7HA/+XmW3Cw7w8+vW0yfIRIBIbq0CTT28y3VF6Ub9YIKpJ\nZy6VDjX+xl733JT4rQP8OOY4IoXgyIbjWc6SANZ+25rp1G76n3XPAgMBAAGgADAN\nBgkqhkiG9w0BAQsFAAOCAQEAw1tV4yNn7btgvVTutSHxotjtqpwwwRTEM7LCVfMK\n4KlNT+cAf0v+EbWExeKGRCgx6THQ7wMallSLA3yubZ/oE+a7UN+fjwENSxHLFRP4\nJ3eHpAawTW/OpmLz6AlUl7VkKO2ubKQuIBqQVPGqOcRYQ6H4xk5Hi+wxW49M740x\n7/RqBjcMjAqG0xH8BKcARzKhMc2Q0IFiY5hyx3U4DZzmoCuiL/jb6fZ17CQ9slV1\nPsbHeNulh0GjiqKBrJCPaygJvs7bobKOesmhpIk3XvAZP4ApaWRgtfj0EXHUMVi3\nqej3OP1gKXbT0vTBPoHd5es/AIxuZCwINJzdDWhj13FBMg==\n-----END CERTIFICATE REQUEST-----\n",
            "dns_names": null,
            "id": "785950a2d5fe63fe6e058e0e32609fe4429b5e2a",
            "ip_addresses": null,
            "key_algorithm": "RSA",
            "private_key_pem": "-----BEGIN RSA PRIVATE KEY-----\nMIIEpAIBAAKCAQEA6IDDZQONYx9w+pQ4Nzc95ReZQt8C4UXX4bglGKbl457NtnC2\nJzHyxPAvvv+TBuHhuT04u0FzwABDQeC5VSbRO6Nak6/DsHetIw57TzkaJeEotmki\nn1zsHP9v1q3oyeOZu9xK8Tk1NhIPGmTSI7ix0ewOM9HP63y7u6f4AFiAq+tfoQlZ\nlVs0lrw5tUvyjzqbw3ZKPLYq/6fjbVu94CG1mPiE1SrfAi1Rp4pNZG0LEttBBiD7\nvP3OxwP/l5ltwsO8PPr1tMnyESASG6tAk09vMt1RelG/WCCqSWculQ41/sZe99yU\n+K0D/DjmOCKF4MiG41nOkgDWftua6dRu+p91zwIDAQABAoIBAQDfjV9SsxWxJzwU\nU4ux25XRvt0IJTG5tNQcHljc2SzVrY2SS9F44lfQ8DiYZ1jRF0NYPvtbYVWQWTBS\nGWdZ7pbjxu+CbU+1T3zT5kq+I+N2ZIYmzfQSUuBcCWdZfaIE7KiWrvwH8L+vG7IV\n6Lb8zct8UoJdZPGMNUS07I5SlsYxhawmMt/pDA44RcWjIU7FGONcg5yq7b2F+zb1\nRg6D43YAYaS14km69pT8U3EBxKfmLRwK7p25OXeBL/VHLaII2p6gUpoVqqkaMsKZ\nVZd67ltpNYp/qvrCfdf/L+rXRVNYu0gBUXfi9EBTlvZbwJjqXmsgiwH1csarYohq\nm7ALNCWxAoGBAPQIdnV72xv4wohFLfWz5Mt64jeWQMqiZfK1uOIEc5f8kQ1Hfzza\nSF8ExccnYNBrXidEO1I+4ChBBz6pyrfHZ5WPssmuayBH8OrpLMRT+aoQvaGzd6tV\n+IA1U/pgNey1p8eU7XQsJ8smnU6GgXayRundYNw+SeemTMhWPtF07aNjAoGBAPPn\njfNRgeL9VR40wDDpxFSWlZRPQ/tL28t8W9636ceAPmXd5wvZ6Fgl6hkQS7AoPokt\nhUMmBqMTXhuNdJTagdiMqZdZajEM0602q242jWjuN11Vc2xEKdP61qvWM72jUIaU\nxq0UEfYN4KYOaBtyXtkIMKittMFFagZBkYaUzG2lAoGAFz4fGj17twRQcu4z3G0P\n45mGpki3TxV8pEtOmqhV4in6HsuqgL9BmVs5Ayjq/a7cPt0u0TyP2QWojP1bA3oI\nkaQoITFtnpt7hMREsUZWRy5lAVu4kCcWDhAGOZikSjFbE5VJsIDsIVtCLFJ/TjDY\ntDmTmiaMn3WlZodgYE7Eu4UCgYA3Is4tBezlwjzeojAcHow6TvwrVavZf/GE02z1\nMQAREEWKw5n6TN1AJ/n+hneFr+NLIVYxssPnU3Z/pf+HssmNiWbBBv6BbhPf4S7p\nsD1RTiCH4cxA2jvWZqrml3qE0QlgEvvCnnnc9JAnGbShF76nMznEt9fXpPhtx569\nHKAF3QKBgQCE/Kz5R8hZ0ytm0amT75ihSHIgYaZ1Ql1r2SqTjS3Yl/bUfuTXnmhU\nTV6db5bfWZesQKGV7xqqGXvzFogJ03Ca532ADSAHiZsQPmKxv6UTu0RjvcaLYswN\n/SNRWHXLViDjA9+8VP72kczg++9XYOfeMk1vNHVxVeFZLXiGKUcogg==\n-----END RSA PRIVATE KEY-----\n",
            "subject": [
              {
                "common_name": "mlops-platform.prod.vpn.user-1-client",
                "country": null,
                "locality": null,
                "organization": "mlops-platform",
                "organizational_unit": null,
                "postal_code": null,
                "province": null,
                "serial_number": null,
                "street_address": null
              }
            ],
            "uris": null
          },
          "sensitive_attributes": [
            [
              {
                "type": "get_attr",
                "value": "private_key_pem"
              }
            ]
          ],
          "dependencies": [
            "module.vpn-client.tls_private_key.client"
          ]
        }
      ]
    },
    {
      "module": "module.vpn-client",
      "mode": "managed",
      "type": "tls_cert_request",
      "name": "server",
      "provider": "provider[\"registry.terraform.io/hashicorp/tls\"]",
      "instances": [
        {
          "schema_version": 0,
          "attributes": {
            "cert_request_pem": "-----BEGIN CERTIFICATE REQUEST-----\nMIIChzCCAW8CAQAwQjEXMBUGA1UEChMObWxvcHMtcGxhdGZvcm0xJzAlBgNVBAMT\nHm1sb3BzLXBsYXRmb3JtLnByb2QudnBuLnNlcnZlcjCCASIwDQYJKoZIhvcNAQEB\nBQADggEPADCCAQoCggEBAMWL9SpckXyAowNppmQzC2Nn+pXu+5dkaTrZ1bFAIK39\nJM/7y+iLApQKYjnP3mx+3Q4n5NQ/0c5ei+oSGgBkT9gHkCrZ5vdC7MeHq7ft9wIc\nl1WMWu/cgHuK47WM4j/ChmK1bGaBBpvx9vOlX+cxqgD8zvRLmR8SUhJJCw4RSxeh\nlI0hHhkNStlqE4Hg4zDpGwngccqAGNAJ0TB+5tWYELIFKMj/KRefIKCwldLoCOC1\nSBn1UZhXHFb5Y+x1niGKhoITOVw1B/wIZZ2U2BSB5wwZrxx/l5+rQ4MgRNkQS1q1\n0jYscECxrA13EaNpkREEpeB2/T6PbsM+CSmj5GtTvzMCAwEAAaAAMA0GCSqGSIb3\nDQEBCwUAA4IBAQAgzOYHvcIcHra16VS0JzDJGSNA6EXSfOfbdQCsmsNTOPk7hoAm\nalZZ762amgiA/Y3yfcL5LzjVtE9lilYAWJoIiNSDc+yxDYE4byPqf3vpjYu/YkUI\neduXufxdC8LMAcaBFVIgtHWqFeSTu7lVeRUS57pzUgQXCQMRXDQZ9bCXmULNKH1n\nniCfj2HVvoUoqlV/GqKAS0X4/QKFlt0NrZYYd3habI/pTMV5+m1RFCATSTFpQFi6\nvizapjfNYZOBkHDHX/JsSsgqEhiCx854Hl9EyWzfiTWR6sbZDAnfUpfViVfQqcG4\nDl535BvkyvR1+FcXUN3jf9eogMBSWt8hJsYs\n-----END CERTIFICATE REQUEST-----\n",
            "dns_names": null,
            "id": "bccdb599c18c0ba664650d7db56583d5bca153ba",
            "ip_addresses": null,
            "key_algorithm": "RSA",
            "private_key_pem": "-----BEGIN RSA PRIVATE KEY-----\nMIIEpAIBAAKCAQEAxYv1KlyRfICjA2mmZDMLY2f6le77l2RpOtnVsUAgrf0kz/vL\n6IsClApiOc/ebH7dDifk1D/Rzl6L6hIaAGRP2AeQKtnm90Lsx4ert+33AhyXVYxa\n79yAe4rjtYziP8KGYrVsZoEGm/H286Vf5zGqAPzO9EuZHxJSEkkLDhFLF6GUjSEe\nGQ1K2WoTgeDjMOkbCeBxyoAY0AnRMH7m1ZgQsgUoyP8pF58goLCV0ugI4LVIGfVR\nmFccVvlj7HWeIYqGghM5XDUH/AhlnZTYFIHnDBmvHH+Xn6tDgyBE2RBLWrXSNixw\nQLGsDXcRo2mREQSl4Hb9Po9uwz4JKaPka1O/MwIDAQABAoIBAQCWRhdj+DL8IObg\nq7fVtTbOkcR/1eIxkkKycA8s3Pl/IXildofxB/4YG6YJEGXE5uTF5fcetsWlVSre\nDpMVBTnvviEfV89o/NIeHsi0DCPAyXsdqr1qhbR/RnJeIyPhGNsdr6EcgL5EVtZj\nFcRUnOUUBzxvfiqnBkrEeigctW8IM530WjCkWLYZoCoIMriwACw4ERrH5GUAyXoq\n0kuIoXaB3gNK4tNLPLYid7Ujjzuc9bDMvvdux/ayBF9UY+psQby7vvhMh5tXmnqP\nCCQXMOidMWaOsS7UujBYRwhEnXxk+7LVoC4As50W233LJNR0IE2pTANRuNrHqbTA\nXEHDK2IhAoGBANlTTAHOr91H/6ar8o+Ixj2/1R9vzg9SY7FSikW7E1DI4kbiIwpR\ny+IC5t0g8yRuiqHAiutePu3oDab5Je544UGxdfduOUS+Z4OUb6K7Xy9a4cjFAjTP\nf2g2U4LH+/p6MhxtvwKVeeL4OwehMy38N/3xTh0F4d2pykRdDlqgXDerAoGBAOiz\nmlxvH+NPzKYpL5aH/zn24Z8GX3D0cx5q24HRAtlXtebRBnZivYQ7BbXiisGb8tAn\n+iMdJX51Bqi5k8hDzIADhi4+n7aiHGY2hltR2/04NP6hOsmdwC46TomAXcBdl5qf\nTRxTc9sQMwIou2KtAc3k5tDuRWKtKbhSHp8V4W6ZAoGAW5wbTB++Tn8NK0sMQqkb\nN+hnhIryx86pK5RpqR9E8ybbC5pDvxPf5/PlMY20MMVQNwMdDD58NHk/WAVqke3u\ntmyCF70k8u94XyTxMh3d7+5VgvZZCb32LQ3JgjWe6GUePpGclRBBgwW0jHDNTDMn\nvyo7DUzveysZklvPszAp72UCgYAfu4Y8Pqchj1s/+XPU2jzSwbjov6y6MYuVRUsj\nu8Xgr5ZNoIl6EWL4qjfQItF7L3IAMsNokGvxf7HlxlDByYUUm+ZrXfzXoemvgpX1\n1Abk1ApeAsyKe+meJDNbita+CcVHv5t7VmIBKIdcLwPGpAMP+bwEF8n8d9KtoP0u\nAoTYWQKBgQCR/bYi80SjJzOYCkWdSwuTyZkURKNXOWstXLR6amjDqTzAaMsm5/ue\nknr07+yHAE6ceYNLThAS78xKO/Wnj3laB6NjOg4GiUyxngyApeUa25pJwRhtrtFD\nOiX6QHKCEUBa3rEqnY9WEwdEgzeAN0HctH0S06sYI3RPCw+AS+5RUw==\n-----END RSA PRIVATE KEY-----\n",
            "subject": [
              {
                "common_name": "mlops-platform.prod.vpn.server",
                "country": null,
                "locality": null,
                "organization": "mlops-platform",
                "organizational_unit": null,
                "postal_code": null,
                "province": null,
                "serial_number": null,
                "street_address": null
              }
            ],
            "uris": null
          },
          "sensitive_attributes": [
            [
              {
                "type": "get_attr",
                "value": "private_key_pem"
              }
            ]
          ],
          "dependencies": [
            "module.vpn-client.tls_private_key.server"
          ]
        }
      ]
    },
    {
      "module": "module.vpn-client",
      "mode": "managed",
      "type": "tls_locally_signed_cert",
      "name": "client",
      "provider": "provider[\"registry.terraform.io/hashicorp/tls\"]",
      "instances": [
        {
          "index_key": "root",
          "schema_version": 0,
          "attributes": {
            "allowed_uses": [
              "key_encipherment",
              "digital_signature",
              "client_auth"
            ],
            "ca_cert_pem": "-----BEGIN CERTIFICATE-----\nMIIDSDCCAjCgAwIBAgIQeLyiV8FJlRXjdzt73/muTzANBgkqhkiG9w0BAQsFADA+\nMRcwFQYDVQQKEw5tbG9wcy1wbGF0Zm9ybTEjMCEGA1UEAxMabWxvcHMtcGxhdGZv\ncm0ucHJvZC52cG4uY2EwHhcNMjQxMDE3MTk1MjQ2WhcNMzQxMDE1MTk1MjQ2WjA+\nMRcwFQYDVQQKEw5tbG9wcy1wbGF0Zm9ybTEjMCEGA1UEAxMabWxvcHMtcGxhdGZv\ncm0ucHJvZC52cG4uY2EwggEiMA0GCSqGSIb3DQEBAQUAA4IBDwAwggEKAoIBAQCy\nJsTQzcXsUv9hSfvvtL5hyavek2fO3pX+7XQbit+qzUCJufskZvNlRX2j2RJUyE8d\nL7SgIgi0wjB1b+yroyUjuKsfvxjecDiuAc40Cl/XPIVk+pzDxu41URO6stunEBQ+\n0dr4cC/Ll5oGf3YaIavGvlGb3A3k53BMSRuqakhUqjnds67BxFkZROzFTJsv2Sjv\nzxYycISgfLN4JhQVaLi3OIKJUm+8IgzyT6xApn+NcrLQ05PqJO8UyCsQizlpGS8A\nHCMNVN4XzEt4NvgkddESxocPAHnynynWSaETpwd83LzKkeiQ/EWYKOIh81Hod47+\nI6XTszEuJYA4elrYlrshAgMBAAGjQjBAMA4GA1UdDwEB/wQEAwIBBjAPBgNVHRMB\nAf8EBTADAQH/MB0GA1UdDgQWBBRLE/GAhlP66L9QKhtkkmGPejLlsDANBgkqhkiG\n9w0BAQsFAAOCAQEApB+ODhUUho8gbUzYQZVa5u0wFFE1HWWpclQ5JCPuDPt2ZIpC\nxjrAalTOhOTimt5wJMKEAnk2D1ppd6uOyyA6OkIg8sbKs6Zym1rJEBS/I1IG8tkL\niti6Lo7AC4e0v46TNiH5fXjm+4KLP1twzi0fXkgfoioS4XZVZiWhZc/FJxUxOnMj\nZ3bzDW5I70vFWyg0uNk5nsU3aXugeHmY+KimAVqSGTRM/oLZBZ7hzUOmnUuEuwgq\n0FYNoiRZvt7aPbg3WF5KtaOvB4X4+AGqbxyig/YBWikk7PK8zEsYbTMbwmLo0hcW\nhpRdgjinkXRaECvIsuTnPnvqWI05mR/az54L7Q==\n-----END CERTIFICATE-----\n",
            "ca_key_algorithm": "RSA",
            "ca_private_key_pem": "-----BEGIN RSA PRIVATE KEY-----\nMIIEowIBAAKCAQEAsibE0M3F7FL/YUn777S+Ycmr3pNnzt6V/u10G4rfqs1Aibn7\nJGbzZUV9o9kSVMhPHS+0oCIItMIwdW/sq6MlI7irH78Y3nA4rgHONApf1zyFZPqc\nw8buNVETurLbpxAUPtHa+HAvy5eaBn92GiGrxr5Rm9wN5OdwTEkbqmpIVKo53bOu\nwcRZGUTsxUybL9ko788WMnCEoHyzeCYUFWi4tziCiVJvvCIM8k+sQKZ/jXKy0NOT\n6iTvFMgrEIs5aRkvABwjDVTeF8xLeDb4JHXREsaHDwB58p8p1kmhE6cHfNy8ypHo\nkPxFmCjiIfNR6HeO/iOl07MxLiWAOHpa2Ja7IQIDAQABAoIBAFOQdd+PthhNMjdb\ncc6VlHvgEjtcH2Rc6jTjAwRsVtASaQRxdYk0tVS6jN2PU9brApkpKGu4qybGs95S\nOsyjwScJV1OT2sF0GFIezK+CckROwi+EkoYOyOu/dSatAPVTSHvTCghg7zpriTcl\nEKvfQWj/Gt6mEOpfWUCfRlfgdL8pNSkZbB3qYNBm39KN5rS/C2XQY0d+Hcz5Zjf8\n5CikHyP8vRSOPx1ad6wk3ozlFK8v5amzOtYUIDYDrfiYOGxK71EBznow5PUvxnF/\nL2o02o/NhoxS9aKg8QOm/iA4hIj/mGGEPX3YxJouYy5dyuibg4qvcgdUB+/jUrs8\n6LCBNQECgYEAyCsLdKhBmQBvPXWo/lWEvQyJtWq7waSLS1JLqc0BiGly5pl8BLwI\nD5SZkI2OH83iOSbWf7SUFDgL0GddDJiiYkysBmLne+6dFfK0F+t7ZHNwiYvOTwHH\nFFLeM8CWm+++1+ZByZYTcsqvVOKknmRsWyhm87bcrNv8Bj/gZC5dlBECgYEA49eg\ng4WKhba4lg7gmihaf9mt6gVHAl11P5jscXtXRsET0l9Inh5oxv1jrOkeo9Dyl78u\n7pt891MwZECEWW32NRrkJTF5OV8VR6YGgvmHFqJRBAjGgiJ2tB3dLzk1tHr8hafw\n0+fcq3A0kAOdeFg2PQ1MmYonhqUgzV4ksb3vhhECgYBsxA7+farfU4Aemj+Qq7Fr\n9FMjs/J//0P9UqNwicfqcroPmZjtDasnpCxpgrGWkI37ViI51EqeTfIFdRT3kjyy\nQ006TyXPjtHmqjG3yaoL5DpjUwdwoNunLHw3DNAJvZUqxaA7xIOe3Ym2C00+D/1c\n7zA5/8QbXZGtZ6orZZJNsQKBgCFEXaJ2gChP6pm2aGL522TpgrQ1uw2EWddEW9mh\n+bdR/7Pqx66WoBPV8ZTQoPGoU5OGjbK3L0LpeZpZtTldjeJpH8CyfZG76V6Bxlef\nWXMblhqxsVJU9+IKrj3z63yDrJVTVR2LsDOz+WjBrl9g+eJmK7YLbwQA3k4+Hbt6\nERwRAoGBAJCkBa2GScDITCPsjEF2RxojYtrAg48AP2H2kWm+I2CAOJOqBS9ERQmb\n4kYwZdcFIBFTKfrl6nz3oh5sPa3PMwoCqnm73MapZzjSjiqrRi11BrMKghpu5LCz\n5aIIic9XQuHVfMVef4HgwEVs45jHgOBsEQXZ20cvntMzCpuK7ByZ\n-----END RSA PRIVATE KEY-----\n",
            "cert_pem": "-----BEGIN CERTIFICATE-----\nMIIDZjCCAk6gAwIBAgIRALJ4VNyJ7oOzaRaSmPtr5xIwDQYJKoZIhvcNAQELBQAw\nPjEXMBUGA1UEChMObWxvcHMtcGxhdGZvcm0xIzAhBgNVBAMTGm1sb3BzLXBsYXRm\nb3JtLnByb2QudnBuLmNhMB4XDTI0MTAxNzE5NTI0NloXDTM0MTAxNTE5NTI0Nlow\nRzEXMBUGA1UEChMObWxvcHMtcGxhdGZvcm0xLDAqBgNVBAMTI21sb3BzLXBsYXRm\nb3JtLnByb2QudnBuLnJvb3QtY2xpZW50MIIBIjANBgkqhkiG9w0BAQEFAAOCAQ8A\nMIIBCgKCAQEA+Iw4jxRf7MIlhCQgCVjJNn0fmAefCeutS9c3r8BGlIL0M3sZ/b8e\n1SAMeMAiLBAwlAB5gRlvraPSjgAh+S0Fmw4cmaalfWfco5Jq+8DGNv0Ro+3mW2bK\nPW2vuVnKUel/vGhb5p1u3o10y4kHR1hpjvCyJbvo/9zjnrz78KYKkn2cfcq4dNAL\ns+UvL7DejBqWa2hRNlCFSnGmfu5cl/Sq6GPQFr6O8+LUMl5xGqdY5XEEiE8qLFKa\nPtzlrzjT0CI2SSYEtDdyx9NM4zRRsESJ3B3POOeTQ0su/YDQzuikt3iJriZW5vbr\nu+hHBIDum6CWqF2Wro8LmVMTH8rKW7ZSmQIDAQABo1YwVDAOBgNVHQ8BAf8EBAMC\nBaAwEwYDVR0lBAwwCgYIKwYBBQUHAwIwDAYDVR0TAQH/BAIwADAfBgNVHSMEGDAW\ngBRLE/GAhlP66L9QKhtkkmGPejLlsDANBgkqhkiG9w0BAQsFAAOCAQEAUTtqdnzm\nhIDiYyWRRWhyKeJukMpgwXJp1QJuyakvlBI9tTDE+LJX5YoFot5yAKeJbWGK18Pb\ngGzVOHmE8mNX6CcbhoOsfjNRCFZy7jneITgzmi85vBmsoKrqfmOJjbxF2SmcVTts\nXjt4Hz9b5OenYDQ3sRudy31KTMoCylcTuMu9hqpZqjY3DYOUr1QIWC1vdANJ7KlF\nCfm56ypx/DgE2LFUqvA3VZ4FeY9dnuvHwN6kZko0LVziioyHj8lvTxDWhL7tSceB\nVi5tBZNRtLasn//ACsi+6SmCbYXCTQjClGaL62xrPpfgCn6CGSjb1P0PK1Ye+sBN\n2hJcZlk7ZmhZ2Q==\n-----END CERTIFICATE-----\n",
            "cert_request_pem": "-----BEGIN CERTIFICATE REQUEST-----\nMIICjDCCAXQCAQAwRzEXMBUGA1UEChMObWxvcHMtcGxhdGZvcm0xLDAqBgNVBAMT\nI21sb3BzLXBsYXRmb3JtLnByb2QudnBuLnJvb3QtY2xpZW50MIIBIjANBgkqhkiG\n9w0BAQEFAAOCAQ8AMIIBCgKCAQEA+Iw4jxRf7MIlhCQgCVjJNn0fmAefCeutS9c3\nr8BGlIL0M3sZ/b8e1SAMeMAiLBAwlAB5gRlvraPSjgAh+S0Fmw4cmaalfWfco5Jq\n+8DGNv0Ro+3mW2bKPW2vuVnKUel/vGhb5p1u3o10y4kHR1hpjvCyJbvo/9zjnrz7\n8KYKkn2cfcq4dNALs+UvL7DejBqWa2hRNlCFSnGmfu5cl/Sq6GPQFr6O8+LUMl5x\nGqdY5XEEiE8qLFKaPtzlrzjT0CI2SSYEtDdyx9NM4zRRsESJ3B3POOeTQ0su/YDQ\nzuikt3iJriZW5vbru+hHBIDum6CWqF2Wro8LmVMTH8rKW7ZSmQIDAQABoAAwDQYJ\nKoZIhvcNAQELBQADggEBALQR95ZhnJOA3T2QyDpsljsann1amWxQ0WWj85HelKjE\n/LDUVmUKXYd019t6RWIgkk+OYTFzWhNXC28kdZOMPM9+B5NxYj+KNcd6qr6hrM2c\nCK0VVVoKRtkq08krBZ+SvKhnPw9mr5HmZCoOnH7PqDJPjetuA+7mjZ7h7cjSYz5r\nGj7z3X/bPgeR5wkT95SlQ7IvnZbimSlA5fboJ/rU0aHkdCoT+hCd/ZBO3Pbm6+xl\nQZKTFFMAHaepNsmWQOh4P+GE58O72DLGIuVJogRf/osmJK3a+bVUbqwKMeUx67aC\nG0IzXMHuynaYfob5+uWytn2mAK2ZAf8jjsXYHh8vsEw=\n-----END CERTIFICATE REQUEST-----\n",
            "early_renewal_hours": 0,
            "id": "237227380068029457200912600723813558034",
            "is_ca_certificate": false,
            "ready_for_renewal": false,
            "set_subject_key_id": false,
            "validity_end_time": "2034-10-15T20:52:46.711659411+01:00",
            "validity_period_hours": 87600,
            "validity_start_time": "2024-10-17T20:52:46.711659411+01:00"
          },
          "sensitive_attributes": [
            [
              {
                "type": "get_attr",
                "value": "ca_private_key_pem"
              }
            ]
          ],
          "dependencies": [
            "module.vpn-client.tls_cert_request.client",
            "module.vpn-client.tls_private_key.ca",
            "module.vpn-client.tls_private_key.client",
            "module.vpn-client.tls_self_signed_cert.ca"
          ]
        },
        {
          "index_key": "user-1",
          "schema_version": 0,
          "attributes": {
            "allowed_uses": [
              "key_encipherment",
              "digital_signature",
              "client_auth"
            ],
            "ca_cert_pem": "-----BEGIN CERTIFICATE-----\nMIIDSDCCAjCgAwIBAgIQeLyiV8FJlRXjdzt73/muTzANBgkqhkiG9w0BAQsFADA+\nMRcwFQYDVQQKEw5tbG9wcy1wbGF0Zm9ybTEjMCEGA1UEAxMabWxvcHMtcGxhdGZv\ncm0ucHJvZC52cG4uY2EwHhcNMjQxMDE3MTk1MjQ2WhcNMzQxMDE1MTk1MjQ2WjA+\nMRcwFQYDVQQKEw5tbG9wcy1wbGF0Zm9ybTEjMCEGA1UEAxMabWxvcHMtcGxhdGZv\ncm0ucHJvZC52cG4uY2EwggEiMA0GCSqGSIb3DQEBAQUAA4IBDwAwggEKAoIBAQCy\nJsTQzcXsUv9hSfvvtL5hyavek2fO3pX+7XQbit+qzUCJufskZvNlRX2j2RJUyE8d\nL7SgIgi0wjB1b+yroyUjuKsfvxjecDiuAc40Cl/XPIVk+pzDxu41URO6stunEBQ+\n0dr4cC/Ll5oGf3YaIavGvlGb3A3k53BMSRuqakhUqjnds67BxFkZROzFTJsv2Sjv\nzxYycISgfLN4JhQVaLi3OIKJUm+8IgzyT6xApn+NcrLQ05PqJO8UyCsQizlpGS8A\nHCMNVN4XzEt4NvgkddESxocPAHnynynWSaETpwd83LzKkeiQ/EWYKOIh81Hod47+\nI6XTszEuJYA4elrYlrshAgMBAAGjQjBAMA4GA1UdDwEB/wQEAwIBBjAPBgNVHRMB\nAf8EBTADAQH/MB0GA1UdDgQWBBRLE/GAhlP66L9QKhtkkmGPejLlsDANBgkqhkiG\n9w0BAQsFAAOCAQEApB+ODhUUho8gbUzYQZVa5u0wFFE1HWWpclQ5JCPuDPt2ZIpC\nxjrAalTOhOTimt5wJMKEAnk2D1ppd6uOyyA6OkIg8sbKs6Zym1rJEBS/I1IG8tkL\niti6Lo7AC4e0v46TNiH5fXjm+4KLP1twzi0fXkgfoioS4XZVZiWhZc/FJxUxOnMj\nZ3bzDW5I70vFWyg0uNk5nsU3aXugeHmY+KimAVqSGTRM/oLZBZ7hzUOmnUuEuwgq\n0FYNoiRZvt7aPbg3WF5KtaOvB4X4+AGqbxyig/YBWikk7PK8zEsYbTMbwmLo0hcW\nhpRdgjinkXRaECvIsuTnPnvqWI05mR/az54L7Q==\n-----END CERTIFICATE-----\n",
            "ca_key_algorithm": "RSA",
            "ca_private_key_pem": "-----BEGIN RSA PRIVATE KEY-----\nMIIEowIBAAKCAQEAsibE0M3F7FL/YUn777S+Ycmr3pNnzt6V/u10G4rfqs1Aibn7\nJGbzZUV9o9kSVMhPHS+0oCIItMIwdW/sq6MlI7irH78Y3nA4rgHONApf1zyFZPqc\nw8buNVETurLbpxAUPtHa+HAvy5eaBn92GiGrxr5Rm9wN5OdwTEkbqmpIVKo53bOu\nwcRZGUTsxUybL9ko788WMnCEoHyzeCYUFWi4tziCiVJvvCIM8k+sQKZ/jXKy0NOT\n6iTvFMgrEIs5aRkvABwjDVTeF8xLeDb4JHXREsaHDwB58p8p1kmhE6cHfNy8ypHo\nkPxFmCjiIfNR6HeO/iOl07MxLiWAOHpa2Ja7IQIDAQABAoIBAFOQdd+PthhNMjdb\ncc6VlHvgEjtcH2Rc6jTjAwRsVtASaQRxdYk0tVS6jN2PU9brApkpKGu4qybGs95S\nOsyjwScJV1OT2sF0GFIezK+CckROwi+EkoYOyOu/dSatAPVTSHvTCghg7zpriTcl\nEKvfQWj/Gt6mEOpfWUCfRlfgdL8pNSkZbB3qYNBm39KN5rS/C2XQY0d+Hcz5Zjf8\n5CikHyP8vRSOPx1ad6wk3ozlFK8v5amzOtYUIDYDrfiYOGxK71EBznow5PUvxnF/\nL2o02o/NhoxS9aKg8QOm/iA4hIj/mGGEPX3YxJouYy5dyuibg4qvcgdUB+/jUrs8\n6LCBNQECgYEAyCsLdKhBmQBvPXWo/lWEvQyJtWq7waSLS1JLqc0BiGly5pl8BLwI\nD5SZkI2OH83iOSbWf7SUFDgL0GddDJiiYkysBmLne+6dFfK0F+t7ZHNwiYvOTwHH\nFFLeM8CWm+++1+ZByZYTcsqvVOKknmRsWyhm87bcrNv8Bj/gZC5dlBECgYEA49eg\ng4WKhba4lg7gmihaf9mt6gVHAl11P5jscXtXRsET0l9Inh5oxv1jrOkeo9Dyl78u\n7pt891MwZECEWW32NRrkJTF5OV8VR6YGgvmHFqJRBAjGgiJ2tB3dLzk1tHr8hafw\n0+fcq3A0kAOdeFg2PQ1MmYonhqUgzV4ksb3vhhECgYBsxA7+farfU4Aemj+Qq7Fr\n9FMjs/J//0P9UqNwicfqcroPmZjtDasnpCxpgrGWkI37ViI51EqeTfIFdRT3kjyy\nQ006TyXPjtHmqjG3yaoL5DpjUwdwoNunLHw3DNAJvZUqxaA7xIOe3Ym2C00+D/1c\n7zA5/8QbXZGtZ6orZZJNsQKBgCFEXaJ2gChP6pm2aGL522TpgrQ1uw2EWddEW9mh\n+bdR/7Pqx66WoBPV8ZTQoPGoU5OGjbK3L0LpeZpZtTldjeJpH8CyfZG76V6Bxlef\nWXMblhqxsVJU9+IKrj3z63yDrJVTVR2LsDOz+WjBrl9g+eJmK7YLbwQA3k4+Hbt6\nERwRAoGBAJCkBa2GScDITCPsjEF2RxojYtrAg48AP2H2kWm+I2CAOJOqBS9ERQmb\n4kYwZdcFIBFTKfrl6nz3oh5sPa3PMwoCqnm73MapZzjSjiqrRi11BrMKghpu5LCz\n5aIIic9XQuHVfMVef4HgwEVs45jHgOBsEQXZ20cvntMzCpuK7ByZ\n-----END RSA PRIVATE KEY-----\n",
            "cert_pem": "-----BEGIN CERTIFICATE-----\nMIIDaDCCAlCgAwIBAgIRAOCPARDWuI9Cq+9wcfqRAz8wDQYJKoZIhvcNAQELBQAw\nPjEXMBUGA1UEChMObWxvcHMtcGxhdGZvcm0xIzAhBgNVBAMTGm1sb3BzLXBsYXRm\nb3JtLnByb2QudnBuLmNhMB4XDTI0MTAxNzE5NTI0NloXDTM0MTAxNTE5NTI0Nlow\nSTEXMBUGA1UEChMObWxvcHMtcGxhdGZvcm0xLjAsBgNVBAMTJW1sb3BzLXBsYXRm\nb3JtLnByb2QudnBuLnVzZXItMS1jbGllbnQwggEiMA0GCSqGSIb3DQEBAQUAA4IB\nDwAwggEKAoIBAQDogMNlA41jH3D6lDg3Nz3lF5lC3wLhRdfhuCUYpuXjns22cLYn\nMfLE8C++/5MG4eG5PTi7QXPAAENB4LlVJtE7o1qTr8Owd60jDntPORol4Si2aSKf\nXOwc/2/WrejJ45m73ErxOTU2Eg8aZNIjuLHR7A4z0c/rfLu7p/gAWICr61+hCVmV\nWzSWvDm1S/KPOpvDdko8tir/p+NtW73gIbWY+ITVKt8CLVGnik1kbQsS20EGIPu8\n/c7HA/+XmW3Cw7w8+vW0yfIRIBIbq0CTT28y3VF6Ub9YIKpJZy6VDjX+xl733JT4\nrQP8OOY4IoXgyIbjWc6SANZ+25rp1G76n3XPAgMBAAGjVjBUMA4GA1UdDwEB/wQE\nAwIFoDATBgNVHSUEDDAKBggrBgEFBQcDAjAMBgNVHRMBAf8EAjAAMB8GA1UdIwQY\nMBaAFEsT8YCGU/rov1AqG2SSYY96MuWwMA0GCSqGSIb3DQEBCwUAA4IBAQCP2go5\nliPhxNeSR40nfKafpmPafIjhxiTIUCAs6DAlPgByXfw+VlabZ6Sk3beLvYj1UUXW\nSCVRpO6hupQHkKinJEI9md6aTIlskgpD/53wKyDeyLwZ3l5aP818GkTccsbroq2X\nPF9ymqIPhhApIyIrnC39T/tLLov6gZcEiw6YdLeIVh72a06WVJ7xLloiz3Z7rdmA\nZTcx75zV0l4RYNLbfzDOeJAGF4/zSGqS/0RRN+ziGpfWjT2/jVbqHCaai2+vNJfp\nbLO+gZAMcSdeGDkPqTlgqaIfoBn2OOGHMFmvicDtOm9nEoS+SQGy6HPXRO4VCfXs\nIYE66UiAy1Vyhetf\n-----END CERTIFICATE-----\n",
            "cert_request_pem": "-----BEGIN CERTIFICATE REQUEST-----\nMIICjjCCAXYCAQAwSTEXMBUGA1UEChMObWxvcHMtcGxhdGZvcm0xLjAsBgNVBAMT\nJW1sb3BzLXBsYXRmb3JtLnByb2QudnBuLnVzZXItMS1jbGllbnQwggEiMA0GCSqG\nSIb3DQEBAQUAA4IBDwAwggEKAoIBAQDogMNlA41jH3D6lDg3Nz3lF5lC3wLhRdfh\nuCUYpuXjns22cLYnMfLE8C++/5MG4eG5PTi7QXPAAENB4LlVJtE7o1qTr8Owd60j\nDntPORol4Si2aSKfXOwc/2/WrejJ45m73ErxOTU2Eg8aZNIjuLHR7A4z0c/rfLu7\np/gAWICr61+hCVmVWzSWvDm1S/KPOpvDdko8tir/p+NtW73gIbWY+ITVKt8CLVGn\nik1kbQsS20EGIPu8/c7HA/+XmW3Cw7w8+vW0yfIRIBIbq0CTT28y3VF6Ub9YIKpJ\nZy6VDjX+xl733JT4rQP8OOY4IoXgyIbjWc6SANZ+25rp1G76n3XPAgMBAAGgADAN\nBgkqhkiG9w0BAQsFAAOCAQEAw1tV4yNn7btgvVTutSHxotjtqpwwwRTEM7LCVfMK\n4KlNT+cAf0v+EbWExeKGRCgx6THQ7wMallSLA3yubZ/oE+a7UN+fjwENSxHLFRP4\nJ3eHpAawTW/OpmLz6AlUl7VkKO2ubKQuIBqQVPGqOcRYQ6H4xk5Hi+wxW49M740x\n7/RqBjcMjAqG0xH8BKcARzKhMc2Q0IFiY5hyx3U4DZzmoCuiL/jb6fZ17CQ9slV1\nPsbHeNulh0GjiqKBrJCPaygJvs7bobKOesmhpIk3XvAZP4ApaWRgtfj0EXHUMVi3\nqej3OP1gKXbT0vTBPoHd5es/AIxuZCwINJzdDWhj13FBMg==\n-----END CERTIFICATE REQUEST-----\n",
            "early_renewal_hours": 0,
            "id": "298489591123104750742090808355932144447",
            "is_ca_certificate": false,
            "ready_for_renewal": false,
            "set_subject_key_id": false,
            "validity_end_time": "2034-10-15T20:52:46.711708068+01:00",
            "validity_period_hours": 87600,
            "validity_start_time": "2024-10-17T20:52:46.711708068+01:00"
          },
          "sensitive_attributes": [
            [
              {
                "type": "get_attr",
                "value": "ca_private_key_pem"
              }
            ]
          ],
          "dependencies": [
            "module.vpn-client.tls_cert_request.client",
            "module.vpn-client.tls_private_key.ca",
            "module.vpn-client.tls_private_key.client",
            "module.vpn-client.tls_self_signed_cert.ca"
          ]
        }
      ]
    },
    {
      "module": "module.vpn-client",
      "mode": "managed",
      "type": "tls_locally_signed_cert",
      "name": "server",
      "provider": "provider[\"registry.terraform.io/hashicorp/tls\"]",
      "instances": [
        {
          "schema_version": 0,
          "attributes": {
            "allowed_uses": [
              "key_encipherment",
              "digital_signature",
              "server_auth"
            ],
            "ca_cert_pem": "-----BEGIN CERTIFICATE-----\nMIIDSDCCAjCgAwIBAgIQeLyiV8FJlRXjdzt73/muTzANBgkqhkiG9w0BAQsFADA+\nMRcwFQYDVQQKEw5tbG9wcy1wbGF0Zm9ybTEjMCEGA1UEAxMabWxvcHMtcGxhdGZv\ncm0ucHJvZC52cG4uY2EwHhcNMjQxMDE3MTk1MjQ2WhcNMzQxMDE1MTk1MjQ2WjA+\nMRcwFQYDVQQKEw5tbG9wcy1wbGF0Zm9ybTEjMCEGA1UEAxMabWxvcHMtcGxhdGZv\ncm0ucHJvZC52cG4uY2EwggEiMA0GCSqGSIb3DQEBAQUAA4IBDwAwggEKAoIBAQCy\nJsTQzcXsUv9hSfvvtL5hyavek2fO3pX+7XQbit+qzUCJufskZvNlRX2j2RJUyE8d\nL7SgIgi0wjB1b+yroyUjuKsfvxjecDiuAc40Cl/XPIVk+pzDxu41URO6stunEBQ+\n0dr4cC/Ll5oGf3YaIavGvlGb3A3k53BMSRuqakhUqjnds67BxFkZROzFTJsv2Sjv\nzxYycISgfLN4JhQVaLi3OIKJUm+8IgzyT6xApn+NcrLQ05PqJO8UyCsQizlpGS8A\nHCMNVN4XzEt4NvgkddESxocPAHnynynWSaETpwd83LzKkeiQ/EWYKOIh81Hod47+\nI6XTszEuJYA4elrYlrshAgMBAAGjQjBAMA4GA1UdDwEB/wQEAwIBBjAPBgNVHRMB\nAf8EBTADAQH/MB0GA1UdDgQWBBRLE/GAhlP66L9QKhtkkmGPejLlsDANBgkqhkiG\n9w0BAQsFAAOCAQEApB+ODhUUho8gbUzYQZVa5u0wFFE1HWWpclQ5JCPuDPt2ZIpC\nxjrAalTOhOTimt5wJMKEAnk2D1ppd6uOyyA6OkIg8sbKs6Zym1rJEBS/I1IG8tkL\niti6Lo7AC4e0v46TNiH5fXjm+4KLP1twzi0fXkgfoioS4XZVZiWhZc/FJxUxOnMj\nZ3bzDW5I70vFWyg0uNk5nsU3aXugeHmY+KimAVqSGTRM/oLZBZ7hzUOmnUuEuwgq\n0FYNoiRZvt7aPbg3WF5KtaOvB4X4+AGqbxyig/YBWikk7PK8zEsYbTMbwmLo0hcW\nhpRdgjinkXRaECvIsuTnPnvqWI05mR/az54L7Q==\n-----END CERTIFICATE-----\n",
            "ca_key_algorithm": "RSA",
            "ca_private_key_pem": "-----BEGIN RSA PRIVATE KEY-----\nMIIEowIBAAKCAQEAsibE0M3F7FL/YUn777S+Ycmr3pNnzt6V/u10G4rfqs1Aibn7\nJGbzZUV9o9kSVMhPHS+0oCIItMIwdW/sq6MlI7irH78Y3nA4rgHONApf1zyFZPqc\nw8buNVETurLbpxAUPtHa+HAvy5eaBn92GiGrxr5Rm9wN5OdwTEkbqmpIVKo53bOu\nwcRZGUTsxUybL9ko788WMnCEoHyzeCYUFWi4tziCiVJvvCIM8k+sQKZ/jXKy0NOT\n6iTvFMgrEIs5aRkvABwjDVTeF8xLeDb4JHXREsaHDwB58p8p1kmhE6cHfNy8ypHo\nkPxFmCjiIfNR6HeO/iOl07MxLiWAOHpa2Ja7IQIDAQABAoIBAFOQdd+PthhNMjdb\ncc6VlHvgEjtcH2Rc6jTjAwRsVtASaQRxdYk0tVS6jN2PU9brApkpKGu4qybGs95S\nOsyjwScJV1OT2sF0GFIezK+CckROwi+EkoYOyOu/dSatAPVTSHvTCghg7zpriTcl\nEKvfQWj/Gt6mEOpfWUCfRlfgdL8pNSkZbB3qYNBm39KN5rS/C2XQY0d+Hcz5Zjf8\n5CikHyP8vRSOPx1ad6wk3ozlFK8v5amzOtYUIDYDrfiYOGxK71EBznow5PUvxnF/\nL2o02o/NhoxS9aKg8QOm/iA4hIj/mGGEPX3YxJouYy5dyuibg4qvcgdUB+/jUrs8\n6LCBNQECgYEAyCsLdKhBmQBvPXWo/lWEvQyJtWq7waSLS1JLqc0BiGly5pl8BLwI\nD5SZkI2OH83iOSbWf7SUFDgL0GddDJiiYkysBmLne+6dFfK0F+t7ZHNwiYvOTwHH\nFFLeM8CWm+++1+ZByZYTcsqvVOKknmRsWyhm87bcrNv8Bj/gZC5dlBECgYEA49eg\ng4WKhba4lg7gmihaf9mt6gVHAl11P5jscXtXRsET0l9Inh5oxv1jrOkeo9Dyl78u\n7pt891MwZECEWW32NRrkJTF5OV8VR6YGgvmHFqJRBAjGgiJ2tB3dLzk1tHr8hafw\n0+fcq3A0kAOdeFg2PQ1MmYonhqUgzV4ksb3vhhECgYBsxA7+farfU4Aemj+Qq7Fr\n9FMjs/J//0P9UqNwicfqcroPmZjtDasnpCxpgrGWkI37ViI51EqeTfIFdRT3kjyy\nQ006TyXPjtHmqjG3yaoL5DpjUwdwoNunLHw3DNAJvZUqxaA7xIOe3Ym2C00+D/1c\n7zA5/8QbXZGtZ6orZZJNsQKBgCFEXaJ2gChP6pm2aGL522TpgrQ1uw2EWddEW9mh\n+bdR/7Pqx66WoBPV8ZTQoPGoU5OGjbK3L0LpeZpZtTldjeJpH8CyfZG76V6Bxlef\nWXMblhqxsVJU9+IKrj3z63yDrJVTVR2LsDOz+WjBrl9g+eJmK7YLbwQA3k4+Hbt6\nERwRAoGBAJCkBa2GScDITCPsjEF2RxojYtrAg48AP2H2kWm+I2CAOJOqBS9ERQmb\n4kYwZdcFIBFTKfrl6nz3oh5sPa3PMwoCqnm73MapZzjSjiqrRi11BrMKghpu5LCz\n5aIIic9XQuHVfMVef4HgwEVs45jHgOBsEQXZ20cvntMzCpuK7ByZ\n-----END RSA PRIVATE KEY-----\n",
            "cert_pem": "-----BEGIN CERTIFICATE-----\nMIIDYTCCAkmgAwIBAgIRANVOxqxcwbwFCLifHgMHO+8wDQYJKoZIhvcNAQELBQAw\nPjEXMBUGA1UEChMObWxvcHMtcGxhdGZvcm0xIzAhBgNVBAMTGm1sb3BzLXBsYXRm\nb3JtLnByb2QudnBuLmNhMB4XDTI0MTAxNzE5NTI0NloXDTM0MTAxNTE5NTI0Nlow\nQjEXMBUGA1UEChMObWxvcHMtcGxhdGZvcm0xJzAlBgNVBAMTHm1sb3BzLXBsYXRm\nb3JtLnByb2QudnBuLnNlcnZlcjCCASIwDQYJKoZIhvcNAQEBBQADggEPADCCAQoC\nggEBAMWL9SpckXyAowNppmQzC2Nn+pXu+5dkaTrZ1bFAIK39JM/7y+iLApQKYjnP\n3mx+3Q4n5NQ/0c5ei+oSGgBkT9gHkCrZ5vdC7MeHq7ft9wIcl1WMWu/cgHuK47WM\n4j/ChmK1bGaBBpvx9vOlX+cxqgD8zvRLmR8SUhJJCw4RSxehlI0hHhkNStlqE4Hg\n4zDpGwngccqAGNAJ0TB+5tWYELIFKMj/KRefIKCwldLoCOC1SBn1UZhXHFb5Y+x1\nniGKhoITOVw1B/wIZZ2U2BSB5wwZrxx/l5+rQ4MgRNkQS1q10jYscECxrA13EaNp\nkREEpeB2/T6PbsM+CSmj5GtTvzMCAwEAAaNWMFQwDgYDVR0PAQH/BAQDAgWgMBMG\nA1UdJQQMMAoGCCsGAQUFBwMBMAwGA1UdEwEB/wQCMAAwHwYDVR0jBBgwFoAUSxPx\ngIZT+ui/UCobZJJhj3oy5bAwDQYJKoZIhvcNAQELBQADggEBAEClSFGc57hXa3AT\nEcTForXx4OP1vvpvKv0LCFmKDcihyDqdTfvG81mfPgDyn0DaStco5qZUdSpQxKhm\nJgiD7076IWKJ10vs1HesyNUjXIGAdHzW0TWCYJeaaiUy9anGliFug3DxmGg2Cohu\ncT/JBH6JPF2dpCC9g5Y2jobqAJg8Qa8KuYQhUz3V4ifINuSeE7LkRbsqHPNX2EDa\nM67I01/0cKmW0Qgj4oZmAxztaxibYC0vj2k5vLgxFlwUjrIP+lG46zSvg5LPCBUB\n+Oyyaxtg74tG9J4Wb1ey7bqFhb6QszU+AllZqOsPP3aQtbvAYBhKFxdj/nhRuvtb\nhFxj7+U=\n-----END CERTIFICATE-----\n",
            "cert_request_pem": "-----BEGIN CERTIFICATE REQUEST-----\nMIIChzCCAW8CAQAwQjEXMBUGA1UEChMObWxvcHMtcGxhdGZvcm0xJzAlBgNVBAMT\nHm1sb3BzLXBsYXRmb3JtLnByb2QudnBuLnNlcnZlcjCCASIwDQYJKoZIhvcNAQEB\nBQADggEPADCCAQoCggEBAMWL9SpckXyAowNppmQzC2Nn+pXu+5dkaTrZ1bFAIK39\nJM/7y+iLApQKYjnP3mx+3Q4n5NQ/0c5ei+oSGgBkT9gHkCrZ5vdC7MeHq7ft9wIc\nl1WMWu/cgHuK47WM4j/ChmK1bGaBBpvx9vOlX+cxqgD8zvRLmR8SUhJJCw4RSxeh\nlI0hHhkNStlqE4Hg4zDpGwngccqAGNAJ0TB+5tWYELIFKMj/KRefIKCwldLoCOC1\nSBn1UZhXHFb5Y+x1niGKhoITOVw1B/wIZZ2U2BSB5wwZrxx/l5+rQ4MgRNkQS1q1\n0jYscECxrA13EaNpkREEpeB2/T6PbsM+CSmj5GtTvzMCAwEAAaAAMA0GCSqGSIb3\nDQEBCwUAA4IBAQAgzOYHvcIcHra16VS0JzDJGSNA6EXSfOfbdQCsmsNTOPk7hoAm\nalZZ762amgiA/Y3yfcL5LzjVtE9lilYAWJoIiNSDc+yxDYE4byPqf3vpjYu/YkUI\neduXufxdC8LMAcaBFVIgtHWqFeSTu7lVeRUS57pzUgQXCQMRXDQZ9bCXmULNKH1n\nniCfj2HVvoUoqlV/GqKAS0X4/QKFlt0NrZYYd3habI/pTMV5+m1RFCATSTFpQFi6\nvizapjfNYZOBkHDHX/JsSsgqEhiCx854Hl9EyWzfiTWR6sbZDAnfUpfViVfQqcG4\nDl535BvkyvR1+FcXUN3jf9eogMBSWt8hJsYs\n-----END CERTIFICATE REQUEST-----\n",
            "early_renewal_hours": 0,
            "id": "283534591830205104452256586913219558383",
            "is_ca_certificate": false,
            "ready_for_renewal": false,
            "set_subject_key_id": false,
            "validity_end_time": "2034-10-15T20:52:46.711653184+01:00",
            "validity_period_hours": 87600,
            "validity_start_time": "2024-10-17T20:52:46.711653184+01:00"
          },
          "sensitive_attributes": [
            [
              {
                "type": "get_attr",
                "value": "ca_private_key_pem"
              }
            ]
          ],
          "dependencies": [
            "module.vpn-client.tls_cert_request.server",
            "module.vpn-client.tls_private_key.ca",
            "module.vpn-client.tls_private_key.server",
            "module.vpn-client.tls_self_signed_cert.ca"
          ]
        }
      ]
    },
    {
      "module": "module.vpn-client",
      "mode": "managed",
      "type": "tls_private_key",
      "name": "ca",
      "provider": "provider[\"registry.terraform.io/hashicorp/tls\"]",
      "instances": [
        {
          "schema_version": 1,
          "attributes": {
            "algorithm": "RSA",
            "ecdsa_curve": "P224",
            "id": "97ef25414fd0a76b3d781957d27e5eba12d6fe65",
            "private_key_openssh": "-----BEGIN OPENSSH PRIVATE KEY-----\nb3BlbnNzaC1rZXktdjEAAAAABG5vbmUAAAAEbm9uZQAAAAAAAAABAAABFwAAAAdz\nc2gtcnNhAAAAAwEAAQAAAQEAsibE0M3F7FL/YUn777S+Ycmr3pNnzt6V/u10G4rf\nqs1Aibn7JGbzZUV9o9kSVMhPHS+0oCIItMIwdW/sq6MlI7irH78Y3nA4rgHONApf\n1zyFZPqcw8buNVETurLbpxAUPtHa+HAvy5eaBn92GiGrxr5Rm9wN5OdwTEkbqmpI\nVKo53bOuwcRZGUTsxUybL9ko788WMnCEoHyzeCYUFWi4tziCiVJvvCIM8k+sQKZ/\njXKy0NOT6iTvFMgrEIs5aRkvABwjDVTeF8xLeDb4JHXREsaHDwB58p8p1kmhE6cH\nfNy8ypHokPxFmCjiIfNR6HeO/iOl07MxLiWAOHpa2Ja7IQAAA7gYC15UGAteVAAA\nAAdzc2gtcnNhAAABAQCyJsTQzcXsUv9hSfvvtL5hyavek2fO3pX+7XQbit+qzUCJ\nufskZvNlRX2j2RJUyE8dL7SgIgi0wjB1b+yroyUjuKsfvxjecDiuAc40Cl/XPIVk\n+pzDxu41URO6stunEBQ+0dr4cC/Ll5oGf3YaIavGvlGb3A3k53BMSRuqakhUqjnd\ns67BxFkZROzFTJsv2SjvzxYycISgfLN4JhQVaLi3OIKJUm+8IgzyT6xApn+NcrLQ\n05PqJO8UyCsQizlpGS8AHCMNVN4XzEt4NvgkddESxocPAHnynynWSaETpwd83LzK\nkeiQ/EWYKOIh81Hod47+I6XTszEuJYA4elrYlrshAAAAAwEAAQAAAQBTkHXfj7YY\nTTI3W3HOlZR74BI7XB9kXOo04wMEbFbQEmkEcXWJNLVUuozdj1PW6wKZKShruKsm\nxrPeUjrMo8EnCVdTk9rBdBhSHsyvgnJETsIvhJKGDsjrv3UmrQD1U0h70woIYO86\na4k3JRCr30Fo/xrephDqX1lAn0ZX4HS/KTUpGWwd6mDQZt/Sjea0vwtl0GNHfh3M\n+WY3/OQopB8j/L0Ujj8dWnesJN6M5RSvL+WpszrWFCA2A634mDhsSu9RAc56MOT1\nL8Zxfy9qNNqPzYaMUvWioPEDpv4gOISI/5hhhD192MSaLmMuXcrom4OKr3IHVAfv\n41K7POiwgTUBAAAAgQCQpAWthknAyEwj7IxBdkcaI2LawIOPAD9h9pFpviNggDiT\nqgUvREUJm+JGMGXXBSARUyn65ep896IebD2tzzMKAqp5u9zGqWc40o4qq0YtdQaz\nCoIabuSws+WiCInPV0Lh1XzFXn+B4MBFbOOYx4DgbBEF2dtHL57TMwqbiuwcmQAA\nAIEAyCsLdKhBmQBvPXWo/lWEvQyJtWq7waSLS1JLqc0BiGly5pl8BLwID5SZkI2O\nH83iOSbWf7SUFDgL0GddDJiiYkysBmLne+6dFfK0F+t7ZHNwiYvOTwHHFFLeM8CW\nm+++1+ZByZYTcsqvVOKknmRsWyhm87bcrNv8Bj/gZC5dlBEAAACBAOPXoIOFioW2\nuJYO4JooWn/ZreoFRwJddT+Y7HF7V0bBE9JfSJ4eaMb9Y6zpHqPQ8pe/Lu6bfPdT\nMGRAhFlt9jUa5CUxeTlfFUemBoL5hxaiUQQIxoIidrQd3S85NbR6/IWn8NPn3Ktw\nNJADnXhYNj0NTJmKJ4alIM1eJLG974YRAAAAAAEC\n-----END OPENSSH PRIVATE KEY-----\n",
            "private_key_pem": "-----BEGIN RSA PRIVATE KEY-----\nMIIEowIBAAKCAQEAsibE0M3F7FL/YUn777S+Ycmr3pNnzt6V/u10G4rfqs1Aibn7\nJGbzZUV9o9kSVMhPHS+0oCIItMIwdW/sq6MlI7irH78Y3nA4rgHONApf1zyFZPqc\nw8buNVETurLbpxAUPtHa+HAvy5eaBn92GiGrxr5Rm9wN5OdwTEkbqmpIVKo53bOu\nwcRZGUTsxUybL9ko788WMnCEoHyzeCYUFWi4tziCiVJvvCIM8k+sQKZ/jXKy0NOT\n6iTvFMgrEIs5aRkvABwjDVTeF8xLeDb4JHXREsaHDwB58p8p1kmhE6cHfNy8ypHo\nkPxFmCjiIfNR6HeO/iOl07MxLiWAOHpa2Ja7IQIDAQABAoIBAFOQdd+PthhNMjdb\ncc6VlHvgEjtcH2Rc6jTjAwRsVtASaQRxdYk0tVS6jN2PU9brApkpKGu4qybGs95S\nOsyjwScJV1OT2sF0GFIezK+CckROwi+EkoYOyOu/dSatAPVTSHvTCghg7zpriTcl\nEKvfQWj/Gt6mEOpfWUCfRlfgdL8pNSkZbB3qYNBm39KN5rS/C2XQY0d+Hcz5Zjf8\n5CikHyP8vRSOPx1ad6wk3ozlFK8v5amzOtYUIDYDrfiYOGxK71EBznow5PUvxnF/\nL2o02o/NhoxS9aKg8QOm/iA4hIj/mGGEPX3YxJouYy5dyuibg4qvcgdUB+/jUrs8\n6LCBNQECgYEAyCsLdKhBmQBvPXWo/lWEvQyJtWq7waSLS1JLqc0BiGly5pl8BLwI\nD5SZkI2OH83iOSbWf7SUFDgL0GddDJiiYkysBmLne+6dFfK0F+t7ZHNwiYvOTwHH\nFFLeM8CWm+++1+ZByZYTcsqvVOKknmRsWyhm87bcrNv8Bj/gZC5dlBECgYEA49eg\ng4WKhba4lg7gmihaf9mt6gVHAl11P5jscXtXRsET0l9Inh5oxv1jrOkeo9Dyl78u\n7pt891MwZECEWW32NRrkJTF5OV8VR6YGgvmHFqJRBAjGgiJ2tB3dLzk1tHr8hafw\n0+fcq3A0kAOdeFg2PQ1MmYonhqUgzV4ksb3vhhECgYBsxA7+farfU4Aemj+Qq7Fr\n9FMjs/J//0P9UqNwicfqcroPmZjtDasnpCxpgrGWkI37ViI51EqeTfIFdRT3kjyy\nQ006TyXPjtHmqjG3yaoL5DpjUwdwoNunLHw3DNAJvZUqxaA7xIOe3Ym2C00+D/1c\n7zA5/8QbXZGtZ6orZZJNsQKBgCFEXaJ2gChP6pm2aGL522TpgrQ1uw2EWddEW9mh\n+bdR/7Pqx66WoBPV8ZTQoPGoU5OGjbK3L0LpeZpZtTldjeJpH8CyfZG76V6Bxlef\nWXMblhqxsVJU9+IKrj3z63yDrJVTVR2LsDOz+WjBrl9g+eJmK7YLbwQA3k4+Hbt6\nERwRAoGBAJCkBa2GScDITCPsjEF2RxojYtrAg48AP2H2kWm+I2CAOJOqBS9ERQmb\n4kYwZdcFIBFTKfrl6nz3oh5sPa3PMwoCqnm73MapZzjSjiqrRi11BrMKghpu5LCz\n5aIIic9XQuHVfMVef4HgwEVs45jHgOBsEQXZ20cvntMzCpuK7ByZ\n-----END RSA PRIVATE KEY-----\n",
            "private_key_pem_pkcs8": "-----BEGIN PRIVATE KEY-----\nMIIEvQIBADANBgkqhkiG9w0BAQEFAASCBKcwggSjAgEAAoIBAQCyJsTQzcXsUv9h\nSfvvtL5hyavek2fO3pX+7XQbit+qzUCJufskZvNlRX2j2RJUyE8dL7SgIgi0wjB1\nb+yroyUjuKsfvxjecDiuAc40Cl/XPIVk+pzDxu41URO6stunEBQ+0dr4cC/Ll5oG\nf3YaIavGvlGb3A3k53BMSRuqakhUqjnds67BxFkZROzFTJsv2SjvzxYycISgfLN4\nJhQVaLi3OIKJUm+8IgzyT6xApn+NcrLQ05PqJO8UyCsQizlpGS8AHCMNVN4XzEt4\nNvgkddESxocPAHnynynWSaETpwd83LzKkeiQ/EWYKOIh81Hod47+I6XTszEuJYA4\nelrYlrshAgMBAAECggEAU5B134+2GE0yN1txzpWUe+ASO1wfZFzqNOMDBGxW0BJp\nBHF1iTS1VLqM3Y9T1usCmSkoa7irJsaz3lI6zKPBJwlXU5PawXQYUh7Mr4JyRE7C\nL4SShg7I6791Jq0A9VNIe9MKCGDvOmuJNyUQq99BaP8a3qYQ6l9ZQJ9GV+B0vyk1\nKRlsHepg0Gbf0o3mtL8LZdBjR34dzPlmN/zkKKQfI/y9FI4/HVp3rCTejOUUry/l\nqbM61hQgNgOt+Jg4bErvUQHOejDk9S/GcX8vajTaj82GjFL1oqDxA6b+IDiEiP+Y\nYYQ9fdjEmi5jLl3K6JuDiq9yB1QH7+NSuzzosIE1AQKBgQDIKwt0qEGZAG89daj+\nVYS9DIm1arvBpItLUkupzQGIaXLmmXwEvAgPlJmQjY4fzeI5JtZ/tJQUOAvQZ10M\nmKJiTKwGYud77p0V8rQX63tkc3CJi85PAccUUt4zwJab777X5kHJlhNyyq9U4qSe\nZGxbKGbzttys2/wGP+BkLl2UEQKBgQDj16CDhYqFtriWDuCaKFp/2a3qBUcCXXU/\nmOxxe1dGwRPSX0ieHmjG/WOs6R6j0PKXvy7um3z3UzBkQIRZbfY1GuQlMXk5XxVH\npgaC+YcWolEECMaCIna0Hd0vOTW0evyFp/DT59yrcDSQA514WDY9DUyZiieGpSDN\nXiSxve+GEQKBgGzEDv59qt9TgB6aP5CrsWv0UyOz8n//Q/1So3CJx+pyug+ZmO0N\nqyekLGmCsZaQjftWIjnUSp5N8gV1FPeSPLJDTTpPJc+O0eaqMbfJqgvkOmNTB3Cg\n26csfDcM0Am9lSrFoDvEg57dibYLTT4P/VzvMDn/xBtdka1nqitlkk2xAoGAIURd\nonaAKE/qmbZoYvnbZOmCtDW7DYRZ10Rb2aH5t1H/s+rHrpagE9XxlNCg8ahTk4aN\nsrcvQul5mlm1OV2N4mkfwLJ9kbvpXoHGV59ZcxuWGrGxUlT34gquPfPrfIOslVNV\nHYuwM7P5aMGuX2D54mYrtgtvBADeTj4du3oRHBECgYEAkKQFrYZJwMhMI+yMQXZH\nGiNi2sCDjwA/YfaRab4jYIA4k6oFL0RFCZviRjBl1wUgEVMp+uXqfPeiHmw9rc8z\nCgKqebvcxqlnONKOKqtGLXUGswqCGm7ksLPlogiJz1dC4dV8xV5/geDARWzjmMeA\n4GwRBdnbRy+e0zMKm4rsHJk=\n-----END PRIVATE KEY-----\n",
            "public_key_fingerprint_md5": "06:3e:e0:bb:1c:be:bd:a8:c0:e9:5e:c2:22:d0:4c:ee",
            "public_key_fingerprint_sha256": "SHA256:BsxUNN7+7wpuvab2lLzF1zu9yhxlDtFLHpTa1MnLh9c",
            "public_key_openssh": "ssh-rsa AAAAB3NzaC1yc2EAAAADAQABAAABAQCyJsTQzcXsUv9hSfvvtL5hyavek2fO3pX+7XQbit+qzUCJufskZvNlRX2j2RJUyE8dL7SgIgi0wjB1b+yroyUjuKsfvxjecDiuAc40Cl/XPIVk+pzDxu41URO6stunEBQ+0dr4cC/Ll5oGf3YaIavGvlGb3A3k53BMSRuqakhUqjnds67BxFkZROzFTJsv2SjvzxYycISgfLN4JhQVaLi3OIKJUm+8IgzyT6xApn+NcrLQ05PqJO8UyCsQizlpGS8AHCMNVN4XzEt4NvgkddESxocPAHnynynWSaETpwd83LzKkeiQ/EWYKOIh81Hod47+I6XTszEuJYA4elrYlrsh\n",
            "public_key_pem": "-----BEGIN PUBLIC KEY-----\nMIIBIjANBgkqhkiG9w0BAQEFAAOCAQ8AMIIBCgKCAQEAsibE0M3F7FL/YUn777S+\nYcmr3pNnzt6V/u10G4rfqs1Aibn7JGbzZUV9o9kSVMhPHS+0oCIItMIwdW/sq6Ml\nI7irH78Y3nA4rgHONApf1zyFZPqcw8buNVETurLbpxAUPtHa+HAvy5eaBn92GiGr\nxr5Rm9wN5OdwTEkbqmpIVKo53bOuwcRZGUTsxUybL9ko788WMnCEoHyzeCYUFWi4\ntziCiVJvvCIM8k+sQKZ/jXKy0NOT6iTvFMgrEIs5aRkvABwjDVTeF8xLeDb4JHXR\nEsaHDwB58p8p1kmhE6cHfNy8ypHokPxFmCjiIfNR6HeO/iOl07MxLiWAOHpa2Ja7\nIQIDAQAB\n-----END PUBLIC KEY-----\n",
            "rsa_bits": 2048
          },
          "sensitive_attributes": [
            [
              {
                "type": "get_attr",
                "value": "private_key_pem"
              }
            ],
            [
              {
                "type": "get_attr",
                "value": "private_key_openssh"
              }
            ],
            [
              {
                "type": "get_attr",
                "value": "private_key_pem_pkcs8"
              }
            ]
          ]
        }
      ]
    },
    {
      "module": "module.vpn-client",
      "mode": "managed",
      "type": "tls_private_key",
      "name": "client",
      "provider": "provider[\"registry.terraform.io/hashicorp/tls\"]",
      "instances": [
        {
          "index_key": "root",
          "schema_version": 1,
          "attributes": {
            "algorithm": "RSA",
            "ecdsa_curve": "P224",
            "id": "efa92386918c9ba9b9e38d10f5d02183d34aa65c",
            "private_key_openssh": "-----BEGIN OPENSSH PRIVATE KEY-----\nb3BlbnNzaC1rZXktdjEAAAAABG5vbmUAAAAEbm9uZQAAAAAAAAABAAABFwAAAAdz\nc2gtcnNhAAAAAwEAAQAAAQEA+Iw4jxRf7MIlhCQgCVjJNn0fmAefCeutS9c3r8BG\nlIL0M3sZ/b8e1SAMeMAiLBAwlAB5gRlvraPSjgAh+S0Fmw4cmaalfWfco5Jq+8DG\nNv0Ro+3mW2bKPW2vuVnKUel/vGhb5p1u3o10y4kHR1hpjvCyJbvo/9zjnrz78KYK\nkn2cfcq4dNALs+UvL7DejBqWa2hRNlCFSnGmfu5cl/Sq6GPQFr6O8+LUMl5xGqdY\n5XEEiE8qLFKaPtzlrzjT0CI2SSYEtDdyx9NM4zRRsESJ3B3POOeTQ0su/YDQzuik\nt3iJriZW5vbru+hHBIDum6CWqF2Wro8LmVMTH8rKW7ZSmQAAA7j0w/Z69MP2egAA\nAAdzc2gtcnNhAAABAQD4jDiPFF/swiWEJCAJWMk2fR+YB58J661L1zevwEaUgvQz\nexn9vx7VIAx4wCIsEDCUAHmBGW+to9KOACH5LQWbDhyZpqV9Z9yjkmr7wMY2/RGj\n7eZbZso9ba+5WcpR6X+8aFvmnW7ejXTLiQdHWGmO8LIlu+j/3OOevPvwpgqSfZx9\nyrh00Auz5S8vsN6MGpZraFE2UIVKcaZ+7lyX9KroY9AWvo7z4tQyXnEap1jlcQSI\nTyosUpo+3OWvONPQIjZJJgS0N3LH00zjNFGwRIncHc8455NDSy79gNDO6KS3eImu\nJlbm9uu76EcEgO6boJaoXZaujwuZUxMfyspbtlKZAAAAAwEAAQAAAQAY90TLInnM\nN2g7UMGjDrcPcRwWUlWoUnMS1ihyz/aG/mx3K1teAK+hKtn12x7TnEC07SNHU33D\nTFxfBSZkeCBDBfTbfkDLSv5/s7ppVWDTrzHxbHkiHz4bU4Q+MwW+mpzJGRZ6IMA9\nPKpJs5b2lKvtvsG2RpzN7qsyi7sm3hbbxe2gPUfseh5qEVdL8vat5HMzJG8DlhmG\nQmA6pjXjAW+S5WAywCRVJux6r1cgN3XSAvdxIKGUlt7FmEPRyByO4OxgdL2mdvJg\nb5D7r1kYxYNGjROAqGJdkSc5YYvHPQu6/2KTiqURXfZSqu7fuF2L4DuGgiwKqU1b\nH/EeOXMUAm29AAAAgQDC6khx2R8cmgLzTw/AtBeUT4EZCr7f9Cz0H5bvzgRAcSBX\n/4Qj3H5KQGsCNtaoWhnHhupkOFbUmWBnB+fyBBIjsckwkuVekXtyWp8woYEv2R4a\nvGhVz/zRx30dpcnpaM9L1p/b4/XAG8kwH2/IBZqFU2w+wUMGa5/acTkFExdhqgAA\nAIEA/NA4T3rMNhEML0Ma69FMGiMrwnlfQx8zfOCotkACIvtnSfaDfWdn7o2MPJje\n4h30DZB4NChyt+d1q+LT1PKI23Opx5YXVvDPnDeQ2XgagMeyjEa+e/upksL6G0W3\nnuOeLEw0rgMyKo7ksKpe48PEjm1CC5gcQfmulPIzJLzRGqsAAACBAPuuPJPrHoQU\npMJGfBog/9SwyCjZwQhx8fY/BKWimZJLwjAtrDrCNp+9BDj1GiqUR+dez/j2SPwH\nQOeqQOTtfEunIE2jGW0Z3XxbNIfPEKPGH6k7Wiqv1MGUSevBFJjIphOxTk5lk2D7\nMD+lLXcPKrnXuLUX37Zbf8XridR2gofLAAAAAAEC\n-----END OPENSSH PRIVATE KEY-----\n",
            "private_key_pem": "-----BEGIN RSA PRIVATE KEY-----\nMIIEpAIBAAKCAQEA+Iw4jxRf7MIlhCQgCVjJNn0fmAefCeutS9c3r8BGlIL0M3sZ\n/b8e1SAMeMAiLBAwlAB5gRlvraPSjgAh+S0Fmw4cmaalfWfco5Jq+8DGNv0Ro+3m\nW2bKPW2vuVnKUel/vGhb5p1u3o10y4kHR1hpjvCyJbvo/9zjnrz78KYKkn2cfcq4\ndNALs+UvL7DejBqWa2hRNlCFSnGmfu5cl/Sq6GPQFr6O8+LUMl5xGqdY5XEEiE8q\nLFKaPtzlrzjT0CI2SSYEtDdyx9NM4zRRsESJ3B3POOeTQ0su/YDQzuikt3iJriZW\n5vbru+hHBIDum6CWqF2Wro8LmVMTH8rKW7ZSmQIDAQABAoIBABj3RMsiecw3aDtQ\nwaMOtw9xHBZSVahScxLWKHLP9ob+bHcrW14Ar6Eq2fXbHtOcQLTtI0dTfcNMXF8F\nJmR4IEMF9Nt+QMtK/n+zumlVYNOvMfFseSIfPhtThD4zBb6anMkZFnogwD08qkmz\nlvaUq+2+wbZGnM3uqzKLuybeFtvF7aA9R+x6HmoRV0vy9q3kczMkbwOWGYZCYDqm\nNeMBb5LlYDLAJFUm7HqvVyA3ddIC93EgoZSW3sWYQ9HIHI7g7GB0vaZ28mBvkPuv\nWRjFg0aNE4CoYl2RJzlhi8c9C7r/YpOKpRFd9lKq7t+4XYvgO4aCLAqpTVsf8R45\ncxQCbb0CgYEA/NA4T3rMNhEML0Ma69FMGiMrwnlfQx8zfOCotkACIvtnSfaDfWdn\n7o2MPJje4h30DZB4NChyt+d1q+LT1PKI23Opx5YXVvDPnDeQ2XgagMeyjEa+e/up\nksL6G0W3nuOeLEw0rgMyKo7ksKpe48PEjm1CC5gcQfmulPIzJLzRGqsCgYEA+648\nk+sehBSkwkZ8GiD/1LDIKNnBCHHx9j8EpaKZkkvCMC2sOsI2n70EOPUaKpRH517P\n+PZI/AdA56pA5O18S6cgTaMZbRndfFs0h88Qo8YfqTtaKq/UwZRJ68EUmMimE7FO\nTmWTYPswP6Utdw8qude4tRfftlt/xeuJ1HaCh8sCgYBGVcOk0RwpWprSN1AxFVyf\n1PMiutO2/+I6NuKZObueceUtnai9ZdxzcOv4G+u+aujwMSZQFIS+B2YkeQnIL+XF\ncCtm/KnnpT2NT6Q77H8rHuPcxP3PzpdB3n7owX+xc9AYsObjFr6JOpIDWJLnuRph\nKaJ7SUlrTYS1qaBy8xkV2wKBgQDEZVnGP9JnVUighaowJZIdofn/zrTQZ0JeWxzA\nOBtIyy90sx9UFtvTWQdjfvh1Q5K8nQMDjwSzDuH6JaRQQHYe/wK5Ms4TkfyBHxbl\n55JfiqqIP9WDvAP1L0dj3h65ftICSfkGOkOAiWNENxw8bSx1Kz5qqn+baNlTVBMR\nJY2EcwKBgQDC6khx2R8cmgLzTw/AtBeUT4EZCr7f9Cz0H5bvzgRAcSBX/4Qj3H5K\nQGsCNtaoWhnHhupkOFbUmWBnB+fyBBIjsckwkuVekXtyWp8woYEv2R4avGhVz/zR\nx30dpcnpaM9L1p/b4/XAG8kwH2/IBZqFU2w+wUMGa5/acTkFExdhqg==\n-----END RSA PRIVATE KEY-----\n",
            "private_key_pem_pkcs8": "-----BEGIN PRIVATE KEY-----\nMIIEvgIBADANBgkqhkiG9w0BAQEFAASCBKgwggSkAgEAAoIBAQD4jDiPFF/swiWE\nJCAJWMk2fR+YB58J661L1zevwEaUgvQzexn9vx7VIAx4wCIsEDCUAHmBGW+to9KO\nACH5LQWbDhyZpqV9Z9yjkmr7wMY2/RGj7eZbZso9ba+5WcpR6X+8aFvmnW7ejXTL\niQdHWGmO8LIlu+j/3OOevPvwpgqSfZx9yrh00Auz5S8vsN6MGpZraFE2UIVKcaZ+\n7lyX9KroY9AWvo7z4tQyXnEap1jlcQSITyosUpo+3OWvONPQIjZJJgS0N3LH00zj\nNFGwRIncHc8455NDSy79gNDO6KS3eImuJlbm9uu76EcEgO6boJaoXZaujwuZUxMf\nyspbtlKZAgMBAAECggEAGPdEyyJ5zDdoO1DBow63D3EcFlJVqFJzEtYocs/2hv5s\ndytbXgCvoSrZ9dse05xAtO0jR1N9w0xcXwUmZHggQwX0235Ay0r+f7O6aVVg068x\n8Wx5Ih8+G1OEPjMFvpqcyRkWeiDAPTyqSbOW9pSr7b7Btkacze6rMou7Jt4W28Xt\noD1H7HoeahFXS/L2reRzMyRvA5YZhkJgOqY14wFvkuVgMsAkVSbseq9XIDd10gL3\ncSChlJbexZhD0cgcjuDsYHS9pnbyYG+Q+69ZGMWDRo0TgKhiXZEnOWGLxz0Luv9i\nk4qlEV32Uqru37hdi+A7hoIsCqlNWx/xHjlzFAJtvQKBgQD80DhPesw2EQwvQxrr\n0UwaIyvCeV9DHzN84Ki2QAIi+2dJ9oN9Z2fujYw8mN7iHfQNkHg0KHK353Wr4tPU\n8ojbc6nHlhdW8M+cN5DZeBqAx7KMRr57+6mSwvobRbee454sTDSuAzIqjuSwql7j\nw8SObUILmBxB+a6U8jMkvNEaqwKBgQD7rjyT6x6EFKTCRnwaIP/UsMgo2cEIcfH2\nPwSlopmSS8IwLaw6wjafvQQ49RoqlEfnXs/49kj8B0DnqkDk7XxLpyBNoxltGd18\nWzSHzxCjxh+pO1oqr9TBlEnrwRSYyKYTsU5OZZNg+zA/pS13Dyq517i1F9+2W3/F\n64nUdoKHywKBgEZVw6TRHClamtI3UDEVXJ/U8yK607b/4jo24pk5u55x5S2dqL1l\n3HNw6/gb675q6PAxJlAUhL4HZiR5Ccgv5cVwK2b8qeelPY1PpDvsfyse49zE/c/O\nl0HefujBf7Fz0Biw5uMWvok6kgNYkue5GmEpontJSWtNhLWpoHLzGRXbAoGBAMRl\nWcY/0mdVSKCFqjAlkh2h+f/OtNBnQl5bHMA4G0jLL3SzH1QW29NZB2N++HVDkryd\nAwOPBLMO4folpFBAdh7/ArkyzhOR/IEfFuXnkl+Kqog/1YO8A/UvR2PeHrl+0gJJ\n+QY6Q4CJY0Q3HDxtLHUrPmqqf5to2VNUExEljYRzAoGBAMLqSHHZHxyaAvNPD8C0\nF5RPgRkKvt/0LPQflu/OBEBxIFf/hCPcfkpAawI21qhaGceG6mQ4VtSZYGcH5/IE\nEiOxyTCS5V6Re3JanzChgS/ZHhq8aFXP/NHHfR2lyeloz0vWn9vj9cAbyTAfb8gF\nmoVTbD7BQwZrn9pxOQUTF2Gq\n-----END PRIVATE KEY-----\n",
            "public_key_fingerprint_md5": "28:95:fa:5d:d8:7e:de:b7:66:7e:be:fa:20:64:40:0c",
            "public_key_fingerprint_sha256": "SHA256:0LapMdGHIQxcgtmOAmpPlks6ArVtJk0Q44ksViGboLI",
            "public_key_openssh": "ssh-rsa AAAAB3NzaC1yc2EAAAADAQABAAABAQD4jDiPFF/swiWEJCAJWMk2fR+YB58J661L1zevwEaUgvQzexn9vx7VIAx4wCIsEDCUAHmBGW+to9KOACH5LQWbDhyZpqV9Z9yjkmr7wMY2/RGj7eZbZso9ba+5WcpR6X+8aFvmnW7ejXTLiQdHWGmO8LIlu+j/3OOevPvwpgqSfZx9yrh00Auz5S8vsN6MGpZraFE2UIVKcaZ+7lyX9KroY9AWvo7z4tQyXnEap1jlcQSITyosUpo+3OWvONPQIjZJJgS0N3LH00zjNFGwRIncHc8455NDSy79gNDO6KS3eImuJlbm9uu76EcEgO6boJaoXZaujwuZUxMfyspbtlKZ\n",
            "public_key_pem": "-----BEGIN PUBLIC KEY-----\nMIIBIjANBgkqhkiG9w0BAQEFAAOCAQ8AMIIBCgKCAQEA+Iw4jxRf7MIlhCQgCVjJ\nNn0fmAefCeutS9c3r8BGlIL0M3sZ/b8e1SAMeMAiLBAwlAB5gRlvraPSjgAh+S0F\nmw4cmaalfWfco5Jq+8DGNv0Ro+3mW2bKPW2vuVnKUel/vGhb5p1u3o10y4kHR1hp\njvCyJbvo/9zjnrz78KYKkn2cfcq4dNALs+UvL7DejBqWa2hRNlCFSnGmfu5cl/Sq\n6GPQFr6O8+LUMl5xGqdY5XEEiE8qLFKaPtzlrzjT0CI2SSYEtDdyx9NM4zRRsESJ\n3B3POOeTQ0su/YDQzuikt3iJriZW5vbru+hHBIDum6CWqF2Wro8LmVMTH8rKW7ZS\nmQIDAQAB\n-----END PUBLIC KEY-----\n",
            "rsa_bits": 2048
          },
          "sensitive_attributes": [
            [
              {
                "type": "get_attr",
                "value": "private_key_openssh"
              }
            ],
            [
              {
                "type": "get_attr",
                "value": "private_key_pem"
              }
            ],
            [
              {
                "type": "get_attr",
                "value": "private_key_pem_pkcs8"
              }
            ]
          ]
        },
        {
          "index_key": "user-1",
          "schema_version": 1,
          "attributes": {
            "algorithm": "RSA",
            "ecdsa_curve": "P224",
            "id": "97208c891df0dacbde087d6a4e2841b401140448",
            "private_key_openssh": "-----BEGIN OPENSSH PRIVATE KEY-----\nb3BlbnNzaC1rZXktdjEAAAAABG5vbmUAAAAEbm9uZQAAAAAAAAABAAABFwAAAAdz\nc2gtcnNhAAAAAwEAAQAAAQEA6IDDZQONYx9w+pQ4Nzc95ReZQt8C4UXX4bglGKbl\n457NtnC2JzHyxPAvvv+TBuHhuT04u0FzwABDQeC5VSbRO6Nak6/DsHetIw57Tzka\nJeEotmkin1zsHP9v1q3oyeOZu9xK8Tk1NhIPGmTSI7ix0ewOM9HP63y7u6f4AFiA\nq+tfoQlZlVs0lrw5tUvyjzqbw3ZKPLYq/6fjbVu94CG1mPiE1SrfAi1Rp4pNZG0L\nEttBBiD7vP3OxwP/l5ltwsO8PPr1tMnyESASG6tAk09vMt1RelG/WCCqSWculQ41\n/sZe99yU+K0D/DjmOCKF4MiG41nOkgDWftua6dRu+p91zwAAA7jQswkE0LMJBAAA\nAAdzc2gtcnNhAAABAQDogMNlA41jH3D6lDg3Nz3lF5lC3wLhRdfhuCUYpuXjns22\ncLYnMfLE8C++/5MG4eG5PTi7QXPAAENB4LlVJtE7o1qTr8Owd60jDntPORol4Si2\naSKfXOwc/2/WrejJ45m73ErxOTU2Eg8aZNIjuLHR7A4z0c/rfLu7p/gAWICr61+h\nCVmVWzSWvDm1S/KPOpvDdko8tir/p+NtW73gIbWY+ITVKt8CLVGnik1kbQsS20EG\nIPu8/c7HA/+XmW3Cw7w8+vW0yfIRIBIbq0CTT28y3VF6Ub9YIKpJZy6VDjX+xl73\n3JT4rQP8OOY4IoXgyIbjWc6SANZ+25rp1G76n3XPAAAAAwEAAQAAAQEA341fUrMV\nsSc8FFOLsduV0b7dCCUxubTUHB5Y3Nks1a2NkkvReOJX0PA4mGdY0RdDWD77W2FV\nkFkwUhlnWe6W48bvgm1PtU980+ZKviPjdmSGJs30ElLgXAlnWX2iBOyolq78B/C/\nrxuyFei2/M3LfFKCXWTxjDVEtOyOUpbGMYWsJjLf6QwOOEXFoyFOxRjjXIOcqu29\nhfs29UYOg+N2AGGkteJJuvaU/FNxAcSn5i0cCu6duTl3gS/1Ry2iCNqeoFKaFaqp\nGjLCmVWXeu5baTWKf6r6wn3X/y/q10VTWLtIAVF34vRAU5b2W8CY6l5rIIsB9XLG\nq2KIapuwCzQlsQAAAIEAhPys+UfIWdMrZtGpk++YoUhyIGGmdUJda9kqk40t2Jf2\n1H7k155oVE1enW+W31mXrEChle8aqhl78xaICdNwmud9gA0gB4mbED5isb+lE7tE\nY73Gi2LMDf0jUVh1y1Yg4wPfvFT+9pHM4PvvV2Dn3jJNbzR1cVXhWS14hilHKIIA\nAACBAPQIdnV72xv4wohFLfWz5Mt64jeWQMqiZfK1uOIEc5f8kQ1HfzzaSF8Exccn\nYNBrXidEO1I+4ChBBz6pyrfHZ5WPssmuayBH8OrpLMRT+aoQvaGzd6tV+IA1U/pg\nNey1p8eU7XQsJ8smnU6GgXayRundYNw+SeemTMhWPtF07aNjAAAAgQDz543zUYHi\n/VUeNMAw6cRUlpWUT0P7S9vLfFvet+nHgD5l3ecL2ehYJeoZEEuwKD6JLYVDJgaj\nE14bjXSU2oHYjKmXWWoxDNOtNqtuNo1o7jddVXNsRCnT+tar1jO9o1CGlMatFBH2\nDeCmDmgbcl7ZCDCorbTBRWoGQZGGlMxtpQAAAAAB\n-----END OPENSSH PRIVATE KEY-----\n",
            "private_key_pem": "-----BEGIN RSA PRIVATE KEY-----\nMIIEpAIBAAKCAQEA6IDDZQONYx9w+pQ4Nzc95ReZQt8C4UXX4bglGKbl457NtnC2\nJzHyxPAvvv+TBuHhuT04u0FzwABDQeC5VSbRO6Nak6/DsHetIw57TzkaJeEotmki\nn1zsHP9v1q3oyeOZu9xK8Tk1NhIPGmTSI7ix0ewOM9HP63y7u6f4AFiAq+tfoQlZ\nlVs0lrw5tUvyjzqbw3ZKPLYq/6fjbVu94CG1mPiE1SrfAi1Rp4pNZG0LEttBBiD7\nvP3OxwP/l5ltwsO8PPr1tMnyESASG6tAk09vMt1RelG/WCCqSWculQ41/sZe99yU\n+K0D/DjmOCKF4MiG41nOkgDWftua6dRu+p91zwIDAQABAoIBAQDfjV9SsxWxJzwU\nU4ux25XRvt0IJTG5tNQcHljc2SzVrY2SS9F44lfQ8DiYZ1jRF0NYPvtbYVWQWTBS\nGWdZ7pbjxu+CbU+1T3zT5kq+I+N2ZIYmzfQSUuBcCWdZfaIE7KiWrvwH8L+vG7IV\n6Lb8zct8UoJdZPGMNUS07I5SlsYxhawmMt/pDA44RcWjIU7FGONcg5yq7b2F+zb1\nRg6D43YAYaS14km69pT8U3EBxKfmLRwK7p25OXeBL/VHLaII2p6gUpoVqqkaMsKZ\nVZd67ltpNYp/qvrCfdf/L+rXRVNYu0gBUXfi9EBTlvZbwJjqXmsgiwH1csarYohq\nm7ALNCWxAoGBAPQIdnV72xv4wohFLfWz5Mt64jeWQMqiZfK1uOIEc5f8kQ1Hfzza\nSF8ExccnYNBrXidEO1I+4ChBBz6pyrfHZ5WPssmuayBH8OrpLMRT+aoQvaGzd6tV\n+IA1U/pgNey1p8eU7XQsJ8smnU6GgXayRundYNw+SeemTMhWPtF07aNjAoGBAPPn\njfNRgeL9VR40wDDpxFSWlZRPQ/tL28t8W9636ceAPmXd5wvZ6Fgl6hkQS7AoPokt\nhUMmBqMTXhuNdJTagdiMqZdZajEM0602q242jWjuN11Vc2xEKdP61qvWM72jUIaU\nxq0UEfYN4KYOaBtyXtkIMKittMFFagZBkYaUzG2lAoGAFz4fGj17twRQcu4z3G0P\n45mGpki3TxV8pEtOmqhV4in6HsuqgL9BmVs5Ayjq/a7cPt0u0TyP2QWojP1bA3oI\nkaQoITFtnpt7hMREsUZWRy5lAVu4kCcWDhAGOZikSjFbE5VJsIDsIVtCLFJ/TjDY\ntDmTmiaMn3WlZodgYE7Eu4UCgYA3Is4tBezlwjzeojAcHow6TvwrVavZf/GE02z1\nMQAREEWKw5n6TN1AJ/n+hneFr+NLIVYxssPnU3Z/pf+HssmNiWbBBv6BbhPf4S7p\nsD1RTiCH4cxA2jvWZqrml3qE0QlgEvvCnnnc9JAnGbShF76nMznEt9fXpPhtx569\nHKAF3QKBgQCE/Kz5R8hZ0ytm0amT75ihSHIgYaZ1Ql1r2SqTjS3Yl/bUfuTXnmhU\nTV6db5bfWZesQKGV7xqqGXvzFogJ03Ca532ADSAHiZsQPmKxv6UTu0RjvcaLYswN\n/SNRWHXLViDjA9+8VP72kczg++9XYOfeMk1vNHVxVeFZLXiGKUcogg==\n-----END RSA PRIVATE KEY-----\n",
            "private_key_pem_pkcs8": "-----BEGIN PRIVATE KEY-----\nMIIEvgIBADANBgkqhkiG9w0BAQEFAASCBKgwggSkAgEAAoIBAQDogMNlA41jH3D6\nlDg3Nz3lF5lC3wLhRdfhuCUYpuXjns22cLYnMfLE8C++/5MG4eG5PTi7QXPAAENB\n4LlVJtE7o1qTr8Owd60jDntPORol4Si2aSKfXOwc/2/WrejJ45m73ErxOTU2Eg8a\nZNIjuLHR7A4z0c/rfLu7p/gAWICr61+hCVmVWzSWvDm1S/KPOpvDdko8tir/p+Nt\nW73gIbWY+ITVKt8CLVGnik1kbQsS20EGIPu8/c7HA/+XmW3Cw7w8+vW0yfIRIBIb\nq0CTT28y3VF6Ub9YIKpJZy6VDjX+xl733JT4rQP8OOY4IoXgyIbjWc6SANZ+25rp\n1G76n3XPAgMBAAECggEBAN+NX1KzFbEnPBRTi7HbldG+3QglMbm01BweWNzZLNWt\njZJL0XjiV9DwOJhnWNEXQ1g++1thVZBZMFIZZ1nuluPG74JtT7VPfNPmSr4j43Zk\nhibN9BJS4FwJZ1l9ogTsqJau/Afwv68bshXotvzNy3xSgl1k8Yw1RLTsjlKWxjGF\nrCYy3+kMDjhFxaMhTsUY41yDnKrtvYX7NvVGDoPjdgBhpLXiSbr2lPxTcQHEp+Yt\nHArunbk5d4Ev9UctogjanqBSmhWqqRoywplVl3ruW2k1in+q+sJ91/8v6tdFU1i7\nSAFRd+L0QFOW9lvAmOpeayCLAfVyxqtiiGqbsAs0JbECgYEA9Ah2dXvbG/jCiEUt\n9bPky3riN5ZAyqJl8rW44gRzl/yRDUd/PNpIXwTFxydg0GteJ0Q7Uj7gKEEHPqnK\nt8dnlY+yya5rIEfw6uksxFP5qhC9obN3q1X4gDVT+mA17LWnx5TtdCwnyyadToaB\ndrJG6d1g3D5J56ZMyFY+0XTto2MCgYEA8+eN81GB4v1VHjTAMOnEVJaVlE9D+0vb\ny3xb3rfpx4A+Zd3nC9noWCXqGRBLsCg+iS2FQyYGoxNeG410lNqB2Iypl1lqMQzT\nrTarbjaNaO43XVVzbEQp0/rWq9YzvaNQhpTGrRQR9g3gpg5oG3Je2QgwqK20wUVq\nBkGRhpTMbaUCgYAXPh8aPXu3BFBy7jPcbQ/jmYamSLdPFXykS06aqFXiKfoey6qA\nv0GZWzkDKOr9rtw+3S7RPI/ZBaiM/VsDegiRpCghMW2em3uExESxRlZHLmUBW7iQ\nJxYOEAY5mKRKMVsTlUmwgOwhW0IsUn9OMNi0OZOaJoyfdaVmh2BgTsS7hQKBgDci\nzi0F7OXCPN6iMBwejDpO/CtVq9l/8YTTbPUxABEQRYrDmfpM3UAn+f6Gd4Wv40sh\nVjGyw+dTdn+l/4eyyY2JZsEG/oFuE9/hLumwPVFOIIfhzEDaO9ZmquaXeoTRCWAS\n+8Keedz0kCcZtKEXvqczOcS319ek+G3Hnr0coAXdAoGBAIT8rPlHyFnTK2bRqZPv\nmKFIciBhpnVCXWvZKpONLdiX9tR+5NeeaFRNXp1vlt9Zl6xAoZXvGqoZe/MWiAnT\ncJrnfYANIAeJmxA+YrG/pRO7RGO9xotizA39I1FYdctWIOMD37xU/vaRzOD771dg\n594yTW80dXFV4VkteIYpRyiC\n-----END PRIVATE KEY-----\n",
            "public_key_fingerprint_md5": "50:7a:51:55:c1:ba:66:2f:0b:90:02:b4:54:e7:20:f0",
            "public_key_fingerprint_sha256": "SHA256:EuVcC0hGctnz9dSaiLlTTuIeYB9QGfIo4Emdfr/9U4A",
            "public_key_openssh": "ssh-rsa AAAAB3NzaC1yc2EAAAADAQABAAABAQDogMNlA41jH3D6lDg3Nz3lF5lC3wLhRdfhuCUYpuXjns22cLYnMfLE8C++/5MG4eG5PTi7QXPAAENB4LlVJtE7o1qTr8Owd60jDntPORol4Si2aSKfXOwc/2/WrejJ45m73ErxOTU2Eg8aZNIjuLHR7A4z0c/rfLu7p/gAWICr61+hCVmVWzSWvDm1S/KPOpvDdko8tir/p+NtW73gIbWY+ITVKt8CLVGnik1kbQsS20EGIPu8/c7HA/+XmW3Cw7w8+vW0yfIRIBIbq0CTT28y3VF6Ub9YIKpJZy6VDjX+xl733JT4rQP8OOY4IoXgyIbjWc6SANZ+25rp1G76n3XP\n",
            "public_key_pem": "-----BEGIN PUBLIC KEY-----\nMIIBIjANBgkqhkiG9w0BAQEFAAOCAQ8AMIIBCgKCAQEA6IDDZQONYx9w+pQ4Nzc9\n5ReZQt8C4UXX4bglGKbl457NtnC2JzHyxPAvvv+TBuHhuT04u0FzwABDQeC5VSbR\nO6Nak6/DsHetIw57TzkaJeEotmkin1zsHP9v1q3oyeOZu9xK8Tk1NhIPGmTSI7ix\n0ewOM9HP63y7u6f4AFiAq+tfoQlZlVs0lrw5tUvyjzqbw3ZKPLYq/6fjbVu94CG1\nmPiE1SrfAi1Rp4pNZG0LEttBBiD7vP3OxwP/l5ltwsO8PPr1tMnyESASG6tAk09v\nMt1RelG/WCCqSWculQ41/sZe99yU+K0D/DjmOCKF4MiG41nOkgDWftua6dRu+p91\nzwIDAQAB\n-----END PUBLIC KEY-----\n",
            "rsa_bits": 2048
          },
          "sensitive_attributes": [
            [
              {
                "type": "get_attr",
                "value": "private_key_openssh"
              }
            ],
            [
              {
                "type": "get_attr",
                "value": "private_key_pem"
              }
            ],
            [
              {
                "type": "get_attr",
                "value": "private_key_pem_pkcs8"
              }
            ]
          ]
        }
      ]
    },
    {
      "module": "module.vpn-client",
      "mode": "managed",
      "type": "tls_private_key",
      "name": "server",
      "provider": "provider[\"registry.terraform.io/hashicorp/tls\"]",
      "instances": [
        {
          "schema_version": 1,
          "attributes": {
            "algorithm": "RSA",
            "ecdsa_curve": "P224",
            "id": "670ef7cfc7962f5534189827966d43b1fb5b9eaf",
            "private_key_openssh": "-----BEGIN OPENSSH PRIVATE KEY-----\nb3BlbnNzaC1rZXktdjEAAAAABG5vbmUAAAAEbm9uZQAAAAAAAAABAAABFwAAAAdz\nc2gtcnNhAAAAAwEAAQAAAQEAxYv1KlyRfICjA2mmZDMLY2f6le77l2RpOtnVsUAg\nrf0kz/vL6IsClApiOc/ebH7dDifk1D/Rzl6L6hIaAGRP2AeQKtnm90Lsx4ert+33\nAhyXVYxa79yAe4rjtYziP8KGYrVsZoEGm/H286Vf5zGqAPzO9EuZHxJSEkkLDhFL\nF6GUjSEeGQ1K2WoTgeDjMOkbCeBxyoAY0AnRMH7m1ZgQsgUoyP8pF58goLCV0ugI\n4LVIGfVRmFccVvlj7HWeIYqGghM5XDUH/AhlnZTYFIHnDBmvHH+Xn6tDgyBE2RBL\nWrXSNixwQLGsDXcRo2mREQSl4Hb9Po9uwz4JKaPka1O/MwAAA7j2qcNc9qnDXAAA\nAAdzc2gtcnNhAAABAQDFi/UqXJF8gKMDaaZkMwtjZ/qV7vuXZGk62dWxQCCt/STP\n+8voiwKUCmI5z95sft0OJ+TUP9HOXovqEhoAZE/YB5Aq2eb3QuzHh6u37fcCHJdV\njFrv3IB7iuO1jOI/woZitWxmgQab8fbzpV/nMaoA/M70S5kfElISSQsOEUsXoZSN\nIR4ZDUrZahOB4OMw6RsJ4HHKgBjQCdEwfubVmBCyBSjI/ykXnyCgsJXS6AjgtUgZ\n9VGYVxxW+WPsdZ4hioaCEzlcNQf8CGWdlNgUgecMGa8cf5efq0ODIETZEEtatdI2\nLHBAsawNdxGjaZERBKXgdv0+j27DPgkpo+RrU78zAAAAAwEAAQAAAQEAlkYXY/gy\n/CDm4Ku31bU2zpHEf9XiMZJCsnAPLNz5fyF4pXaH8Qf+GBumCRBlxObkxeX3HrbF\npVUq3g6TFQU5774hH1fPaPzSHh7ItAwjwMl7Haq9aoW0f0ZyXiMj4RjbHa+hHIC+\nRFbWYxXEVJzlFAc8b34qpwZKxHooHLVvCDOd9FowpFi2GaAqCDK4sAAsOBEax+Rl\nAMl6KtJLiKF2gd4DSuLTSzy2Ine1I487nPWwzL73bsf2sgRfVGPqbEG8u774TIeb\nV5p6jwgkFzDonTFmjrEu1LowWEcIRJ18ZPuy1aAuALOdFtt9yyTUdCBNqUwDUbja\nx6m0wFxBwytiIQAAAIEAkf22IvNEoyczmApFnUsLk8mZFESjVzlrLVy0empow6k8\nwGjLJuf7npJ69O/shwBOnHmDS04QEu/MSjv1p495WgejYzoOBolMsZ4MgKXlGtua\nScEYba7RQzol+kByghFAWt6xKp2PVhMHRIM3gDdB3LR9EtOrGCN0TwsPgEvuUVMA\nAACBANlTTAHOr91H/6ar8o+Ixj2/1R9vzg9SY7FSikW7E1DI4kbiIwpRy+IC5t0g\n8yRuiqHAiutePu3oDab5Je544UGxdfduOUS+Z4OUb6K7Xy9a4cjFAjTPf2g2U4LH\n+/p6MhxtvwKVeeL4OwehMy38N/3xTh0F4d2pykRdDlqgXDerAAAAgQDos5pcbx/j\nT8ymKS+Wh/859uGfBl9w9HMeatuB0QLZV7Xm0QZ2Yr2EOwW14orBm/LQJ/ojHSV+\ndQaouZPIQ8yAA4YuPp+2ohxmNoZbUdv9ODT+oTrJncAuOk6JgF3AXZean00cU3Pb\nEDMCKLtirQHN5ObQ7kVirSm4Uh6fFeFumQAAAAAB\n-----END OPENSSH PRIVATE KEY-----\n",
            "private_key_pem": "-----BEGIN RSA PRIVATE KEY-----\nMIIEpAIBAAKCAQEAxYv1KlyRfICjA2mmZDMLY2f6le77l2RpOtnVsUAgrf0kz/vL\n6IsClApiOc/ebH7dDifk1D/Rzl6L6hIaAGRP2AeQKtnm90Lsx4ert+33AhyXVYxa\n79yAe4rjtYziP8KGYrVsZoEGm/H286Vf5zGqAPzO9EuZHxJSEkkLDhFLF6GUjSEe\nGQ1K2WoTgeDjMOkbCeBxyoAY0AnRMH7m1ZgQsgUoyP8pF58goLCV0ugI4LVIGfVR\nmFccVvlj7HWeIYqGghM5XDUH/AhlnZTYFIHnDBmvHH+Xn6tDgyBE2RBLWrXSNixw\nQLGsDXcRo2mREQSl4Hb9Po9uwz4JKaPka1O/MwIDAQABAoIBAQCWRhdj+DL8IObg\nq7fVtTbOkcR/1eIxkkKycA8s3Pl/IXildofxB/4YG6YJEGXE5uTF5fcetsWlVSre\nDpMVBTnvviEfV89o/NIeHsi0DCPAyXsdqr1qhbR/RnJeIyPhGNsdr6EcgL5EVtZj\nFcRUnOUUBzxvfiqnBkrEeigctW8IM530WjCkWLYZoCoIMriwACw4ERrH5GUAyXoq\n0kuIoXaB3gNK4tNLPLYid7Ujjzuc9bDMvvdux/ayBF9UY+psQby7vvhMh5tXmnqP\nCCQXMOidMWaOsS7UujBYRwhEnXxk+7LVoC4As50W233LJNR0IE2pTANRuNrHqbTA\nXEHDK2IhAoGBANlTTAHOr91H/6ar8o+Ixj2/1R9vzg9SY7FSikW7E1DI4kbiIwpR\ny+IC5t0g8yRuiqHAiutePu3oDab5Je544UGxdfduOUS+Z4OUb6K7Xy9a4cjFAjTP\nf2g2U4LH+/p6MhxtvwKVeeL4OwehMy38N/3xTh0F4d2pykRdDlqgXDerAoGBAOiz\nmlxvH+NPzKYpL5aH/zn24Z8GX3D0cx5q24HRAtlXtebRBnZivYQ7BbXiisGb8tAn\n+iMdJX51Bqi5k8hDzIADhi4+n7aiHGY2hltR2/04NP6hOsmdwC46TomAXcBdl5qf\nTRxTc9sQMwIou2KtAc3k5tDuRWKtKbhSHp8V4W6ZAoGAW5wbTB++Tn8NK0sMQqkb\nN+hnhIryx86pK5RpqR9E8ybbC5pDvxPf5/PlMY20MMVQNwMdDD58NHk/WAVqke3u\ntmyCF70k8u94XyTxMh3d7+5VgvZZCb32LQ3JgjWe6GUePpGclRBBgwW0jHDNTDMn\nvyo7DUzveysZklvPszAp72UCgYAfu4Y8Pqchj1s/+XPU2jzSwbjov6y6MYuVRUsj\nu8Xgr5ZNoIl6EWL4qjfQItF7L3IAMsNokGvxf7HlxlDByYUUm+ZrXfzXoemvgpX1\n1Abk1ApeAsyKe+meJDNbita+CcVHv5t7VmIBKIdcLwPGpAMP+bwEF8n8d9KtoP0u\nAoTYWQKBgQCR/bYi80SjJzOYCkWdSwuTyZkURKNXOWstXLR6amjDqTzAaMsm5/ue\nknr07+yHAE6ceYNLThAS78xKO/Wnj3laB6NjOg4GiUyxngyApeUa25pJwRhtrtFD\nOiX6QHKCEUBa3rEqnY9WEwdEgzeAN0HctH0S06sYI3RPCw+AS+5RUw==\n-----END RSA PRIVATE KEY-----\n",
            "private_key_pem_pkcs8": "-----BEGIN PRIVATE KEY-----\nMIIEvgIBADANBgkqhkiG9w0BAQEFAASCBKgwggSkAgEAAoIBAQDFi/UqXJF8gKMD\naaZkMwtjZ/qV7vuXZGk62dWxQCCt/STP+8voiwKUCmI5z95sft0OJ+TUP9HOXovq\nEhoAZE/YB5Aq2eb3QuzHh6u37fcCHJdVjFrv3IB7iuO1jOI/woZitWxmgQab8fbz\npV/nMaoA/M70S5kfElISSQsOEUsXoZSNIR4ZDUrZahOB4OMw6RsJ4HHKgBjQCdEw\nfubVmBCyBSjI/ykXnyCgsJXS6AjgtUgZ9VGYVxxW+WPsdZ4hioaCEzlcNQf8CGWd\nlNgUgecMGa8cf5efq0ODIETZEEtatdI2LHBAsawNdxGjaZERBKXgdv0+j27DPgkp\no+RrU78zAgMBAAECggEBAJZGF2P4Mvwg5uCrt9W1Ns6RxH/V4jGSQrJwDyzc+X8h\neKV2h/EH/hgbpgkQZcTm5MXl9x62xaVVKt4OkxUFOe++IR9Xz2j80h4eyLQMI8DJ\nex2qvWqFtH9Gcl4jI+EY2x2voRyAvkRW1mMVxFSc5RQHPG9+KqcGSsR6KBy1bwgz\nnfRaMKRYthmgKggyuLAALDgRGsfkZQDJeirSS4ihdoHeA0ri00s8tiJ3tSOPO5z1\nsMy+927H9rIEX1Rj6mxBvLu++EyHm1eaeo8IJBcw6J0xZo6xLtS6MFhHCESdfGT7\nstWgLgCznRbbfcsk1HQgTalMA1G42septMBcQcMrYiECgYEA2VNMAc6v3Uf/pqvy\nj4jGPb/VH2/OD1JjsVKKRbsTUMjiRuIjClHL4gLm3SDzJG6KocCK614+7egNpvkl\n7njhQbF19245RL5ng5RvortfL1rhyMUCNM9/aDZTgsf7+noyHG2/ApV54vg7B6Ez\nLfw3/fFOHQXh3anKRF0OWqBcN6sCgYEA6LOaXG8f40/Mpikvlof/OfbhnwZfcPRz\nHmrbgdEC2Ve15tEGdmK9hDsFteKKwZvy0Cf6Ix0lfnUGqLmTyEPMgAOGLj6ftqIc\nZjaGW1Hb/Tg0/qE6yZ3ALjpOiYBdwF2Xmp9NHFNz2xAzAii7Yq0BzeTm0O5FYq0p\nuFIenxXhbpkCgYBbnBtMH75Ofw0rSwxCqRs36GeEivLHzqkrlGmpH0TzJtsLmkO/\nE9/n8+UxjbQwxVA3Ax0MPnw0eT9YBWqR7e62bIIXvSTy73hfJPEyHd3v7lWC9lkJ\nvfYtDcmCNZ7oZR4+kZyVEEGDBbSMcM1MMye/KjsNTO97KxmSW8+zMCnvZQKBgB+7\nhjw+pyGPWz/5c9TaPNLBuOi/rLoxi5VFSyO7xeCvlk2giXoRYviqN9Ai0XsvcgAy\nw2iQa/F/seXGUMHJhRSb5mtd/Neh6a+ClfXUBuTUCl4CzIp76Z4kM1uK1r4JxUe/\nm3tWYgEoh1wvA8akAw/5vAQXyfx30q2g/S4ChNhZAoGBAJH9tiLzRKMnM5gKRZ1L\nC5PJmRREo1c5ay1ctHpqaMOpPMBoyybn+56SevTv7IcATpx5g0tOEBLvzEo79aeP\neVoHo2M6DgaJTLGeDICl5RrbmknBGG2u0UM6JfpAcoIRQFresSqdj1YTB0SDN4A3\nQdy0fRLTqxgjdE8LD4BL7lFT\n-----END PRIVATE KEY-----\n",
            "public_key_fingerprint_md5": "82:21:20:0f:98:f1:85:30:17:38:43:f7:fa:e7:3a:a4",
            "public_key_fingerprint_sha256": "SHA256:7FPKzOqJMvZAIbF88dzpqtBZmUuYmF36QMsyiIQTJsA",
            "public_key_openssh": "ssh-rsa AAAAB3NzaC1yc2EAAAADAQABAAABAQDFi/UqXJF8gKMDaaZkMwtjZ/qV7vuXZGk62dWxQCCt/STP+8voiwKUCmI5z95sft0OJ+TUP9HOXovqEhoAZE/YB5Aq2eb3QuzHh6u37fcCHJdVjFrv3IB7iuO1jOI/woZitWxmgQab8fbzpV/nMaoA/M70S5kfElISSQsOEUsXoZSNIR4ZDUrZahOB4OMw6RsJ4HHKgBjQCdEwfubVmBCyBSjI/ykXnyCgsJXS6AjgtUgZ9VGYVxxW+WPsdZ4hioaCEzlcNQf8CGWdlNgUgecMGa8cf5efq0ODIETZEEtatdI2LHBAsawNdxGjaZERBKXgdv0+j27DPgkpo+RrU78z\n",
            "public_key_pem": "-----BEGIN PUBLIC KEY-----\nMIIBIjANBgkqhkiG9w0BAQEFAAOCAQ8AMIIBCgKCAQEAxYv1KlyRfICjA2mmZDML\nY2f6le77l2RpOtnVsUAgrf0kz/vL6IsClApiOc/ebH7dDifk1D/Rzl6L6hIaAGRP\n2AeQKtnm90Lsx4ert+33AhyXVYxa79yAe4rjtYziP8KGYrVsZoEGm/H286Vf5zGq\nAPzO9EuZHxJSEkkLDhFLF6GUjSEeGQ1K2WoTgeDjMOkbCeBxyoAY0AnRMH7m1ZgQ\nsgUoyP8pF58goLCV0ugI4LVIGfVRmFccVvlj7HWeIYqGghM5XDUH/AhlnZTYFIHn\nDBmvHH+Xn6tDgyBE2RBLWrXSNixwQLGsDXcRo2mREQSl4Hb9Po9uwz4JKaPka1O/\nMwIDAQAB\n-----END PUBLIC KEY-----\n",
            "rsa_bits": 2048
          },
          "sensitive_attributes": [
            [
              {
                "type": "get_attr",
                "value": "private_key_pem_pkcs8"
              }
            ],
            [
              {
                "type": "get_attr",
                "value": "private_key_openssh"
              }
            ],
            [
              {
                "type": "get_attr",
                "value": "private_key_pem"
              }
            ]
          ]
        }
      ]
    },
    {
      "module": "module.vpn-client",
      "mode": "managed",
      "type": "tls_self_signed_cert",
      "name": "ca",
      "provider": "provider[\"registry.terraform.io/hashicorp/tls\"]",
      "instances": [
        {
          "schema_version": 0,
          "attributes": {
            "allowed_uses": [
              "cert_signing",
              "crl_signing"
            ],
            "cert_pem": "-----BEGIN CERTIFICATE-----\nMIIDSDCCAjCgAwIBAgIQeLyiV8FJlRXjdzt73/muTzANBgkqhkiG9w0BAQsFADA+\nMRcwFQYDVQQKEw5tbG9wcy1wbGF0Zm9ybTEjMCEGA1UEAxMabWxvcHMtcGxhdGZv\ncm0ucHJvZC52cG4uY2EwHhcNMjQxMDE3MTk1MjQ2WhcNMzQxMDE1MTk1MjQ2WjA+\nMRcwFQYDVQQKEw5tbG9wcy1wbGF0Zm9ybTEjMCEGA1UEAxMabWxvcHMtcGxhdGZv\ncm0ucHJvZC52cG4uY2EwggEiMA0GCSqGSIb3DQEBAQUAA4IBDwAwggEKAoIBAQCy\nJsTQzcXsUv9hSfvvtL5hyavek2fO3pX+7XQbit+qzUCJufskZvNlRX2j2RJUyE8d\nL7SgIgi0wjB1b+yroyUjuKsfvxjecDiuAc40Cl/XPIVk+pzDxu41URO6stunEBQ+\n0dr4cC/Ll5oGf3YaIavGvlGb3A3k53BMSRuqakhUqjnds67BxFkZROzFTJsv2Sjv\nzxYycISgfLN4JhQVaLi3OIKJUm+8IgzyT6xApn+NcrLQ05PqJO8UyCsQizlpGS8A\nHCMNVN4XzEt4NvgkddESxocPAHnynynWSaETpwd83LzKkeiQ/EWYKOIh81Hod47+\nI6XTszEuJYA4elrYlrshAgMBAAGjQjBAMA4GA1UdDwEB/wQEAwIBBjAPBgNVHRMB\nAf8EBTADAQH/MB0GA1UdDgQWBBRLE/GAhlP66L9QKhtkkmGPejLlsDANBgkqhkiG\n9w0BAQsFAAOCAQEApB+ODhUUho8gbUzYQZVa5u0wFFE1HWWpclQ5JCPuDPt2ZIpC\nxjrAalTOhOTimt5wJMKEAnk2D1ppd6uOyyA6OkIg8sbKs6Zym1rJEBS/I1IG8tkL\niti6Lo7AC4e0v46TNiH5fXjm+4KLP1twzi0fXkgfoioS4XZVZiWhZc/FJxUxOnMj\nZ3bzDW5I70vFWyg0uNk5nsU3aXugeHmY+KimAVqSGTRM/oLZBZ7hzUOmnUuEuwgq\n0FYNoiRZvt7aPbg3WF5KtaOvB4X4+AGqbxyig/YBWikk7PK8zEsYbTMbwmLo0hcW\nhpRdgjinkXRaECvIsuTnPnvqWI05mR/az54L7Q==\n-----END CERTIFICATE-----\n",
            "dns_names": null,
            "early_renewal_hours": 0,
            "id": "160486804006619945170956304727303368271",
            "ip_addresses": null,
            "is_ca_certificate": true,
            "key_algorithm": "RSA",
            "private_key_pem": "-----BEGIN RSA PRIVATE KEY-----\nMIIEowIBAAKCAQEAsibE0M3F7FL/YUn777S+Ycmr3pNnzt6V/u10G4rfqs1Aibn7\nJGbzZUV9o9kSVMhPHS+0oCIItMIwdW/sq6MlI7irH78Y3nA4rgHONApf1zyFZPqc\nw8buNVETurLbpxAUPtHa+HAvy5eaBn92GiGrxr5Rm9wN5OdwTEkbqmpIVKo53bOu\nwcRZGUTsxUybL9ko788WMnCEoHyzeCYUFWi4tziCiVJvvCIM8k+sQKZ/jXKy0NOT\n6iTvFMgrEIs5aRkvABwjDVTeF8xLeDb4JHXREsaHDwB58p8p1kmhE6cHfNy8ypHo\nkPxFmCjiIfNR6HeO/iOl07MxLiWAOHpa2Ja7IQIDAQABAoIBAFOQdd+PthhNMjdb\ncc6VlHvgEjtcH2Rc6jTjAwRsVtASaQRxdYk0tVS6jN2PU9brApkpKGu4qybGs95S\nOsyjwScJV1OT2sF0GFIezK+CckROwi+EkoYOyOu/dSatAPVTSHvTCghg7zpriTcl\nEKvfQWj/Gt6mEOpfWUCfRlfgdL8pNSkZbB3qYNBm39KN5rS/C2XQY0d+Hcz5Zjf8\n5CikHyP8vRSOPx1ad6wk3ozlFK8v5amzOtYUIDYDrfiYOGxK71EBznow5PUvxnF/\nL2o02o/NhoxS9aKg8QOm/iA4hIj/mGGEPX3YxJouYy5dyuibg4qvcgdUB+/jUrs8\n6LCBNQECgYEAyCsLdKhBmQBvPXWo/lWEvQyJtWq7waSLS1JLqc0BiGly5pl8BLwI\nD5SZkI2OH83iOSbWf7SUFDgL0GddDJiiYkysBmLne+6dFfK0F+t7ZHNwiYvOTwHH\nFFLeM8CWm+++1+ZByZYTcsqvVOKknmRsWyhm87bcrNv8Bj/gZC5dlBECgYEA49eg\ng4WKhba4lg7gmihaf9mt6gVHAl11P5jscXtXRsET0l9Inh5oxv1jrOkeo9Dyl78u\n7pt891MwZECEWW32NRrkJTF5OV8VR6YGgvmHFqJRBAjGgiJ2tB3dLzk1tHr8hafw\n0+fcq3A0kAOdeFg2PQ1MmYonhqUgzV4ksb3vhhECgYBsxA7+farfU4Aemj+Qq7Fr\n9FMjs/J//0P9UqNwicfqcroPmZjtDasnpCxpgrGWkI37ViI51EqeTfIFdRT3kjyy\nQ006TyXPjtHmqjG3yaoL5DpjUwdwoNunLHw3DNAJvZUqxaA7xIOe3Ym2C00+D/1c\n7zA5/8QbXZGtZ6orZZJNsQKBgCFEXaJ2gChP6pm2aGL522TpgrQ1uw2EWddEW9mh\n+bdR/7Pqx66WoBPV8ZTQoPGoU5OGjbK3L0LpeZpZtTldjeJpH8CyfZG76V6Bxlef\nWXMblhqxsVJU9+IKrj3z63yDrJVTVR2LsDOz+WjBrl9g+eJmK7YLbwQA3k4+Hbt6\nERwRAoGBAJCkBa2GScDITCPsjEF2RxojYtrAg48AP2H2kWm+I2CAOJOqBS9ERQmb\n4kYwZdcFIBFTKfrl6nz3oh5sPa3PMwoCqnm73MapZzjSjiqrRi11BrMKghpu5LCz\n5aIIic9XQuHVfMVef4HgwEVs45jHgOBsEQXZ20cvntMzCpuK7ByZ\n-----END RSA PRIVATE KEY-----\n",
            "ready_for_renewal": false,
            "set_authority_key_id": false,
            "set_subject_key_id": false,
            "subject": [
              {
                "common_name": "mlops-platform.prod.vpn.ca",
                "country": null,
                "locality": null,
                "organization": "mlops-platform",
                "organizational_unit": null,
                "postal_code": null,
                "province": null,
                "serial_number": null,
                "street_address": null
              }
            ],
            "uris": null,
            "validity_end_time": "2034-10-15T20:52:46.69655205+01:00",
            "validity_period_hours": 87600,
            "validity_start_time": "2024-10-17T20:52:46.69655205+01:00"
          },
          "sensitive_attributes": [
            [
              {
                "type": "get_attr",
                "value": "private_key_pem"
              }
            ]
          ],
          "dependencies": [
            "module.vpn-client.tls_private_key.ca"
          ]
        }
      ]
    }
  ],
  "check_results": null
}
